
Microsoft Visual Studio Solution File, Format Version 12.00
# Visual Studio 2013
VisualStudioVersion = 12.0.40629.0
MinimumVisualStudioVersion = 10.0.40219.1
Project("{2150E333-8FDC-42A3-9474-1A3956D46DE8}") = "Common", "Common", "{3B75285B-04BE-459A-A796-F718A5520E3E}"
EndProject
Project("{FAE04EC0-301F-11D3-BF4B-00C04F79EFBC}") = "CommonAction", "Common\CommonFunction\CommonAction\CommonAction.csproj", "{F1A76884-BCB3-4F16-9847-0E04E6F8B233}"
EndProject
Project("{FAE04EC0-301F-11D3-BF4B-00C04F79EFBC}") = "CommonBusiness", "Common\CommonFunction\CommonBusiness\CommonBusiness.csproj", "{6905A2C8-1405-4F4B-9396-DDC0BA797B37}"
EndProject
Project("{FAE04EC0-301F-11D3-BF4B-00C04F79EFBC}") = "CommonDao", "Common\CommonFunction\CommonDao\CommonDao.csproj", "{87D896CE-1F7D-4548-8017-A9A709E6DF33}"
EndProject
Project("{FAE04EC0-301F-11D3-BF4B-00C04F79EFBC}") = "DataAccessLayer", "Common\DataAccessLayer\DataAccessLayer.csproj", "{A52DD431-11A8-4F59-BA41-706D2A0DB1A2}"
EndProject
Project("{FAE04EC0-301F-11D3-BF4B-00C04F79EFBC}") = "DataSetHelper", "Common\DataSetHelper\DataSetHelper.csproj", "{F5512494-DC59-4EA6-A4F9-B268EE59F1D6}"
EndProject
Project("{2150E333-8FDC-42A3-9474-1A3956D46DE8}") = "Server", "Server", "{19573385-247A-4CF4-8D80-526FD9A6AC1A}"
EndProject
Project("{2150E333-8FDC-42A3-9474-1A3956D46DE8}") = "ClientFrameWork", "ClientFrameWork", "{EB9F7F6E-C7AA-4FDA-9512-B6F8D63A8B4C}"
EndProject
Project("{FAE04EC0-301F-11D3-BF4B-00C04F79EFBC}") = "Server.ClientFramework.Action", "Server\ClientFrameWork\ClientFrameworkAction\Server.ClientFramework.Action.csproj", "{F59684A7-E821-4C77-8669-B01FD8450810}"
EndProject
Project("{FAE04EC0-301F-11D3-BF4B-00C04F79EFBC}") = "Server.ClientFramework.Common", "Server\ClientFrameWork\Common\Server.ClientFramework.Common.csproj", "{F0BDF556-F79E-4164-9246-D9D51F3793B2}"
EndProject
Project("{2150E333-8FDC-42A3-9474-1A3956D46DE8}") = "Oam", "Oam", "{C7DD646F-B884-40CF-8346-E59A244D8D7B}"
EndProject
Project("{FAE04EC0-301F-11D3-BF4B-00C04F79EFBC}") = "Server.Business.Oam", "Server\Oam\Business\Server.Business.Oam.csproj", "{8B8777E9-C077-4AB8-B695-22C89901C3B3}"
EndProject
Project("{FAE04EC0-301F-11D3-BF4B-00C04F79EFBC}") = "Server.Dao.Oam", "Server\Oam\DAO\Server.Dao.Oam.csproj", "{B13F9ED1-61D2-464D-A45C-71F20020B057}"
EndProject
Project("{FAE04EC0-301F-11D3-BF4B-00C04F79EFBC}") = "Server.OamAction", "Server\Oam\OamAction\Server.OamAction.csproj", "{A0FA8576-58C3-4913-94BD-A43E5FFA4F6D}"
EndProject
Project("{2150E333-8FDC-42A3-9474-1A3956D46DE8}") = "QC", "QC", "{8EEAB835-5D89-4643-8354-A92394104175}"
EndProject
Project("{FAE04EC0-301F-11D3-BF4B-00C04F79EFBC}") = "QualityControlAction", "Server\QualityControl\Action\QualityControlAction.csproj", "{B42E5A89-5EF1-4009-A04A-512C757A11DD}"
EndProject
Project("{FAE04EC0-301F-11D3-BF4B-00C04F79EFBC}") = "QualityControlBusiness", "Server\QualityControl\Business\QualityControlBusiness.csproj", "{FC34264E-8342-432A-BDC9-58B12D759EAD}"
EndProject
Project("{FAE04EC0-301F-11D3-BF4B-00C04F79EFBC}") = "QualityControlDAO", "Server\QualityControl\DAO\QualityControlDAO.csproj", "{5716F201-4761-41DC-9AE9-C74E4365BE7C}"
EndProject
Project("{2150E333-8FDC-42A3-9474-1A3956D46DE8}") = "Report", "Report", "{E3D42925-2BB6-44A3-81FA-B13602F9A243}"
EndProject
Project("{FAE04EC0-301F-11D3-BF4B-00C04F79EFBC}") = "Server.ReportCommon", "Server\Report\ReportCommon\Server.ReportCommon.csproj", "{E414853E-945E-4E91-B730-76DB1D870070}"
EndProject
Project("{FAE04EC0-301F-11D3-BF4B-00C04F79EFBC}") = "Server.ReportDAO", "Server\Report\ReportDAO\Server.ReportDAO.csproj", "{2C12A4EF-D60F-4408-823D-E92DFB6A0232}"
EndProject
Project("{2150E333-8FDC-42A3-9474-1A3956D46DE8}") = "Server.Utilities", "Server.Utilities", "{A627D885-DA67-4FE0-9EA9-418E692D6BF9}"
EndProject
Project("{2150E333-8FDC-42A3-9474-1A3956D46DE8}") = "Template", "Template", "{F556BDF1-2FDB-4FB8-9761-11F0C8F2EA46}"
EndProject
Project("{FAE04EC0-301F-11D3-BF4B-00C04F79EFBC}") = "Template.Action", "Server\Template\TemplateAction\Template.Action.csproj", "{271DCEB9-E430-409B-B788-7D780D6CF264}"
EndProject
Project("{FAE04EC0-301F-11D3-BF4B-00C04F79EFBC}") = "Template.Business", "Server\Template\Business\Template.Business.csproj", "{A2F8DE2A-3609-4F9D-B50E-E2375E98606C}"
EndProject
Project("{FAE04EC0-301F-11D3-BF4B-00C04F79EFBC}") = "Template.Dao", "Server\Template\DAO\Template.Dao.csproj", "{F21EFB12-1265-4511-AECE-5996C1535552}"
EndProject
Project("{FAE04EC0-301F-11D3-BF4B-00C04F79EFBC}") = "CommonGlobalSettings", "Common\Common.GlobalSettings\CommonGlobalSettings.csproj", "{B08B8253-744A-4C76-A1A7-264704D352F5}"
EndProject
Project("{FAE04EC0-301F-11D3-BF4B-00C04F79EFBC}") = "Common.ParserUtil", "Common\Common.ParserUtil\Common.ParserUtil.csproj", "{E9258318-30F4-4523-ACEE-B98E7060EAA8}"
EndProject
Project("{FAE04EC0-301F-11D3-BF4B-00C04F79EFBC}") = "LogServer", "Common\LogServer\LogServer.csproj", "{14198E0B-98A6-4D3E-818A-BB96F2EE32E9}"
EndProject
Project("{FAE04EC0-301F-11D3-BF4B-00C04F79EFBC}") = "RISLog", "Common\RISLog\RISLog.csproj", "{41A89D1B-2DA6-4CCB-9538-90041A4F2F21}"
EndProject
Project("{FAE04EC0-301F-11D3-BF4B-00C04F79EFBC}") = "Server.ClientFrame.WorkBusiness", "Server\ClientFrameWork\Business\Server.ClientFrame.WorkBusiness.csproj", "{8EFC1778-3BE6-4261-9640-75501A733E16}"
EndProject
Project("{FAE04EC0-301F-11D3-BF4B-00C04F79EFBC}") = "Server.DAO.ClientFramework", "Server\ClientFrameWork\DAO\Server.DAO.ClientFramework.csproj", "{B52B060E-A498-4109-9B0C-E3034935DF9C}"
EndProject
Project("{FAE04EC0-301F-11D3-BF4B-00C04F79EFBC}") = "Server.Utilities.Oam", "Server\Oam\Utilities\Server.Utilities.Oam.csproj", "{6BBA5762-A79D-4D90-8140-58FC0706F577}"
EndProject
Project("{FAE04EC0-301F-11D3-BF4B-00C04F79EFBC}") = "Server.Utilities", "Server\Utilities\Server.Utilities.csproj", "{F92A4D11-56AE-4B01-B9A8-82A5EDAD0BB8}"
EndProject
Global
	GlobalSection(SolutionConfigurationPlatforms) = preSolution
		Debug|Any CPU = Debug|Any CPU
		Release|Any CPU = Release|Any CPU
	EndGlobalSection
	GlobalSection(ProjectConfigurationPlatforms) = postSolution
		{F1A76884-BCB3-4F16-9847-0E04E6F8B233}.Debug|Any CPU.ActiveCfg = Debug|Any CPU
		{F1A76884-BCB3-4F16-9847-0E04E6F8B233}.Debug|Any CPU.Build.0 = Debug|Any CPU
		{F1A76884-BCB3-4F16-9847-0E04E6F8B233}.Release|Any CPU.ActiveCfg = Release|Any CPU
		{F1A76884-BCB3-4F16-9847-0E04E6F8B233}.Release|Any CPU.Build.0 = Release|Any CPU
		{6905A2C8-1405-4F4B-9396-DDC0BA797B37}.Debug|Any CPU.ActiveCfg = Debug|Any CPU
		{6905A2C8-1405-4F4B-9396-DDC0BA797B37}.Debug|Any CPU.Build.0 = Debug|Any CPU
		{6905A2C8-1405-4F4B-9396-DDC0BA797B37}.Release|Any CPU.ActiveCfg = Release|Any CPU
		{6905A2C8-1405-4F4B-9396-DDC0BA797B37}.Release|Any CPU.Build.0 = Release|Any CPU
		{87D896CE-1F7D-4548-8017-A9A709E6DF33}.Debug|Any CPU.ActiveCfg = Debug|Any CPU
		{87D896CE-1F7D-4548-8017-A9A709E6DF33}.Debug|Any CPU.Build.0 = Debug|Any CPU
		{87D896CE-1F7D-4548-8017-A9A709E6DF33}.Release|Any CPU.ActiveCfg = Release|Any CPU
		{87D896CE-1F7D-4548-8017-A9A709E6DF33}.Release|Any CPU.Build.0 = Release|Any CPU
		{A52DD431-11A8-4F59-BA41-706D2A0DB1A2}.Debug|Any CPU.ActiveCfg = Debug|Any CPU
		{A52DD431-11A8-4F59-BA41-706D2A0DB1A2}.Debug|Any CPU.Build.0 = Debug|Any CPU
		{A52DD431-11A8-4F59-BA41-706D2A0DB1A2}.Release|Any CPU.ActiveCfg = Release|Any CPU
		{A52DD431-11A8-4F59-BA41-706D2A0DB1A2}.Release|Any CPU.Build.0 = Release|Any CPU
		{F5512494-DC59-4EA6-A4F9-B268EE59F1D6}.Debug|Any CPU.ActiveCfg = Debug|Any CPU
		{F5512494-DC59-4EA6-A4F9-B268EE59F1D6}.Debug|Any CPU.Build.0 = Debug|Any CPU
		{F5512494-DC59-4EA6-A4F9-B268EE59F1D6}.Release|Any CPU.ActiveCfg = Release|Any CPU
		{F5512494-DC59-4EA6-A4F9-B268EE59F1D6}.Release|Any CPU.Build.0 = Release|Any CPU
		{F59684A7-E821-4C77-8669-B01FD8450810}.Debug|Any CPU.ActiveCfg = Debug|Any CPU
		{F59684A7-E821-4C77-8669-B01FD8450810}.Debug|Any CPU.Build.0 = Debug|Any CPU
		{F59684A7-E821-4C77-8669-B01FD8450810}.Release|Any CPU.ActiveCfg = Release|Any CPU
		{F59684A7-E821-4C77-8669-B01FD8450810}.Release|Any CPU.Build.0 = Release|Any CPU
		{F0BDF556-F79E-4164-9246-D9D51F3793B2}.Debug|Any CPU.ActiveCfg = Debug|Any CPU
		{F0BDF556-F79E-4164-9246-D9D51F3793B2}.Debug|Any CPU.Build.0 = Debug|Any CPU
		{F0BDF556-F79E-4164-9246-D9D51F3793B2}.Release|Any CPU.ActiveCfg = Release|Any CPU
		{F0BDF556-F79E-4164-9246-D9D51F3793B2}.Release|Any CPU.Build.0 = Release|Any CPU
		{8B8777E9-C077-4AB8-B695-22C89901C3B3}.Debug|Any CPU.ActiveCfg = Debug|Any CPU
		{8B8777E9-C077-4AB8-B695-22C89901C3B3}.Debug|Any CPU.Build.0 = Debug|Any CPU
		{8B8777E9-C077-4AB8-B695-22C89901C3B3}.Release|Any CPU.ActiveCfg = Release|Any CPU
		{8B8777E9-C077-4AB8-B695-22C89901C3B3}.Release|Any CPU.Build.0 = Release|Any CPU
		{B13F9ED1-61D2-464D-A45C-71F20020B057}.Debug|Any CPU.ActiveCfg = Debug|Any CPU
		{B13F9ED1-61D2-464D-A45C-71F20020B057}.Debug|Any CPU.Build.0 = Debug|Any CPU
		{B13F9ED1-61D2-464D-A45C-71F20020B057}.Release|Any CPU.ActiveCfg = Release|Any CPU
		{B13F9ED1-61D2-464D-A45C-71F20020B057}.Release|Any CPU.Build.0 = Release|Any CPU
		{A0FA8576-58C3-4913-94BD-A43E5FFA4F6D}.Debug|Any CPU.ActiveCfg = Debug|Any CPU
		{A0FA8576-58C3-4913-94BD-A43E5FFA4F6D}.Debug|Any CPU.Build.0 = Debug|Any CPU
		{A0FA8576-58C3-4913-94BD-A43E5FFA4F6D}.Release|Any CPU.ActiveCfg = Release|Any CPU
		{A0FA8576-58C3-4913-94BD-A43E5FFA4F6D}.Release|Any CPU.Build.0 = Release|Any CPU
		{B42E5A89-5EF1-4009-A04A-512C757A11DD}.Debug|Any CPU.ActiveCfg = Debug|Any CPU
		{B42E5A89-5EF1-4009-A04A-512C757A11DD}.Debug|Any CPU.Build.0 = Debug|Any CPU
		{B42E5A89-5EF1-4009-A04A-512C757A11DD}.Release|Any CPU.ActiveCfg = Release|Any CPU
		{B42E5A89-5EF1-4009-A04A-512C757A11DD}.Release|Any CPU.Build.0 = Release|Any CPU
		{FC34264E-8342-432A-BDC9-58B12D759EAD}.Debug|Any CPU.ActiveCfg = Debug|Any CPU
		{FC34264E-8342-432A-BDC9-58B12D759EAD}.Debug|Any CPU.Build.0 = Debug|Any CPU
		{FC34264E-8342-432A-BDC9-58B12D759EAD}.Release|Any CPU.ActiveCfg = Release|Any CPU
		{FC34264E-8342-432A-BDC9-58B12D759EAD}.Release|Any CPU.Build.0 = Release|Any CPU
		{5716F201-4761-41DC-9AE9-C74E4365BE7C}.Debug|Any CPU.ActiveCfg = Debug|Any CPU
		{5716F201-4761-41DC-9AE9-C74E4365BE7C}.Debug|Any CPU.Build.0 = Debug|Any CPU
		{5716F201-4761-41DC-9AE9-C74E4365BE7C}.Release|Any CPU.ActiveCfg = Release|Any CPU
		{5716F201-4761-41DC-9AE9-C74E4365BE7C}.Release|Any CPU.Build.0 = Release|Any CPU
		{E414853E-945E-4E91-B730-76DB1D870070}.Debug|Any CPU.ActiveCfg = Debug|Any CPU
		{E414853E-945E-4E91-B730-76DB1D870070}.Debug|Any CPU.Build.0 = Debug|Any CPU
		{E414853E-945E-4E91-B730-76DB1D870070}.Release|Any CPU.ActiveCfg = Release|Any CPU
		{E414853E-945E-4E91-B730-76DB1D870070}.Release|Any CPU.Build.0 = Release|Any CPU
		{2C12A4EF-D60F-4408-823D-E92DFB6A0232}.Debug|Any CPU.ActiveCfg = Debug|Any CPU
		{2C12A4EF-D60F-4408-823D-E92DFB6A0232}.Debug|Any CPU.Build.0 = Debug|Any CPU
		{2C12A4EF-D60F-4408-823D-E92DFB6A0232}.Release|Any CPU.ActiveCfg = Release|Any CPU
		{2C12A4EF-D60F-4408-823D-E92DFB6A0232}.Release|Any CPU.Build.0 = Release|Any CPU
		{271DCEB9-E430-409B-B788-7D780D6CF264}.Debug|Any CPU.ActiveCfg = Debug|Any CPU
		{271DCEB9-E430-409B-B788-7D780D6CF264}.Debug|Any CPU.Build.0 = Debug|Any CPU
		{271DCEB9-E430-409B-B788-7D780D6CF264}.Release|Any CPU.ActiveCfg = Release|Any CPU
		{271DCEB9-E430-409B-B788-7D780D6CF264}.Release|Any CPU.Build.0 = Release|Any CPU
		{A2F8DE2A-3609-4F9D-B50E-E2375E98606C}.Debug|Any CPU.ActiveCfg = Debug|Any CPU
		{A2F8DE2A-3609-4F9D-B50E-E2375E98606C}.Debug|Any CPU.Build.0 = Debug|Any CPU
		{A2F8DE2A-3609-4F9D-B50E-E2375E98606C}.Release|Any CPU.ActiveCfg = Release|Any CPU
		{A2F8DE2A-3609-4F9D-B50E-E2375E98606C}.Release|Any CPU.Build.0 = Release|Any CPU
		{F21EFB12-1265-4511-AECE-5996C1535552}.Debug|Any CPU.ActiveCfg = Debug|Any CPU
		{F21EFB12-1265-4511-AECE-5996C1535552}.Debug|Any CPU.Build.0 = Debug|Any CPU
		{F21EFB12-1265-4511-AECE-5996C1535552}.Release|Any CPU.ActiveCfg = Release|Any CPU
		{F21EFB12-1265-4511-AECE-5996C1535552}.Release|Any CPU.Build.0 = Release|Any CPU
		{B08B8253-744A-4C76-A1A7-264704D352F5}.Debug|Any CPU.ActiveCfg = Debug|Any CPU
		{B08B8253-744A-4C76-A1A7-264704D352F5}.Debug|Any CPU.Build.0 = Debug|Any CPU
		{B08B8253-744A-4C76-A1A7-264704D352F5}.Release|Any CPU.ActiveCfg = Release|Any CPU
		{B08B8253-744A-4C76-A1A7-264704D352F5}.Release|Any CPU.Build.0 = Release|Any CPU
		{E9258318-30F4-4523-ACEE-B98E7060EAA8}.Debug|Any CPU.ActiveCfg = Debug|Any CPU
		{E9258318-30F4-4523-ACEE-B98E7060EAA8}.Debug|Any CPU.Build.0 = Debug|Any CPU
		{E9258318-30F4-4523-ACEE-B98E7060EAA8}.Release|Any CPU.ActiveCfg = Release|Any CPU
		{E9258318-30F4-4523-ACEE-B98E7060EAA8}.Release|Any CPU.Build.0 = Release|Any CPU
		{14198E0B-98A6-4D3E-818A-BB96F2EE32E9}.Debug|Any CPU.ActiveCfg = Debug|Any CPU
		{14198E0B-98A6-4D3E-818A-BB96F2EE32E9}.Debug|Any CPU.Build.0 = Debug|Any CPU
		{14198E0B-98A6-4D3E-818A-BB96F2EE32E9}.Release|Any CPU.ActiveCfg = Release|Any CPU
		{14198E0B-98A6-4D3E-818A-BB96F2EE32E9}.Release|Any CPU.Build.0 = Release|Any CPU
		{41A89D1B-2DA6-4CCB-9538-90041A4F2F21}.Debug|Any CPU.ActiveCfg = Debug|Any CPU
		{41A89D1B-2DA6-4CCB-9538-90041A4F2F21}.Debug|Any CPU.Build.0 = Debug|Any CPU
		{41A89D1B-2DA6-4CCB-9538-90041A4F2F21}.Release|Any CPU.ActiveCfg = Release|Any CPU
		{41A89D1B-2DA6-4CCB-9538-90041A4F2F21}.Release|Any CPU.Build.0 = Release|Any CPU
		{8EFC1778-3BE6-4261-9640-75501A733E16}.Debug|Any CPU.ActiveCfg = Debug|Any CPU
		{8EFC1778-3BE6-4261-9640-75501A733E16}.Debug|Any CPU.Build.0 = Debug|Any CPU
		{8EFC1778-3BE6-4261-9640-75501A733E16}.Release|Any CPU.ActiveCfg = Release|Any CPU
		{8EFC1778-3BE6-4261-9640-75501A733E16}.Release|Any CPU.Build.0 = Release|Any CPU
		{B52B060E-A498-4109-9B0C-E3034935DF9C}.Debug|Any CPU.ActiveCfg = Debug|Any CPU
		{B52B060E-A498-4109-9B0C-E3034935DF9C}.Debug|Any CPU.Build.0 = Debug|Any CPU
		{B52B060E-A498-4109-9B0C-E3034935DF9C}.Release|Any CPU.ActiveCfg = Release|Any CPU
		{B52B060E-A498-4109-9B0C-E3034935DF9C}.Release|Any CPU.Build.0 = Release|Any CPU
		{6BBA5762-A79D-4D90-8140-58FC0706F577}.Debug|Any CPU.ActiveCfg = Debug|Any CPU
		{6BBA5762-A79D-4D90-8140-58FC0706F577}.Debug|Any CPU.Build.0 = Debug|Any CPU
		{6BBA5762-A79D-4D90-8140-58FC0706F577}.Release|Any CPU.ActiveCfg = Release|Any CPU
		{6BBA5762-A79D-4D90-8140-58FC0706F577}.Release|Any CPU.Build.0 = Release|Any CPU
		{F92A4D11-56AE-4B01-B9A8-82A5EDAD0BB8}.Debug|Any CPU.ActiveCfg = Debug|Any CPU
		{F92A4D11-56AE-4B01-B9A8-82A5EDAD0BB8}.Debug|Any CPU.Build.0 = Debug|Any CPU
		{F92A4D11-56AE-4B01-B9A8-82A5EDAD0BB8}.Release|Any CPU.ActiveCfg = Release|Any CPU
		{F92A4D11-56AE-4B01-B9A8-82A5EDAD0BB8}.Release|Any CPU.Build.0 = Release|Any CPU
	EndGlobalSection
	GlobalSection(SolutionProperties) = preSolution
		HideSolutionNode = FALSE
	EndGlobalSection
	GlobalSection(NestedProjects) = preSolution
		{F1A76884-BCB3-4F16-9847-0E04E6F8B233} = {3B75285B-04BE-459A-A796-F718A5520E3E}
		{6905A2C8-1405-4F4B-9396-DDC0BA797B37} = {3B75285B-04BE-459A-A796-F718A5520E3E}
		{87D896CE-1F7D-4548-8017-A9A709E6DF33} = {3B75285B-04BE-459A-A796-F718A5520E3E}
		{A52DD431-11A8-4F59-BA41-706D2A0DB1A2} = {3B75285B-04BE-459A-A796-F718A5520E3E}
		{F5512494-DC59-4EA6-A4F9-B268EE59F1D6} = {3B75285B-04BE-459A-A796-F718A5520E3E}
		{EB9F7F6E-C7AA-4FDA-9512-B6F8D63A8B4C} = {19573385-247A-4CF4-8D80-526FD9A6AC1A}
		{F59684A7-E821-4C77-8669-B01FD8450810} = {EB9F7F6E-C7AA-4FDA-9512-B6F8D63A8B4C}
		{F0BDF556-F79E-4164-9246-D9D51F3793B2} = {EB9F7F6E-C7AA-4FDA-9512-B6F8D63A8B4C}
		{C7DD646F-B884-40CF-8346-E59A244D8D7B} = {19573385-247A-4CF4-8D80-526FD9A6AC1A}
		{8B8777E9-C077-4AB8-B695-22C89901C3B3} = {C7DD646F-B884-40CF-8346-E59A244D8D7B}
		{B13F9ED1-61D2-464D-A45C-71F20020B057} = {C7DD646F-B884-40CF-8346-E59A244D8D7B}
		{A0FA8576-58C3-4913-94BD-A43E5FFA4F6D} = {C7DD646F-B884-40CF-8346-E59A244D8D7B}
		{8EEAB835-5D89-4643-8354-A92394104175} = {19573385-247A-4CF4-8D80-526FD9A6AC1A}
		{B42E5A89-5EF1-4009-A04A-512C757A11DD} = {8EEAB835-5D89-4643-8354-A92394104175}
		{FC34264E-8342-432A-BDC9-58B12D759EAD} = {8EEAB835-5D89-4643-8354-A92394104175}
		{5716F201-4761-41DC-9AE9-C74E4365BE7C} = {8EEAB835-5D89-4643-8354-A92394104175}
		{E3D42925-2BB6-44A3-81FA-B13602F9A243} = {19573385-247A-4CF4-8D80-526FD9A6AC1A}
		{E414853E-945E-4E91-B730-76DB1D870070} = {E3D42925-2BB6-44A3-81FA-B13602F9A243}
		{2C12A4EF-D60F-4408-823D-E92DFB6A0232} = {E3D42925-2BB6-44A3-81FA-B13602F9A243}
		{A627D885-DA67-4FE0-9EA9-418E692D6BF9} = {19573385-247A-4CF4-8D80-526FD9A6AC1A}
		{F556BDF1-2FDB-4FB8-9761-11F0C8F2EA46} = {19573385-247A-4CF4-8D80-526FD9A6AC1A}
		{271DCEB9-E430-409B-B788-7D780D6CF264} = {F556BDF1-2FDB-4FB8-9761-11F0C8F2EA46}
		{A2F8DE2A-3609-4F9D-B50E-E2375E98606C} = {F556BDF1-2FDB-4FB8-9761-11F0C8F2EA46}
		{F21EFB12-1265-4511-AECE-5996C1535552} = {F556BDF1-2FDB-4FB8-9761-11F0C8F2EA46}
		{B08B8253-744A-4C76-A1A7-264704D352F5} = {3B75285B-04BE-459A-A796-F718A5520E3E}
		{E9258318-30F4-4523-ACEE-B98E7060EAA8} = {3B75285B-04BE-459A-A796-F718A5520E3E}
		{14198E0B-98A6-4D3E-818A-BB96F2EE32E9} = {3B75285B-04BE-459A-A796-F718A5520E3E}
		{41A89D1B-2DA6-4CCB-9538-90041A4F2F21} = {3B75285B-04BE-459A-A796-F718A5520E3E}
		{8EFC1778-3BE6-4261-9640-75501A733E16} = {EB9F7F6E-C7AA-4FDA-9512-B6F8D63A8B4C}
		{B52B060E-A498-4109-9B0C-E3034935DF9C} = {EB9F7F6E-C7AA-4FDA-9512-B6F8D63A8B4C}
		{6BBA5762-A79D-4D90-8140-58FC0706F577} = {C7DD646F-B884-40CF-8346-E59A244D8D7B}
		{F92A4D11-56AE-4B01-B9A8-82A5EDAD0BB8} = {A627D885-DA67-4FE0-9EA9-418E692D6BF9}
	EndGlobalSection
EndGlobal
