
Microsoft Visual Studio Solution File, Format Version 12.00
# Visual Studio 2013
VisualStudioVersion = 12.0.40629.0
MinimumVisualStudioVersion = 10.0.40219.1
Project("{2150E333-8FDC-42A3-9474-1A3956D46DE8}") = ".nuget", ".nuget", "{78B1614D-7747-447B-9CAC-C2BD80BA37A5}"
	ProjectSection(SolutionItems) = preProject
		.nuget\NuGet.Config = .nuget\NuGet.Config
		.nuget\NuGet.exe = .nuget\NuGet.exe
		.nuget\NuGet.targets = .nuget\NuGet.targets
	EndProjectSection
EndProject
Project("{FAE04EC0-301F-11D3-BF4B-00C04F79EFBC}") = "Hys.CareAgent.Common", "Hys.CareAgent.Common\Hys.CareAgent.Common.csproj", "{1867338C-C8C7-471C-9078-D5C4B0E8BD4F}"
EndProject
Project("{FAE04EC0-301F-11D3-BF4B-00C04F79EFBC}") = "Hys.CareAgent.DAP", "Hys.CareAgent.DAP\Hys.CareAgent.DAP.csproj", "{977E08A1-CF9F-41B3-B1CC-9F7BB9A319DD}"
EndProject
Project("{FAE04EC0-301F-11D3-BF4B-00C04F79EFBC}") = "Hys.CareAgent.DICOMReceiver", "Hys.CareAgent.DICOMReceiver\Hys.CareAgent.DICOMReceiver.csproj", "{C2981CFE-099F-4C09-9953-65C95717C7B5}"
EndProject
Project("{FAE04EC0-301F-11D3-BF4B-00C04F79EFBC}") = "Hys.CareAgent.Main", "Hys.CareAgent.Main\Hys.CareAgent.Main.csproj", "{C454F661-B61F-4B5B-B8A5-CE73DEAA8B08}"
EndProject
Project("{FAE04EC0-301F-11D3-BF4B-00C04F79EFBC}") = "Hys.CareAgent.Upload", "Hys.CareAgent.Upload\Hys.CareAgent.Upload.csproj", "{B137B34C-5D0A-4E7E-A03B-5667070A33E3}"
EndProject
Project("{FAE04EC0-301F-11D3-BF4B-00C04F79EFBC}") = "Hys.CareAgent.WcfService", "Hys.CareAgent.WcfService\Hys.CareAgent.WcfService.csproj", "{E94B7574-C510-4DD8-9AB3-BBB3DBC20C37}"
EndProject
Project("{FAE04EC0-301F-11D3-BF4B-00C04F79EFBC}") = "Hys.CareAgent.Kdt", "Hys.CareAgent.Kdt\Hys.CareAgent.Kdt.csproj", "{380941A8-D28D-4177-A716-B912AEEBC80E}"
EndProject
Global
	GlobalSection(SubversionScc) = preSolution
		Svn-Managed = True
		Manager = AnkhSVN - Subversion Support for Visual Studio
	EndGlobalSection
	GlobalSection(SolutionConfigurationPlatforms) = preSolution
		CD_ROM|Any CPU = CD_ROM|Any CPU
		CD_ROM|Mixed Platforms = CD_ROM|Mixed Platforms
		CD_ROM|x86 = CD_ROM|x86
		Debug|Any CPU = Debug|Any CPU
		Debug|Mixed Platforms = Debug|Mixed Platforms
		Debug|x86 = Debug|x86
		DVD-5|Any CPU = DVD-5|Any CPU
		DVD-5|Mixed Platforms = DVD-5|Mixed Platforms
		DVD-5|x86 = DVD-5|x86
		Release|Any CPU = Release|Any CPU
		Release|Mixed Platforms = Release|Mixed Platforms
		Release|x86 = Release|x86
		SingleImage|Any CPU = SingleImage|Any CPU
		SingleImage|Mixed Platforms = SingleImage|Mixed Platforms
		SingleImage|x86 = SingleImage|x86
	EndGlobalSection
	GlobalSection(ProjectConfigurationPlatforms) = postSolution
		{1867338C-C8C7-471C-9078-D5C4B0E8BD4F}.CD_ROM|Any CPU.ActiveCfg = Release|Any CPU
		{1867338C-C8C7-471C-9078-D5C4B0E8BD4F}.CD_ROM|Any CPU.Build.0 = Release|Any CPU
		{1867338C-C8C7-471C-9078-D5C4B0E8BD4F}.CD_ROM|Mixed Platforms.ActiveCfg = Release|x86
		{1867338C-C8C7-471C-9078-D5C4B0E8BD4F}.CD_ROM|Mixed Platforms.Build.0 = Release|x86
		{1867338C-C8C7-471C-9078-D5C4B0E8BD4F}.CD_ROM|x86.ActiveCfg = Release|x86
		{1867338C-C8C7-471C-9078-D5C4B0E8BD4F}.CD_ROM|x86.Build.0 = Release|x86
		{1867338C-C8C7-471C-9078-D5C4B0E8BD4F}.Debug|Any CPU.ActiveCfg = Debug|Any CPU
		{1867338C-C8C7-471C-9078-D5C4B0E8BD4F}.Debug|Any CPU.Build.0 = Debug|Any CPU
		{1867338C-C8C7-471C-9078-D5C4B0E8BD4F}.Debug|Mixed Platforms.ActiveCfg = Debug|x86
		{1867338C-C8C7-471C-9078-D5C4B0E8BD4F}.Debug|Mixed Platforms.Build.0 = Debug|x86
		{1867338C-C8C7-471C-9078-D5C4B0E8BD4F}.Debug|x86.ActiveCfg = Debug|x86
		{1867338C-C8C7-471C-9078-D5C4B0E8BD4F}.Debug|x86.Build.0 = Debug|x86
		{1867338C-C8C7-471C-9078-D5C4B0E8BD4F}.DVD-5|Any CPU.ActiveCfg = Debug|Any CPU
		{1867338C-C8C7-471C-9078-D5C4B0E8BD4F}.DVD-5|Any CPU.Build.0 = Debug|Any CPU
		{1867338C-C8C7-471C-9078-D5C4B0E8BD4F}.DVD-5|Mixed Platforms.ActiveCfg = Debug|x86
		{1867338C-C8C7-471C-9078-D5C4B0E8BD4F}.DVD-5|Mixed Platforms.Build.0 = Debug|x86
		{1867338C-C8C7-471C-9078-D5C4B0E8BD4F}.DVD-5|x86.ActiveCfg = Debug|x86
		{1867338C-C8C7-471C-9078-D5C4B0E8BD4F}.DVD-5|x86.Build.0 = Debug|x86
		{1867338C-C8C7-471C-9078-D5C4B0E8BD4F}.Release|Any CPU.ActiveCfg = Release|Any CPU
		{1867338C-C8C7-471C-9078-D5C4B0E8BD4F}.Release|Any CPU.Build.0 = Release|Any CPU
		{1867338C-C8C7-471C-9078-D5C4B0E8BD4F}.Release|Mixed Platforms.ActiveCfg = Release|x86
		{1867338C-C8C7-471C-9078-D5C4B0E8BD4F}.Release|Mixed Platforms.Build.0 = Release|x86
		{1867338C-C8C7-471C-9078-D5C4B0E8BD4F}.Release|x86.ActiveCfg = Release|x86
		{1867338C-C8C7-471C-9078-D5C4B0E8BD4F}.Release|x86.Build.0 = Release|x86
		{1867338C-C8C7-471C-9078-D5C4B0E8BD4F}.SingleImage|Any CPU.ActiveCfg = Release|Any CPU
		{1867338C-C8C7-471C-9078-D5C4B0E8BD4F}.SingleImage|Any CPU.Build.0 = Release|Any CPU
		{1867338C-C8C7-471C-9078-D5C4B0E8BD4F}.SingleImage|Mixed Platforms.ActiveCfg = Release|x86
		{1867338C-C8C7-471C-9078-D5C4B0E8BD4F}.SingleImage|Mixed Platforms.Build.0 = Release|x86
		{1867338C-C8C7-471C-9078-D5C4B0E8BD4F}.SingleImage|x86.ActiveCfg = Release|x86
		{1867338C-C8C7-471C-9078-D5C4B0E8BD4F}.SingleImage|x86.Build.0 = Release|x86
		{977E08A1-CF9F-41B3-B1CC-9F7BB9A319DD}.CD_ROM|Any CPU.ActiveCfg = Release|Any CPU
		{977E08A1-CF9F-41B3-B1CC-9F7BB9A319DD}.CD_ROM|Any CPU.Build.0 = Release|Any CPU
		{977E08A1-CF9F-41B3-B1CC-9F7BB9A319DD}.CD_ROM|Mixed Platforms.ActiveCfg = Release|Any CPU
		{977E08A1-CF9F-41B3-B1CC-9F7BB9A319DD}.CD_ROM|Mixed Platforms.Build.0 = Release|Any CPU
		{977E08A1-CF9F-41B3-B1CC-9F7BB9A319DD}.CD_ROM|x86.ActiveCfg = Release|Any CPU
		{977E08A1-CF9F-41B3-B1CC-9F7BB9A319DD}.Debug|Any CPU.ActiveCfg = Debug|Any CPU
		{977E08A1-CF9F-41B3-B1CC-9F7BB9A319DD}.Debug|Any CPU.Build.0 = Debug|Any CPU
		{977E08A1-CF9F-41B3-B1CC-9F7BB9A319DD}.Debug|Mixed Platforms.ActiveCfg = Debug|Any CPU
		{977E08A1-CF9F-41B3-B1CC-9F7BB9A319DD}.Debug|Mixed Platforms.Build.0 = Debug|Any CPU
		{977E08A1-CF9F-41B3-B1CC-9F7BB9A319DD}.Debug|x86.ActiveCfg = Debug|Any CPU
		{977E08A1-CF9F-41B3-B1CC-9F7BB9A319DD}.DVD-5|Any CPU.ActiveCfg = Debug|Any CPU
		{977E08A1-CF9F-41B3-B1CC-9F7BB9A319DD}.DVD-5|Any CPU.Build.0 = Debug|Any CPU
		{977E08A1-CF9F-41B3-B1CC-9F7BB9A319DD}.DVD-5|Mixed Platforms.ActiveCfg = Debug|Any CPU
		{977E08A1-CF9F-41B3-B1CC-9F7BB9A319DD}.DVD-5|Mixed Platforms.Build.0 = Debug|Any CPU
		{977E08A1-CF9F-41B3-B1CC-9F7BB9A319DD}.DVD-5|x86.ActiveCfg = Debug|Any CPU
		{977E08A1-CF9F-41B3-B1CC-9F7BB9A319DD}.Release|Any CPU.ActiveCfg = Release|Any CPU
		{977E08A1-CF9F-41B3-B1CC-9F7BB9A319DD}.Release|Any CPU.Build.0 = Release|Any CPU
		{977E08A1-CF9F-41B3-B1CC-9F7BB9A319DD}.Release|Mixed Platforms.ActiveCfg = Release|Any CPU
		{977E08A1-CF9F-41B3-B1CC-9F7BB9A319DD}.Release|Mixed Platforms.Build.0 = Release|Any CPU
		{977E08A1-CF9F-41B3-B1CC-9F7BB9A319DD}.Release|x86.ActiveCfg = Release|Any CPU
		{977E08A1-CF9F-41B3-B1CC-9F7BB9A319DD}.SingleImage|Any CPU.ActiveCfg = Release|Any CPU
		{977E08A1-CF9F-41B3-B1CC-9F7BB9A319DD}.SingleImage|Any CPU.Build.0 = Release|Any CPU
		{977E08A1-CF9F-41B3-B1CC-9F7BB9A319DD}.SingleImage|Mixed Platforms.ActiveCfg = Release|Any CPU
		{977E08A1-CF9F-41B3-B1CC-9F7BB9A319DD}.SingleImage|Mixed Platforms.Build.0 = Release|Any CPU
		{977E08A1-CF9F-41B3-B1CC-9F7BB9A319DD}.SingleImage|x86.ActiveCfg = Release|Any CPU
		{C2981CFE-099F-4C09-9953-65C95717C7B5}.CD_ROM|Any CPU.ActiveCfg = Release|Any CPU
		{C2981CFE-099F-4C09-9953-65C95717C7B5}.CD_ROM|Any CPU.Build.0 = Release|Any CPU
		{C2981CFE-099F-4C09-9953-65C95717C7B5}.CD_ROM|Mixed Platforms.ActiveCfg = Release|Any CPU
		{C2981CFE-099F-4C09-9953-65C95717C7B5}.CD_ROM|Mixed Platforms.Build.0 = Release|Any CPU
		{C2981CFE-099F-4C09-9953-65C95717C7B5}.CD_ROM|x86.ActiveCfg = Release|Any CPU
		{C2981CFE-099F-4C09-9953-65C95717C7B5}.Debug|Any CPU.ActiveCfg = Debug|Any CPU
		{C2981CFE-099F-4C09-9953-65C95717C7B5}.Debug|Any CPU.Build.0 = Debug|Any CPU
		{C2981CFE-099F-4C09-9953-65C95717C7B5}.Debug|Mixed Platforms.ActiveCfg = Debug|Any CPU
		{C2981CFE-099F-4C09-9953-65C95717C7B5}.Debug|Mixed Platforms.Build.0 = Debug|Any CPU
		{C2981CFE-099F-4C09-9953-65C95717C7B5}.Debug|x86.ActiveCfg = Debug|Any CPU
		{C2981CFE-099F-4C09-9953-65C95717C7B5}.DVD-5|Any CPU.ActiveCfg = Debug|Any CPU
		{C2981CFE-099F-4C09-9953-65C95717C7B5}.DVD-5|Any CPU.Build.0 = Debug|Any CPU
		{C2981CFE-099F-4C09-9953-65C95717C7B5}.DVD-5|Mixed Platforms.ActiveCfg = Debug|Any CPU
		{C2981CFE-099F-4C09-9953-65C95717C7B5}.DVD-5|Mixed Platforms.Build.0 = Debug|Any CPU
		{C2981CFE-099F-4C09-9953-65C95717C7B5}.DVD-5|x86.ActiveCfg = Debug|Any CPU
		{C2981CFE-099F-4C09-9953-65C95717C7B5}.Release|Any CPU.ActiveCfg = Release|Any CPU
		{C2981CFE-099F-4C09-9953-65C95717C7B5}.Release|Any CPU.Build.0 = Release|Any CPU
		{C2981CFE-099F-4C09-9953-65C95717C7B5}.Release|Mixed Platforms.ActiveCfg = Release|Any CPU
		{C2981CFE-099F-4C09-9953-65C95717C7B5}.Release|Mixed Platforms.Build.0 = Release|Any CPU
		{C2981CFE-099F-4C09-9953-65C95717C7B5}.Release|x86.ActiveCfg = Release|Any CPU
		{C2981CFE-099F-4C09-9953-65C95717C7B5}.SingleImage|Any CPU.ActiveCfg = Release|Any CPU
		{C2981CFE-099F-4C09-9953-65C95717C7B5}.SingleImage|Any CPU.Build.0 = Release|Any CPU
		{C2981CFE-099F-4C09-9953-65C95717C7B5}.SingleImage|Mixed Platforms.ActiveCfg = Release|Any CPU
		{C2981CFE-099F-4C09-9953-65C95717C7B5}.SingleImage|Mixed Platforms.Build.0 = Release|Any CPU
		{C2981CFE-099F-4C09-9953-65C95717C7B5}.SingleImage|x86.ActiveCfg = Release|Any CPU
		{C454F661-B61F-4B5B-B8A5-CE73DEAA8B08}.CD_ROM|Any CPU.ActiveCfg = Release|Any CPU
		{C454F661-B61F-4B5B-B8A5-CE73DEAA8B08}.CD_ROM|Any CPU.Build.0 = Release|Any CPU
		{C454F661-B61F-4B5B-B8A5-CE73DEAA8B08}.CD_ROM|Mixed Platforms.ActiveCfg = Release|x86
		{C454F661-B61F-4B5B-B8A5-CE73DEAA8B08}.CD_ROM|Mixed Platforms.Build.0 = Release|x86
		{C454F661-B61F-4B5B-B8A5-CE73DEAA8B08}.CD_ROM|x86.ActiveCfg = Release|x86
		{C454F661-B61F-4B5B-B8A5-CE73DEAA8B08}.CD_ROM|x86.Build.0 = Release|x86
		{C454F661-B61F-4B5B-B8A5-CE73DEAA8B08}.Debug|Any CPU.ActiveCfg = Debug|Any CPU
		{C454F661-B61F-4B5B-B8A5-CE73DEAA8B08}.Debug|Any CPU.Build.0 = Debug|Any CPU
		{C454F661-B61F-4B5B-B8A5-CE73DEAA8B08}.Debug|Mixed Platforms.ActiveCfg = Debug|x86
		{C454F661-B61F-4B5B-B8A5-CE73DEAA8B08}.Debug|Mixed Platforms.Build.0 = Debug|x86
		{C454F661-B61F-4B5B-B8A5-CE73DEAA8B08}.Debug|x86.ActiveCfg = Debug|x86
		{C454F661-B61F-4B5B-B8A5-CE73DEAA8B08}.Debug|x86.Build.0 = Debug|x86
		{C454F661-B61F-4B5B-B8A5-CE73DEAA8B08}.DVD-5|Any CPU.ActiveCfg = Debug|Any CPU
		{C454F661-B61F-4B5B-B8A5-CE73DEAA8B08}.DVD-5|Any CPU.Build.0 = Debug|Any CPU
		{C454F661-B61F-4B5B-B8A5-CE73DEAA8B08}.DVD-5|Mixed Platforms.ActiveCfg = Debug|x86
		{C454F661-B61F-4B5B-B8A5-CE73DEAA8B08}.DVD-5|Mixed Platforms.Build.0 = Debug|x86
		{C454F661-B61F-4B5B-B8A5-CE73DEAA8B08}.DVD-5|x86.ActiveCfg = Debug|x86
		{C454F661-B61F-4B5B-B8A5-CE73DEAA8B08}.DVD-5|x86.Build.0 = Debug|x86
		{C454F661-B61F-4B5B-B8A5-CE73DEAA8B08}.Release|Any CPU.ActiveCfg = Release|Any CPU
		{C454F661-B61F-4B5B-B8A5-CE73DEAA8B08}.Release|Any CPU.Build.0 = Release|Any CPU
		{C454F661-B61F-4B5B-B8A5-CE73DEAA8B08}.Release|Mixed Platforms.ActiveCfg = Release|x86
		{C454F661-B61F-4B5B-B8A5-CE73DEAA8B08}.Release|Mixed Platforms.Build.0 = Release|x86
		{C454F661-B61F-4B5B-B8A5-CE73DEAA8B08}.Release|x86.ActiveCfg = Release|x86
		{C454F661-B61F-4B5B-B8A5-CE73DEAA8B08}.Release|x86.Build.0 = Release|x86
		{C454F661-B61F-4B5B-B8A5-CE73DEAA8B08}.SingleImage|Any CPU.ActiveCfg = Release|Any CPU
		{C454F661-B61F-4B5B-B8A5-CE73DEAA8B08}.SingleImage|Any CPU.Build.0 = Release|Any CPU
		{C454F661-B61F-4B5B-B8A5-CE73DEAA8B08}.SingleImage|Mixed Platforms.ActiveCfg = Release|x86
		{C454F661-B61F-4B5B-B8A5-CE73DEAA8B08}.SingleImage|Mixed Platforms.Build.0 = Release|x86
		{C454F661-B61F-4B5B-B8A5-CE73DEAA8B08}.SingleImage|x86.ActiveCfg = Release|x86
		{C454F661-B61F-4B5B-B8A5-CE73DEAA8B08}.SingleImage|x86.Build.0 = Release|x86
		{B137B34C-5D0A-4E7E-A03B-5667070A33E3}.CD_ROM|Any CPU.ActiveCfg = Release|Any CPU
		{B137B34C-5D0A-4E7E-A03B-5667070A33E3}.CD_ROM|Any CPU.Build.0 = Release|Any CPU
		{B137B34C-5D0A-4E7E-A03B-5667070A33E3}.CD_ROM|Mixed Platforms.ActiveCfg = Release|Any CPU
		{B137B34C-5D0A-4E7E-A03B-5667070A33E3}.CD_ROM|Mixed Platforms.Build.0 = Release|Any CPU
		{B137B34C-5D0A-4E7E-A03B-5667070A33E3}.CD_ROM|x86.ActiveCfg = Release|Any CPU
		{B137B34C-5D0A-4E7E-A03B-5667070A33E3}.Debug|Any CPU.ActiveCfg = Debug|Any CPU
		{B137B34C-5D0A-4E7E-A03B-5667070A33E3}.Debug|Any CPU.Build.0 = Debug|Any CPU
		{B137B34C-5D0A-4E7E-A03B-5667070A33E3}.Debug|Mixed Platforms.ActiveCfg = Debug|Any CPU
		{B137B34C-5D0A-4E7E-A03B-5667070A33E3}.Debug|Mixed Platforms.Build.0 = Debug|Any CPU
		{B137B34C-5D0A-4E7E-A03B-5667070A33E3}.Debug|x86.ActiveCfg = Debug|Any CPU
		{B137B34C-5D0A-4E7E-A03B-5667070A33E3}.DVD-5|Any CPU.ActiveCfg = Debug|Any CPU
		{B137B34C-5D0A-4E7E-A03B-5667070A33E3}.DVD-5|Any CPU.Build.0 = Debug|Any CPU
		{B137B34C-5D0A-4E7E-A03B-5667070A33E3}.DVD-5|Mixed Platforms.ActiveCfg = Debug|Any CPU
		{B137B34C-5D0A-4E7E-A03B-5667070A33E3}.DVD-5|Mixed Platforms.Build.0 = Debug|Any CPU
		{B137B34C-5D0A-4E7E-A03B-5667070A33E3}.DVD-5|x86.ActiveCfg = Debug|Any CPU
		{B137B34C-5D0A-4E7E-A03B-5667070A33E3}.Release|Any CPU.ActiveCfg = Release|Any CPU
		{B137B34C-5D0A-4E7E-A03B-5667070A33E3}.Release|Any CPU.Build.0 = Release|Any CPU
		{B137B34C-5D0A-4E7E-A03B-5667070A33E3}.Release|Mixed Platforms.ActiveCfg = Release|Any CPU
		{B137B34C-5D0A-4E7E-A03B-5667070A33E3}.Release|Mixed Platforms.Build.0 = Release|Any CPU
		{B137B34C-5D0A-4E7E-A03B-5667070A33E3}.Release|x86.ActiveCfg = Release|Any CPU
		{B137B34C-5D0A-4E7E-A03B-5667070A33E3}.SingleImage|Any CPU.ActiveCfg = Release|Any CPU
		{B137B34C-5D0A-4E7E-A03B-5667070A33E3}.SingleImage|Any CPU.Build.0 = Release|Any CPU
		{B137B34C-5D0A-4E7E-A03B-5667070A33E3}.SingleImage|Mixed Platforms.ActiveCfg = Release|Any CPU
		{B137B34C-5D0A-4E7E-A03B-5667070A33E3}.SingleImage|Mixed Platforms.Build.0 = Release|Any CPU
		{B137B34C-5D0A-4E7E-A03B-5667070A33E3}.SingleImage|x86.ActiveCfg = Release|Any CPU
		{E94B7574-C510-4DD8-9AB3-BBB3DBC20C37}.CD_ROM|Any CPU.ActiveCfg = Release|Any CPU
		{E94B7574-C510-4DD8-9AB3-BBB3DBC20C37}.CD_ROM|Any CPU.Build.0 = Release|Any CPU
		{E94B7574-C510-4DD8-9AB3-BBB3DBC20C37}.CD_ROM|Mixed Platforms.ActiveCfg = Release|x86
		{E94B7574-C510-4DD8-9AB3-BBB3DBC20C37}.CD_ROM|Mixed Platforms.Build.0 = Release|x86
		{E94B7574-C510-4DD8-9AB3-BBB3DBC20C37}.CD_ROM|x86.ActiveCfg = Release|x86
		{E94B7574-C510-4DD8-9AB3-BBB3DBC20C37}.CD_ROM|x86.Build.0 = Release|x86
		{E94B7574-C510-4DD8-9AB3-BBB3DBC20C37}.Debug|Any CPU.ActiveCfg = Debug|Any CPU
		{E94B7574-C510-4DD8-9AB3-BBB3DBC20C37}.Debug|Any CPU.Build.0 = Debug|Any CPU
		{E94B7574-C510-4DD8-9AB3-BBB3DBC20C37}.Debug|Mixed Platforms.ActiveCfg = Debug|x86
		{E94B7574-C510-4DD8-9AB3-BBB3DBC20C37}.Debug|Mixed Platforms.Build.0 = Debug|x86
		{E94B7574-C510-4DD8-9AB3-BBB3DBC20C37}.Debug|x86.ActiveCfg = Debug|x86
		{E94B7574-C510-4DD8-9AB3-BBB3DBC20C37}.Debug|x86.Build.0 = Debug|x86
		{E94B7574-C510-4DD8-9AB3-BBB3DBC20C37}.DVD-5|Any CPU.ActiveCfg = Debug|Any CPU
		{E94B7574-C510-4DD8-9AB3-BBB3DBC20C37}.DVD-5|Any CPU.Build.0 = Debug|Any CPU
		{E94B7574-C510-4DD8-9AB3-BBB3DBC20C37}.DVD-5|Mixed Platforms.ActiveCfg = Debug|x86
		{E94B7574-C510-4DD8-9AB3-BBB3DBC20C37}.DVD-5|Mixed Platforms.Build.0 = Debug|x86
		{E94B7574-C510-4DD8-9AB3-BBB3DBC20C37}.DVD-5|x86.ActiveCfg = Debug|x86
		{E94B7574-C510-4DD8-9AB3-BBB3DBC20C37}.DVD-5|x86.Build.0 = Debug|x86
		{E94B7574-C510-4DD8-9AB3-BBB3DBC20C37}.Release|Any CPU.ActiveCfg = Release|Any CPU
		{E94B7574-C510-4DD8-9AB3-BBB3DBC20C37}.Release|Any CPU.Build.0 = Release|Any CPU
		{E94B7574-C510-4DD8-9AB3-BBB3DBC20C37}.Release|Mixed Platforms.ActiveCfg = Release|x86
		{E94B7574-C510-4DD8-9AB3-BBB3DBC20C37}.Release|Mixed Platforms.Build.0 = Release|x86
		{E94B7574-C510-4DD8-9AB3-BBB3DBC20C37}.Release|x86.ActiveCfg = Release|x86
		{E94B7574-C510-4DD8-9AB3-BBB3DBC20C37}.Release|x86.Build.0 = Release|x86
		{E94B7574-C510-4DD8-9AB3-BBB3DBC20C37}.SingleImage|Any CPU.ActiveCfg = Release|Any CPU
		{E94B7574-C510-4DD8-9AB3-BBB3DBC20C37}.SingleImage|Any CPU.Build.0 = Release|Any CPU
		{E94B7574-C510-4DD8-9AB3-BBB3DBC20C37}.SingleImage|Mixed Platforms.ActiveCfg = Release|x86
		{E94B7574-C510-4DD8-9AB3-BBB3DBC20C37}.SingleImage|Mixed Platforms.Build.0 = Release|x86
		{E94B7574-C510-4DD8-9AB3-BBB3DBC20C37}.SingleImage|x86.ActiveCfg = Release|x86
		{E94B7574-C510-4DD8-9AB3-BBB3DBC20C37}.SingleImage|x86.Build.0 = Release|x86
		{380941A8-D28D-4177-A716-B912AEEBC80E}.CD_ROM|Any CPU.ActiveCfg = Release|Any CPU
		{380941A8-D28D-4177-A716-B912AEEBC80E}.CD_ROM|Any CPU.Build.0 = Release|Any CPU
		{380941A8-D28D-4177-A716-B912AEEBC80E}.CD_ROM|Mixed Platforms.ActiveCfg = Release|Any CPU
		{380941A8-D28D-4177-A716-B912AEEBC80E}.CD_ROM|Mixed Platforms.Build.0 = Release|Any CPU
		{380941A8-D28D-4177-A716-B912AEEBC80E}.CD_ROM|x86.ActiveCfg = Release|Any CPU
		{380941A8-D28D-4177-A716-B912AEEBC80E}.Debug|Any CPU.ActiveCfg = Debug|Any CPU
		{380941A8-D28D-4177-A716-B912AEEBC80E}.Debug|Any CPU.Build.0 = Debug|Any CPU
		{380941A8-D28D-4177-A716-B912AEEBC80E}.Debug|Mixed Platforms.ActiveCfg = Debug|Any CPU
		{380941A8-D28D-4177-A716-B912AEEBC80E}.Debug|Mixed Platforms.Build.0 = Debug|Any CPU
		{380941A8-D28D-4177-A716-B912AEEBC80E}.Debug|x86.ActiveCfg = Debug|Any CPU
		{380941A8-D28D-4177-A716-B912AEEBC80E}.DVD-5|Any CPU.ActiveCfg = Debug|Any CPU
		{380941A8-D28D-4177-A716-B912AEEBC80E}.DVD-5|Any CPU.Build.0 = Debug|Any CPU
		{380941A8-D28D-4177-A716-B912AEEBC80E}.DVD-5|Mixed Platforms.ActiveCfg = Debug|Any CPU
		{380941A8-D28D-4177-A716-B912AEEBC80E}.DVD-5|Mixed Platforms.Build.0 = Debug|Any CPU
		{380941A8-D28D-4177-A716-B912AEEBC80E}.DVD-5|x86.ActiveCfg = Debug|Any CPU
		{380941A8-D28D-4177-A716-B912AEEBC80E}.Release|Any CPU.ActiveCfg = Release|Any CPU
		{380941A8-D28D-4177-A716-B912AEEBC80E}.Release|Any CPU.Build.0 = Release|Any CPU
		{380941A8-D28D-4177-A716-B912AEEBC80E}.Release|Mixed Platforms.ActiveCfg = Release|Any CPU
		{380941A8-D28D-4177-A716-B912AEEBC80E}.Release|Mixed Platforms.Build.0 = Release|Any CPU
		{380941A8-D28D-4177-A716-B912AEEBC80E}.Release|x86.ActiveCfg = Release|Any CPU
		{380941A8-D28D-4177-A716-B912AEEBC80E}.SingleImage|Any CPU.ActiveCfg = Release|Any CPU
		{380941A8-D28D-4177-A716-B912AEEBC80E}.SingleImage|Any CPU.Build.0 = Release|Any CPU
		{380941A8-D28D-4177-A716-B912AEEBC80E}.SingleImage|Mixed Platforms.ActiveCfg = Release|Any CPU
		{380941A8-D28D-4177-A716-B912AEEBC80E}.SingleImage|Mixed Platforms.Build.0 = Release|Any CPU
		{380941A8-D28D-4177-A716-B912AEEBC80E}.SingleImage|x86.ActiveCfg = Release|Any CPU
	EndGlobalSection
	GlobalSection(SolutionProperties) = preSolution
		HideSolutionNode = FALSE
	EndGlobalSection
	GlobalSection(ExtensibilityGlobals) = postSolution
		EnterpriseLibraryConfigurationToolBinariesPath = packages\Unity.2.1.505.2\lib\NET35
	EndGlobalSection
EndGlobal
