
Microsoft Visual Studio Solution File, Format Version 12.00
# Visual Studio 2013
VisualStudioVersion = 12.0.31101.0
MinimumVisualStudioVersion = 10.0.40219.1
Project("{2150E333-8FDC-42A3-9474-1A3956D46DE8}") = "Common", "Common", "{250C6A97-016A-4FDB-B396-250E68928217}"
EndProject
Project("{2150E333-8FDC-42A3-9474-1A3956D46DE8}") = "Messaging", "Messaging", "{7025A5B0-A022-4B69-9504-5DA174A16561}"
EndProject
Project("{2150E333-8FDC-42A3-9474-1A3956D46DE8}") = "MessagingDevices", "MessagingDevices", "{53194AF8-A5CF-44F4-B4BA-0548B20ACB2D}"
EndProject
Project("{2150E333-8FDC-42A3-9474-1A3956D46DE8}") = "SOAPAdapters", "SOAPAdapters", "{B08CC0D9-F2E7-47EC-B5BE-55963BA7E22D}"
EndProject
Project("{2150E333-8FDC-42A3-9474-1A3956D46DE8}") = "HL7Adapters", "HL7Adapters", "{3528267C-709D-4C70-A750-24D67705AF98}"
EndProject
Project("{2150E333-8FDC-42A3-9474-1A3956D46DE8}") = "HYSIMAdapters", "HYSIMAdapters", "{573E3A87-541C-488D-A10A-B48D4B8A7432}"
EndProject
Project("{2150E333-8FDC-42A3-9474-1A3956D46DE8}") = "FileAdapters", "FileAdapters", "{C4F87D1B-CFEA-4201-976E-0060A061BD57}"
EndProject
Project("{2150E333-8FDC-42A3-9474-1A3956D46DE8}") = "Utilities", "Utilities", "{7C995058-157C-4537-B72E-E0789E4B3AB3}"
EndProject
Project("{2150E333-8FDC-42A3-9474-1A3956D46DE8}") = "HYS", "HYS", "{09E77E6B-E195-4263-B849-C20084D33D8B}"
EndProject
Project("{FAE04EC0-301F-11D3-BF4B-00C04F79EFBC}") = "Common.Logging", "Common\Logging\Common.Logging.csproj", "{391A304B-8F73-4D9C-AD82-2DB495EF6E23}"
EndProject
Project("{FAE04EC0-301F-11D3-BF4B-00C04F79EFBC}") = "Common.WCFHelper", "Common\WCFHelper\Common.WCFHelper.csproj", "{01063DDE-0935-4B34-81E9-4FE501D6D2FD}"
EndProject
Project("{FAE04EC0-301F-11D3-BF4B-00C04F79EFBC}") = "Common.HL7v2", "Common\HL7v2\Common.HL7v2.csproj", "{339F990F-0B1F-489D-9D73-E2786FC3FB21}"
EndProject
Project("{FAE04EC0-301F-11D3-BF4B-00C04F79EFBC}") = "Messaging.Objects", "Messaging\Objects\Messaging.Objects.csproj", "{BB39B254-8B49-4924-9124-A66271B913D1}"
EndProject
Project("{FAE04EC0-301F-11D3-BF4B-00C04F79EFBC}") = "Messaging.Mapping", "Messaging\Mapping\Messaging.Mapping.csproj", "{5497186E-8E85-4BE2-BDEE-46EF44828796}"
EndProject
Project("{FAE04EC0-301F-11D3-BF4B-00C04F79EFBC}") = "Messaging.Queuing", "Messaging\Queuing\Messaging.Queuing.csproj", "{8BDE987B-8994-4E34-A809-F23792560866}"
EndProject
Project("{FAE04EC0-301F-11D3-BF4B-00C04F79EFBC}") = "Messaging.Base", "Messaging\Base\Messaging.Base.csproj", "{670743BB-BD5E-4840-87D9-6D507F3535F6}"
EndProject
Project("{FAE04EC0-301F-11D3-BF4B-00C04F79EFBC}") = "Messaging.Registry", "Messaging\Registry\Messaging.Registry.csproj", "{E11F62A6-9BFB-4B20-8FCD-E6FE2DE9BBFA}"
EndProject
Project("{FAE04EC0-301F-11D3-BF4B-00C04F79EFBC}") = "Messaging.Composer", "Messaging\Composer\Messaging.Composer.csproj", "{99E797E2-7723-485D-B5AD-722C1CF14333}"
EndProject
Project("{FAE04EC0-301F-11D3-BF4B-00C04F79EFBC}") = "Messaging.Config", "Messaging\Config\Messaging.Config.csproj", "{B7E36712-34DB-4440-B090-62D108186271}"
EndProject
Project("{FAE04EC0-301F-11D3-BF4B-00C04F79EFBC}") = "Management", "Messaging\Management\Management.csproj", "{9C4FAF94-70C5-4424-9386-EB6AC41664F5}"
EndProject
Project("{FAE04EC0-301F-11D3-BF4B-00C04F79EFBC}") = "Management.Service", "Messaging\Management.Service\Management.Service.csproj", "{83560595-5EF4-4E85-8649-18900D9CAC11}"
EndProject
Project("{FAE04EC0-301F-11D3-BF4B-00C04F79EFBC}") = "Messaging.Service", "Messaging\Service\Messaging.Service.csproj", "{087A5C79-40A7-4430-8AD8-0F86C356D559}"
EndProject
Project("{FAE04EC0-301F-11D3-BF4B-00C04F79EFBC}") = "Messaging.ServiceConfig", "Messaging\ServiceConfig\Messaging.ServiceConfig.csproj", "{79ED6E1E-A05B-4BD3-93C8-28EB27AC519C}"
EndProject
Project("{FAE04EC0-301F-11D3-BF4B-00C04F79EFBC}") = "SOAPClient", "SOAPAdapter\SOAPClient\SOAPClient.csproj", "{B59DEA90-B19C-411F-9A1B-A794D6BEDAD2}"
EndProject
Project("{FAE04EC0-301F-11D3-BF4B-00C04F79EFBC}") = "SOAPServer", "SOAPAdapter\SOAPServer\SOAPServer.csproj", "{401D4C6E-5CAF-4519-AD00-965EFB3FF316}"
EndProject
Project("{FAE04EC0-301F-11D3-BF4B-00C04F79EFBC}") = "HL7Receiver", "HL7Adapter\HL7Receiver\HL7Receiver.csproj", "{205CA62A-EC1C-4ADF-A993-5D0B99A4C74E}"
EndProject
Project("{FAE04EC0-301F-11D3-BF4B-00C04F79EFBC}") = "HL7Sender", "HL7Adapter\HL7Sender\HL7Sender.csproj", "{1392DAFC-A4F3-4DC2-B5E2-5C2EBD04C5A0}"
EndProject
Project("{FAE04EC0-301F-11D3-BF4B-00C04F79EFBC}") = "FileReader", "FileAdapter\FileReader\FileReader.csproj", "{2DAC925B-A38D-41B4-AB66-5B978429AE52}"
EndProject
Project("{FAE04EC0-301F-11D3-BF4B-00C04F79EFBC}") = "FileWriter", "FileAdapter\FileWriter\FileWriter.csproj", "{78B5EE93-407E-475F-B604-EBE71100D471}"
EndProject
Project("{FAE04EC0-301F-11D3-BF4B-00C04F79EFBC}") = "HL7IM.Config", "Config\Config\HL7IM.Config.csproj", "{F11AEF15-CBB4-467D-B69F-F15B34D2C0F6}"
EndProject
Project("{FAE04EC0-301F-11D3-BF4B-00C04F79EFBC}") = "LicenseEditor", "Common\Common.LicenseEditor\LicenseEditor.csproj", "{61AA91B9-4F4B-4A44-8912-DFC13B3E9F38}"
EndProject
Project("{FAE04EC0-301F-11D3-BF4B-00C04F79EFBC}") = "HL7IM.Manager", "InterfaceManager\HL7IM.Manager.csproj", "{D3867B30-91F2-46FB-90D0-60E34C02BF5A}"
EndProject
Project("{FAE04EC0-301F-11D3-BF4B-00C04F79EFBC}") = "IPMonitor", "IPMonitor\IPMonitor.csproj", "{C7B9C932-01F5-4DE0-909D-65D640D49DC8}"
EndProject
Project("{FAE04EC0-301F-11D3-BF4B-00C04F79EFBC}") = "HYSIMAdapter.Inbound", "HYSIMAdapter\Inbound\HYSIMAdapter.Inbound.csproj", "{EEFCE607-D961-414D-A393-BBD918BF103D}"
EndProject
Project("{FAE04EC0-301F-11D3-BF4B-00C04F79EFBC}") = "HYSIMAdapter.Outbound", "HYSIMAdapter\Outbound\HYSIMAdapter.Outbound.csproj", "{7D079C93-F807-4863-B96B-200A85748891}"
EndProject
Project("{FAE04EC0-301F-11D3-BF4B-00C04F79EFBC}") = "Common.DataAccess", "..\Framework\HYS.Common.DataAccess\Common.DataAccess.csproj", "{79390527-CC64-4CDC-B8FE-25072D303606}"
EndProject
Project("{FAE04EC0-301F-11D3-BF4B-00C04F79EFBC}") = "Common.Objects", "..\Framework\HYS.Common.Objects\Common.Objects.csproj", "{4D805299-9559-4F4B-A95C-FEFB294AC2FF}"
EndProject
Project("{FAE04EC0-301F-11D3-BF4B-00C04F79EFBC}") = "Common.Xml", "..\Framework\HYS.Common.Xml\Common.Xml.csproj", "{859B757E-44C6-4183-8E1E-9C3C21871843}"
EndProject
Global
	GlobalSection(SolutionConfigurationPlatforms) = preSolution
		Debug|Any CPU = Debug|Any CPU
		Release|Any CPU = Release|Any CPU
	EndGlobalSection
	GlobalSection(ProjectConfigurationPlatforms) = postSolution
		{391A304B-8F73-4D9C-AD82-2DB495EF6E23}.Debug|Any CPU.ActiveCfg = Debug|Any CPU
		{391A304B-8F73-4D9C-AD82-2DB495EF6E23}.Debug|Any CPU.Build.0 = Debug|Any CPU
		{391A304B-8F73-4D9C-AD82-2DB495EF6E23}.Release|Any CPU.ActiveCfg = Release|Any CPU
		{391A304B-8F73-4D9C-AD82-2DB495EF6E23}.Release|Any CPU.Build.0 = Release|Any CPU
		{01063DDE-0935-4B34-81E9-4FE501D6D2FD}.Debug|Any CPU.ActiveCfg = Debug|Any CPU
		{01063DDE-0935-4B34-81E9-4FE501D6D2FD}.Debug|Any CPU.Build.0 = Debug|Any CPU
		{01063DDE-0935-4B34-81E9-4FE501D6D2FD}.Release|Any CPU.ActiveCfg = Release|Any CPU
		{01063DDE-0935-4B34-81E9-4FE501D6D2FD}.Release|Any CPU.Build.0 = Release|Any CPU
		{339F990F-0B1F-489D-9D73-E2786FC3FB21}.Debug|Any CPU.ActiveCfg = Debug|Any CPU
		{339F990F-0B1F-489D-9D73-E2786FC3FB21}.Debug|Any CPU.Build.0 = Debug|Any CPU
		{339F990F-0B1F-489D-9D73-E2786FC3FB21}.Release|Any CPU.ActiveCfg = Release|Any CPU
		{339F990F-0B1F-489D-9D73-E2786FC3FB21}.Release|Any CPU.Build.0 = Release|Any CPU
		{BB39B254-8B49-4924-9124-A66271B913D1}.Debug|Any CPU.ActiveCfg = Debug|Any CPU
		{BB39B254-8B49-4924-9124-A66271B913D1}.Debug|Any CPU.Build.0 = Debug|Any CPU
		{BB39B254-8B49-4924-9124-A66271B913D1}.Release|Any CPU.ActiveCfg = Release|Any CPU
		{BB39B254-8B49-4924-9124-A66271B913D1}.Release|Any CPU.Build.0 = Release|Any CPU
		{5497186E-8E85-4BE2-BDEE-46EF44828796}.Debug|Any CPU.ActiveCfg = Debug|Any CPU
		{5497186E-8E85-4BE2-BDEE-46EF44828796}.Debug|Any CPU.Build.0 = Debug|Any CPU
		{5497186E-8E85-4BE2-BDEE-46EF44828796}.Release|Any CPU.ActiveCfg = Release|Any CPU
		{5497186E-8E85-4BE2-BDEE-46EF44828796}.Release|Any CPU.Build.0 = Release|Any CPU
		{8BDE987B-8994-4E34-A809-F23792560866}.Debug|Any CPU.ActiveCfg = Debug|Any CPU
		{8BDE987B-8994-4E34-A809-F23792560866}.Debug|Any CPU.Build.0 = Debug|Any CPU
		{8BDE987B-8994-4E34-A809-F23792560866}.Release|Any CPU.ActiveCfg = Release|Any CPU
		{8BDE987B-8994-4E34-A809-F23792560866}.Release|Any CPU.Build.0 = Release|Any CPU
		{670743BB-BD5E-4840-87D9-6D507F3535F6}.Debug|Any CPU.ActiveCfg = Debug|Any CPU
		{670743BB-BD5E-4840-87D9-6D507F3535F6}.Debug|Any CPU.Build.0 = Debug|Any CPU
		{670743BB-BD5E-4840-87D9-6D507F3535F6}.Release|Any CPU.ActiveCfg = Release|Any CPU
		{670743BB-BD5E-4840-87D9-6D507F3535F6}.Release|Any CPU.Build.0 = Release|Any CPU
		{E11F62A6-9BFB-4B20-8FCD-E6FE2DE9BBFA}.Debug|Any CPU.ActiveCfg = Debug|Any CPU
		{E11F62A6-9BFB-4B20-8FCD-E6FE2DE9BBFA}.Debug|Any CPU.Build.0 = Debug|Any CPU
		{E11F62A6-9BFB-4B20-8FCD-E6FE2DE9BBFA}.Release|Any CPU.ActiveCfg = Release|Any CPU
		{E11F62A6-9BFB-4B20-8FCD-E6FE2DE9BBFA}.Release|Any CPU.Build.0 = Release|Any CPU
		{99E797E2-7723-485D-B5AD-722C1CF14333}.Debug|Any CPU.ActiveCfg = Debug|Any CPU
		{99E797E2-7723-485D-B5AD-722C1CF14333}.Debug|Any CPU.Build.0 = Debug|Any CPU
		{99E797E2-7723-485D-B5AD-722C1CF14333}.Release|Any CPU.ActiveCfg = Release|Any CPU
		{99E797E2-7723-485D-B5AD-722C1CF14333}.Release|Any CPU.Build.0 = Release|Any CPU
		{B7E36712-34DB-4440-B090-62D108186271}.Debug|Any CPU.ActiveCfg = Debug|Any CPU
		{B7E36712-34DB-4440-B090-62D108186271}.Debug|Any CPU.Build.0 = Debug|Any CPU
		{B7E36712-34DB-4440-B090-62D108186271}.Release|Any CPU.ActiveCfg = Release|Any CPU
		{B7E36712-34DB-4440-B090-62D108186271}.Release|Any CPU.Build.0 = Release|Any CPU
		{9C4FAF94-70C5-4424-9386-EB6AC41664F5}.Debug|Any CPU.ActiveCfg = Debug|Any CPU
		{9C4FAF94-70C5-4424-9386-EB6AC41664F5}.Debug|Any CPU.Build.0 = Debug|Any CPU
		{9C4FAF94-70C5-4424-9386-EB6AC41664F5}.Release|Any CPU.ActiveCfg = Release|Any CPU
		{9C4FAF94-70C5-4424-9386-EB6AC41664F5}.Release|Any CPU.Build.0 = Release|Any CPU
		{83560595-5EF4-4E85-8649-18900D9CAC11}.Debug|Any CPU.ActiveCfg = Debug|Any CPU
		{83560595-5EF4-4E85-8649-18900D9CAC11}.Debug|Any CPU.Build.0 = Debug|Any CPU
		{83560595-5EF4-4E85-8649-18900D9CAC11}.Release|Any CPU.ActiveCfg = Release|Any CPU
		{83560595-5EF4-4E85-8649-18900D9CAC11}.Release|Any CPU.Build.0 = Release|Any CPU
		{087A5C79-40A7-4430-8AD8-0F86C356D559}.Debug|Any CPU.ActiveCfg = Debug|Any CPU
		{087A5C79-40A7-4430-8AD8-0F86C356D559}.Debug|Any CPU.Build.0 = Debug|Any CPU
		{087A5C79-40A7-4430-8AD8-0F86C356D559}.Release|Any CPU.ActiveCfg = Release|Any CPU
		{087A5C79-40A7-4430-8AD8-0F86C356D559}.Release|Any CPU.Build.0 = Release|Any CPU
		{79ED6E1E-A05B-4BD3-93C8-28EB27AC519C}.Debug|Any CPU.ActiveCfg = Debug|Any CPU
		{79ED6E1E-A05B-4BD3-93C8-28EB27AC519C}.Debug|Any CPU.Build.0 = Debug|Any CPU
		{79ED6E1E-A05B-4BD3-93C8-28EB27AC519C}.Release|Any CPU.ActiveCfg = Release|Any CPU
		{79ED6E1E-A05B-4BD3-93C8-28EB27AC519C}.Release|Any CPU.Build.0 = Release|Any CPU
		{B59DEA90-B19C-411F-9A1B-A794D6BEDAD2}.Debug|Any CPU.ActiveCfg = Debug|Any CPU
		{B59DEA90-B19C-411F-9A1B-A794D6BEDAD2}.Debug|Any CPU.Build.0 = Debug|Any CPU
		{B59DEA90-B19C-411F-9A1B-A794D6BEDAD2}.Release|Any CPU.ActiveCfg = Release|Any CPU
		{B59DEA90-B19C-411F-9A1B-A794D6BEDAD2}.Release|Any CPU.Build.0 = Release|Any CPU
		{401D4C6E-5CAF-4519-AD00-965EFB3FF316}.Debug|Any CPU.ActiveCfg = Debug|Any CPU
		{401D4C6E-5CAF-4519-AD00-965EFB3FF316}.Debug|Any CPU.Build.0 = Debug|Any CPU
		{401D4C6E-5CAF-4519-AD00-965EFB3FF316}.Release|Any CPU.ActiveCfg = Release|Any CPU
		{401D4C6E-5CAF-4519-AD00-965EFB3FF316}.Release|Any CPU.Build.0 = Release|Any CPU
		{205CA62A-EC1C-4ADF-A993-5D0B99A4C74E}.Debug|Any CPU.ActiveCfg = Debug|Any CPU
		{205CA62A-EC1C-4ADF-A993-5D0B99A4C74E}.Debug|Any CPU.Build.0 = Debug|Any CPU
		{205CA62A-EC1C-4ADF-A993-5D0B99A4C74E}.Release|Any CPU.ActiveCfg = Release|Any CPU
		{205CA62A-EC1C-4ADF-A993-5D0B99A4C74E}.Release|Any CPU.Build.0 = Release|Any CPU
		{1392DAFC-A4F3-4DC2-B5E2-5C2EBD04C5A0}.Debug|Any CPU.ActiveCfg = Debug|Any CPU
		{1392DAFC-A4F3-4DC2-B5E2-5C2EBD04C5A0}.Debug|Any CPU.Build.0 = Debug|Any CPU
		{1392DAFC-A4F3-4DC2-B5E2-5C2EBD04C5A0}.Release|Any CPU.ActiveCfg = Release|Any CPU
		{1392DAFC-A4F3-4DC2-B5E2-5C2EBD04C5A0}.Release|Any CPU.Build.0 = Release|Any CPU
		{2DAC925B-A38D-41B4-AB66-5B978429AE52}.Debug|Any CPU.ActiveCfg = Debug|Any CPU
		{2DAC925B-A38D-41B4-AB66-5B978429AE52}.Debug|Any CPU.Build.0 = Debug|Any CPU
		{2DAC925B-A38D-41B4-AB66-5B978429AE52}.Release|Any CPU.ActiveCfg = Release|Any CPU
		{2DAC925B-A38D-41B4-AB66-5B978429AE52}.Release|Any CPU.Build.0 = Release|Any CPU
		{78B5EE93-407E-475F-B604-EBE71100D471}.Debug|Any CPU.ActiveCfg = Debug|Any CPU
		{78B5EE93-407E-475F-B604-EBE71100D471}.Debug|Any CPU.Build.0 = Debug|Any CPU
		{78B5EE93-407E-475F-B604-EBE71100D471}.Release|Any CPU.ActiveCfg = Release|Any CPU
		{78B5EE93-407E-475F-B604-EBE71100D471}.Release|Any CPU.Build.0 = Release|Any CPU
		{F11AEF15-CBB4-467D-B69F-F15B34D2C0F6}.Debug|Any CPU.ActiveCfg = Debug|Any CPU
		{F11AEF15-CBB4-467D-B69F-F15B34D2C0F6}.Debug|Any CPU.Build.0 = Debug|Any CPU
		{F11AEF15-CBB4-467D-B69F-F15B34D2C0F6}.Release|Any CPU.ActiveCfg = Release|Any CPU
		{F11AEF15-CBB4-467D-B69F-F15B34D2C0F6}.Release|Any CPU.Build.0 = Release|Any CPU
		{61AA91B9-4F4B-4A44-8912-DFC13B3E9F38}.Debug|Any CPU.ActiveCfg = Debug|Any CPU
		{61AA91B9-4F4B-4A44-8912-DFC13B3E9F38}.Debug|Any CPU.Build.0 = Debug|Any CPU
		{61AA91B9-4F4B-4A44-8912-DFC13B3E9F38}.Release|Any CPU.ActiveCfg = Release|Any CPU
		{61AA91B9-4F4B-4A44-8912-DFC13B3E9F38}.Release|Any CPU.Build.0 = Release|Any CPU
		{D3867B30-91F2-46FB-90D0-60E34C02BF5A}.Debug|Any CPU.ActiveCfg = Debug|Any CPU
		{D3867B30-91F2-46FB-90D0-60E34C02BF5A}.Debug|Any CPU.Build.0 = Debug|Any CPU
		{D3867B30-91F2-46FB-90D0-60E34C02BF5A}.Release|Any CPU.ActiveCfg = Release|Any CPU
		{D3867B30-91F2-46FB-90D0-60E34C02BF5A}.Release|Any CPU.Build.0 = Release|Any CPU
		{C7B9C932-01F5-4DE0-909D-65D640D49DC8}.Debug|Any CPU.ActiveCfg = Debug|Any CPU
		{C7B9C932-01F5-4DE0-909D-65D640D49DC8}.Debug|Any CPU.Build.0 = Debug|Any CPU
		{C7B9C932-01F5-4DE0-909D-65D640D49DC8}.Release|Any CPU.ActiveCfg = Release|Any CPU
		{C7B9C932-01F5-4DE0-909D-65D640D49DC8}.Release|Any CPU.Build.0 = Release|Any CPU
		{EEFCE607-D961-414D-A393-BBD918BF103D}.Debug|Any CPU.ActiveCfg = Debug|Any CPU
		{EEFCE607-D961-414D-A393-BBD918BF103D}.Debug|Any CPU.Build.0 = Debug|Any CPU
		{EEFCE607-D961-414D-A393-BBD918BF103D}.Release|Any CPU.ActiveCfg = Release|Any CPU
		{EEFCE607-D961-414D-A393-BBD918BF103D}.Release|Any CPU.Build.0 = Release|Any CPU
		{7D079C93-F807-4863-B96B-200A85748891}.Debug|Any CPU.ActiveCfg = Debug|Any CPU
		{7D079C93-F807-4863-B96B-200A85748891}.Debug|Any CPU.Build.0 = Debug|Any CPU
		{7D079C93-F807-4863-B96B-200A85748891}.Release|Any CPU.ActiveCfg = Release|Any CPU
		{7D079C93-F807-4863-B96B-200A85748891}.Release|Any CPU.Build.0 = Release|Any CPU
		{79390527-CC64-4CDC-B8FE-25072D303606}.Debug|Any CPU.ActiveCfg = Debug|Any CPU
		{79390527-CC64-4CDC-B8FE-25072D303606}.Debug|Any CPU.Build.0 = Debug|Any CPU
		{79390527-CC64-4CDC-B8FE-25072D303606}.Release|Any CPU.ActiveCfg = Release|Any CPU
		{79390527-CC64-4CDC-B8FE-25072D303606}.Release|Any CPU.Build.0 = Release|Any CPU
		{4D805299-9559-4F4B-A95C-FEFB294AC2FF}.Debug|Any CPU.ActiveCfg = Debug|Any CPU
		{4D805299-9559-4F4B-A95C-FEFB294AC2FF}.Debug|Any CPU.Build.0 = Debug|Any CPU
		{4D805299-9559-4F4B-A95C-FEFB294AC2FF}.Release|Any CPU.ActiveCfg = Release|Any CPU
		{4D805299-9559-4F4B-A95C-FEFB294AC2FF}.Release|Any CPU.Build.0 = Release|Any CPU
		{859B757E-44C6-4183-8E1E-9C3C21871843}.Debug|Any CPU.ActiveCfg = Debug|Any CPU
		{859B757E-44C6-4183-8E1E-9C3C21871843}.Debug|Any CPU.Build.0 = Debug|Any CPU
		{859B757E-44C6-4183-8E1E-9C3C21871843}.Release|Any CPU.ActiveCfg = Release|Any CPU
		{859B757E-44C6-4183-8E1E-9C3C21871843}.Release|Any CPU.Build.0 = Release|Any CPU
	EndGlobalSection
	GlobalSection(SolutionProperties) = preSolution
		HideSolutionNode = FALSE
	EndGlobalSection
	GlobalSection(NestedProjects) = preSolution
		{B08CC0D9-F2E7-47EC-B5BE-55963BA7E22D} = {53194AF8-A5CF-44F4-B4BA-0548B20ACB2D}
		{3528267C-709D-4C70-A750-24D67705AF98} = {53194AF8-A5CF-44F4-B4BA-0548B20ACB2D}
		{573E3A87-541C-488D-A10A-B48D4B8A7432} = {53194AF8-A5CF-44F4-B4BA-0548B20ACB2D}
		{C4F87D1B-CFEA-4201-976E-0060A061BD57} = {53194AF8-A5CF-44F4-B4BA-0548B20ACB2D}
		{391A304B-8F73-4D9C-AD82-2DB495EF6E23} = {250C6A97-016A-4FDB-B396-250E68928217}
		{01063DDE-0935-4B34-81E9-4FE501D6D2FD} = {250C6A97-016A-4FDB-B396-250E68928217}
		{339F990F-0B1F-489D-9D73-E2786FC3FB21} = {250C6A97-016A-4FDB-B396-250E68928217}
		{BB39B254-8B49-4924-9124-A66271B913D1} = {7025A5B0-A022-4B69-9504-5DA174A16561}
		{5497186E-8E85-4BE2-BDEE-46EF44828796} = {7025A5B0-A022-4B69-9504-5DA174A16561}
		{8BDE987B-8994-4E34-A809-F23792560866} = {7025A5B0-A022-4B69-9504-5DA174A16561}
		{670743BB-BD5E-4840-87D9-6D507F3535F6} = {7025A5B0-A022-4B69-9504-5DA174A16561}
		{E11F62A6-9BFB-4B20-8FCD-E6FE2DE9BBFA} = {7025A5B0-A022-4B69-9504-5DA174A16561}
		{99E797E2-7723-485D-B5AD-722C1CF14333} = {7025A5B0-A022-4B69-9504-5DA174A16561}
		{B7E36712-34DB-4440-B090-62D108186271} = {7025A5B0-A022-4B69-9504-5DA174A16561}
		{9C4FAF94-70C5-4424-9386-EB6AC41664F5} = {7025A5B0-A022-4B69-9504-5DA174A16561}
		{83560595-5EF4-4E85-8649-18900D9CAC11} = {7025A5B0-A022-4B69-9504-5DA174A16561}
		{087A5C79-40A7-4430-8AD8-0F86C356D559} = {7025A5B0-A022-4B69-9504-5DA174A16561}
		{79ED6E1E-A05B-4BD3-93C8-28EB27AC519C} = {7025A5B0-A022-4B69-9504-5DA174A16561}
		{B59DEA90-B19C-411F-9A1B-A794D6BEDAD2} = {B08CC0D9-F2E7-47EC-B5BE-55963BA7E22D}
		{401D4C6E-5CAF-4519-AD00-965EFB3FF316} = {B08CC0D9-F2E7-47EC-B5BE-55963BA7E22D}
		{205CA62A-EC1C-4ADF-A993-5D0B99A4C74E} = {3528267C-709D-4C70-A750-24D67705AF98}
		{1392DAFC-A4F3-4DC2-B5E2-5C2EBD04C5A0} = {3528267C-709D-4C70-A750-24D67705AF98}
		{2DAC925B-A38D-41B4-AB66-5B978429AE52} = {C4F87D1B-CFEA-4201-976E-0060A061BD57}
		{78B5EE93-407E-475F-B604-EBE71100D471} = {C4F87D1B-CFEA-4201-976E-0060A061BD57}
		{F11AEF15-CBB4-467D-B69F-F15B34D2C0F6} = {7C995058-157C-4537-B72E-E0789E4B3AB3}
		{61AA91B9-4F4B-4A44-8912-DFC13B3E9F38} = {7C995058-157C-4537-B72E-E0789E4B3AB3}
		{C7B9C932-01F5-4DE0-909D-65D640D49DC8} = {7C995058-157C-4537-B72E-E0789E4B3AB3}
		{EEFCE607-D961-414D-A393-BBD918BF103D} = {573E3A87-541C-488D-A10A-B48D4B8A7432}
		{7D079C93-F807-4863-B96B-200A85748891} = {573E3A87-541C-488D-A10A-B48D4B8A7432}
		{79390527-CC64-4CDC-B8FE-25072D303606} = {09E77E6B-E195-4263-B849-C20084D33D8B}
		{4D805299-9559-4F4B-A95C-FEFB294AC2FF} = {09E77E6B-E195-4263-B849-C20084D33D8B}
		{859B757E-44C6-4183-8E1E-9C3C21871843} = {09E77E6B-E195-4263-B849-C20084D33D8B}
	EndGlobalSection
	GlobalSection(RationalClearCase) = preSolution
		SourceControlProvider = RationalClearCase
	EndGlobalSection
EndGlobal
