
Microsoft Visual Studio Solution File, Format Version 12.00
# Visual Studio 2013
VisualStudioVersion = 12.0.31101.0
MinimumVisualStudioVersion = 10.0.40219.1
Project("{2150E333-8FDC-42A3-9474-1A3956D46DE8}") = "0-Design", "0-Design", "{CA11F272-16A0-4EC8-97F8-A0AF96D51359}"
EndProject
Project("{2150E333-8FDC-42A3-9474-1A3956D46DE8}") = "1-Layers", "1-Layers", "{6BE6D75A-3E51-440D-9108-182958113006}"
EndProject
Project("{2150E333-8FDC-42A3-9474-1A3956D46DE8}") = "2-Database", "2-Database", "{280937D7-27B7-4795-85FC-C3FEBF65FE07}"
EndProject
Project("{2150E333-8FDC-42A3-9474-1A3956D46DE8}") = "3-Tools", "3-Tools", "{969774CC-6BE0-454E-B9F7-243BBF0BAA9F}"
EndProject
Project("{2150E333-8FDC-42A3-9474-1A3956D46DE8}") = "4-UnitTests", "4-UnitTests", "{0753A65F-8A71-4716-A23F-35050FB0BC3C}"
EndProject
Project("{2150E333-8FDC-42A3-9474-1A3956D46DE8}") = "1-4-Domain", "1-4-Domain", "{BD41FF91-02DC-452B-BFC9-064652315671}"
EndProject
Project("{2150E333-8FDC-42A3-9474-1A3956D46DE8}") = "1-1-Presentation", "1-1-Presentation", "{805BF967-6826-400B-998B-52417800C00B}"
EndProject
Project("{2150E333-8FDC-42A3-9474-1A3956D46DE8}") = "1-2-DistributedServices", "1-2-DistributedServices", "{389ED1C7-B625-4CF8-8728-FE252EF9D26C}"
EndProject
Project("{2150E333-8FDC-42A3-9474-1A3956D46DE8}") = "1-3-Application", "1-3-Application", "{7414BE21-7193-4C8C-8EA7-C7E8F0EABFDB}"
EndProject
Project("{2150E333-8FDC-42A3-9474-1A3956D46DE8}") = "1-5-Infrastructure", "1-5-Infrastructure", "{FFF025AA-DE71-4A2D-BF9C-6F407F93BC8F}"
EndProject
Project("{2150E333-8FDC-42A3-9474-1A3956D46DE8}") = "1-5-1-Data", "1-5-1-Data", "{5B78F83F-651B-4044-809A-797C2ED0F622}"
EndProject
Project("{2150E333-8FDC-42A3-9474-1A3956D46DE8}") = ".nuget", ".nuget", "{4FE337E9-2372-45E6-8968-06A41085606B}"
	ProjectSection(SolutionItems) = preProject
		.nuget\NuGet.Config = .nuget\NuGet.Config
		.nuget\NuGet.exe = .nuget\NuGet.exe
		.nuget\NuGet.targets = .nuget\NuGet.targets
	EndProjectSection
EndProject
Project("{2150E333-8FDC-42A3-9474-1A3956D46DE8}") = "1-5-2-CrossCutting", "1-5-2-CrossCutting", "{3C3AB7F0-13D2-47E3-8731-6BCDB8E5C28E}"
EndProject
Project("{FAE04EC0-301F-11D3-BF4B-00C04F79EFBC}") = "Hys.CareRIS.Web", "Hys.CareRIS.Web\Hys.CareRIS.Web.csproj", "{5EBD6128-FBF7-4EC0-9B90-2877FD4F9B7D}"
EndProject
Project("{FAE04EC0-301F-11D3-BF4B-00C04F79EFBC}") = "Hys.CareRIS.WebApi", "Hys.CareRIS.WebApi\Hys.CareRIS.WebApi.csproj", "{37FB3024-16EA-407B-8D64-35F7E9C034F8}"
EndProject
Project("{FAE04EC0-301F-11D3-BF4B-00C04F79EFBC}") = "Hys.CareRIS.Application", "Hys.CareRIS.Application\Hys.CareRIS.Application.csproj", "{CB913999-72AC-488F-AB47-6036B0409A72}"
EndProject
Project("{FAE04EC0-301F-11D3-BF4B-00C04F79EFBC}") = "Hys.Consultation.Application", "Hys.Consultation.Application\Hys.Consultation.Application.csproj", "{C088CEBD-2BF2-4AE5-BFF5-876612FDD0E3}"
EndProject
Project("{FAE04EC0-301F-11D3-BF4B-00C04F79EFBC}") = "Hys.CareRIS.Domain", "Hys.CareRIS.Domain\Hys.CareRIS.Domain.csproj", "{24217679-47FF-47F4-8220-66BE854F8D5D}"
EndProject
Project("{FAE04EC0-301F-11D3-BF4B-00C04F79EFBC}") = "Hys.Consultation.Domain", "Hys.Consultation.Domain\Hys.Consultation.Domain.csproj", "{7E8C08CC-C56F-4B69-B4D2-8FB645F2AD59}"
EndProject
Project("{FAE04EC0-301F-11D3-BF4B-00C04F79EFBC}") = "Hys.CareRIS.EnterpriseLib", "Hys.CareRIS.EnterpriseLib\Hys.CareRIS.EnterpriseLib.csproj", "{2E5F5716-5206-46DA-9295-61314F7F967C}"
EndProject
Project("{FAE04EC0-301F-11D3-BF4B-00C04F79EFBC}") = "Hys.CareRIS.EntityFramework", "Hys.CareRIS.EntityFramework\Hys.CareRIS.EntityFramework.csproj", "{98622138-B273-4D0B-9240-B6C6633F9572}"
EndProject
Project("{FAE04EC0-301F-11D3-BF4B-00C04F79EFBC}") = "Hys.Consultation.EntityFramework", "Hys.Consultation.EntityFramework\Hys.Consultation.EntityFramework.csproj", "{9D4BC2B8-ECB0-4393-8A9A-67F49030B963}"
EndProject
Project("{FAE04EC0-301F-11D3-BF4B-00C04F79EFBC}") = "Hys.CrossCutting.Common", "Hys.CrossCutting.Common\Hys.CrossCutting.Common.csproj", "{ABEA6CA6-C724-435D-8740-F81C943D4356}"
EndProject
Project("{FAE04EC0-301F-11D3-BF4B-00C04F79EFBC}") = "Hys.CareRIS.Tools.CreateDatabase", "Hys.CareRIS.Tools.CreateDatabase\Hys.CareRIS.Tools.CreateDatabase.csproj", "{8C88CB99-809B-45B3-9D4A-DAB310E7ADF9}"
EndProject
Project("{FAE04EC0-301F-11D3-BF4B-00C04F79EFBC}") = "Hys.CareRIS.Application.Test", "Hys.CareRIS.Application.Test\Hys.CareRIS.Application.Test.csproj", "{B68FC873-1473-4CC4-9053-165C08F56B81}"
EndProject
Project("{FAE04EC0-301F-11D3-BF4B-00C04F79EFBC}") = "Hys.Consultation.Application.Test", "Hys.Consultation.Application.Test\Hys.Consultation.Application.Test.csproj", "{05623D1C-152B-4C34-960C-6E809D3F6267}"
EndProject
Global
	GlobalSection(SolutionConfigurationPlatforms) = preSolution
		Debug|Any CPU = Debug|Any CPU
		Release|Any CPU = Release|Any CPU
	EndGlobalSection
	GlobalSection(ProjectConfigurationPlatforms) = postSolution
		{5EBD6128-FBF7-4EC0-9B90-2877FD4F9B7D}.Debug|Any CPU.ActiveCfg = Debug|Any CPU
		{5EBD6128-FBF7-4EC0-9B90-2877FD4F9B7D}.Debug|Any CPU.Build.0 = Debug|Any CPU
		{5EBD6128-FBF7-4EC0-9B90-2877FD4F9B7D}.Release|Any CPU.ActiveCfg = Release|Any CPU
		{5EBD6128-FBF7-4EC0-9B90-2877FD4F9B7D}.Release|Any CPU.Build.0 = Release|Any CPU
		{37FB3024-16EA-407B-8D64-35F7E9C034F8}.Debug|Any CPU.ActiveCfg = Debug|Any CPU
		{37FB3024-16EA-407B-8D64-35F7E9C034F8}.Debug|Any CPU.Build.0 = Debug|Any CPU
		{37FB3024-16EA-407B-8D64-35F7E9C034F8}.Release|Any CPU.ActiveCfg = Release|Any CPU
		{37FB3024-16EA-407B-8D64-35F7E9C034F8}.Release|Any CPU.Build.0 = Release|Any CPU
		{CB913999-72AC-488F-AB47-6036B0409A72}.Debug|Any CPU.ActiveCfg = Debug|Any CPU
		{CB913999-72AC-488F-AB47-6036B0409A72}.Debug|Any CPU.Build.0 = Debug|Any CPU
		{CB913999-72AC-488F-AB47-6036B0409A72}.Release|Any CPU.ActiveCfg = Release|Any CPU
		{CB913999-72AC-488F-AB47-6036B0409A72}.Release|Any CPU.Build.0 = Release|Any CPU
		{C088CEBD-2BF2-4AE5-BFF5-876612FDD0E3}.Debug|Any CPU.ActiveCfg = Debug|Any CPU
		{C088CEBD-2BF2-4AE5-BFF5-876612FDD0E3}.Debug|Any CPU.Build.0 = Debug|Any CPU
		{C088CEBD-2BF2-4AE5-BFF5-876612FDD0E3}.Release|Any CPU.ActiveCfg = Release|Any CPU
		{C088CEBD-2BF2-4AE5-BFF5-876612FDD0E3}.Release|Any CPU.Build.0 = Release|Any CPU
		{24217679-47FF-47F4-8220-66BE854F8D5D}.Debug|Any CPU.ActiveCfg = Debug|Any CPU
		{24217679-47FF-47F4-8220-66BE854F8D5D}.Debug|Any CPU.Build.0 = Debug|Any CPU
		{24217679-47FF-47F4-8220-66BE854F8D5D}.Release|Any CPU.ActiveCfg = Release|Any CPU
		{24217679-47FF-47F4-8220-66BE854F8D5D}.Release|Any CPU.Build.0 = Release|Any CPU
		{7E8C08CC-C56F-4B69-B4D2-8FB645F2AD59}.Debug|Any CPU.ActiveCfg = Debug|Any CPU
		{7E8C08CC-C56F-4B69-B4D2-8FB645F2AD59}.Debug|Any CPU.Build.0 = Debug|Any CPU
		{7E8C08CC-C56F-4B69-B4D2-8FB645F2AD59}.Release|Any CPU.ActiveCfg = Release|Any CPU
		{7E8C08CC-C56F-4B69-B4D2-8FB645F2AD59}.Release|Any CPU.Build.0 = Release|Any CPU
		{2E5F5716-5206-46DA-9295-61314F7F967C}.Debug|Any CPU.ActiveCfg = Debug|Any CPU
		{2E5F5716-5206-46DA-9295-61314F7F967C}.Debug|Any CPU.Build.0 = Debug|Any CPU
		{2E5F5716-5206-46DA-9295-61314F7F967C}.Release|Any CPU.ActiveCfg = Release|Any CPU
		{2E5F5716-5206-46DA-9295-61314F7F967C}.Release|Any CPU.Build.0 = Release|Any CPU
		{98622138-B273-4D0B-9240-B6C6633F9572}.Debug|Any CPU.ActiveCfg = Debug|Any CPU
		{98622138-B273-4D0B-9240-B6C6633F9572}.Debug|Any CPU.Build.0 = Debug|Any CPU
		{98622138-B273-4D0B-9240-B6C6633F9572}.Release|Any CPU.ActiveCfg = Release|Any CPU
		{98622138-B273-4D0B-9240-B6C6633F9572}.Release|Any CPU.Build.0 = Release|Any CPU
		{9D4BC2B8-ECB0-4393-8A9A-67F49030B963}.Debug|Any CPU.ActiveCfg = Debug|Any CPU
		{9D4BC2B8-ECB0-4393-8A9A-67F49030B963}.Debug|Any CPU.Build.0 = Debug|Any CPU
		{9D4BC2B8-ECB0-4393-8A9A-67F49030B963}.Release|Any CPU.ActiveCfg = Release|Any CPU
		{9D4BC2B8-ECB0-4393-8A9A-67F49030B963}.Release|Any CPU.Build.0 = Release|Any CPU
		{ABEA6CA6-C724-435D-8740-F81C943D4356}.Debug|Any CPU.ActiveCfg = Debug|Any CPU
		{ABEA6CA6-C724-435D-8740-F81C943D4356}.Debug|Any CPU.Build.0 = Debug|Any CPU
		{ABEA6CA6-C724-435D-8740-F81C943D4356}.Release|Any CPU.ActiveCfg = Release|Any CPU
		{ABEA6CA6-C724-435D-8740-F81C943D4356}.Release|Any CPU.Build.0 = Release|Any CPU
		{8C88CB99-809B-45B3-9D4A-DAB310E7ADF9}.Debug|Any CPU.ActiveCfg = Debug|Any CPU
		{8C88CB99-809B-45B3-9D4A-DAB310E7ADF9}.Debug|Any CPU.Build.0 = Debug|Any CPU
		{8C88CB99-809B-45B3-9D4A-DAB310E7ADF9}.Release|Any CPU.ActiveCfg = Release|Any CPU
		{8C88CB99-809B-45B3-9D4A-DAB310E7ADF9}.Release|Any CPU.Build.0 = Release|Any CPU
		{B68FC873-1473-4CC4-9053-165C08F56B81}.Debug|Any CPU.ActiveCfg = Debug|Any CPU
		{B68FC873-1473-4CC4-9053-165C08F56B81}.Debug|Any CPU.Build.0 = Debug|Any CPU
		{B68FC873-1473-4CC4-9053-165C08F56B81}.Release|Any CPU.ActiveCfg = Release|Any CPU
		{B68FC873-1473-4CC4-9053-165C08F56B81}.Release|Any CPU.Build.0 = Release|Any CPU
		{05623D1C-152B-4C34-960C-6E809D3F6267}.Debug|Any CPU.ActiveCfg = Debug|Any CPU
		{05623D1C-152B-4C34-960C-6E809D3F6267}.Debug|Any CPU.Build.0 = Debug|Any CPU
		{05623D1C-152B-4C34-960C-6E809D3F6267}.Release|Any CPU.ActiveCfg = Release|Any CPU
		{05623D1C-152B-4C34-960C-6E809D3F6267}.Release|Any CPU.Build.0 = Release|Any CPU
	EndGlobalSection
	GlobalSection(SolutionProperties) = preSolution
		HideSolutionNode = FALSE
	EndGlobalSection
	GlobalSection(NestedProjects) = preSolution
		{BD41FF91-02DC-452B-BFC9-064652315671} = {6BE6D75A-3E51-440D-9108-182958113006}
		{805BF967-6826-400B-998B-52417800C00B} = {6BE6D75A-3E51-440D-9108-182958113006}
		{389ED1C7-B625-4CF8-8728-FE252EF9D26C} = {6BE6D75A-3E51-440D-9108-182958113006}
		{7414BE21-7193-4C8C-8EA7-C7E8F0EABFDB} = {6BE6D75A-3E51-440D-9108-182958113006}
		{FFF025AA-DE71-4A2D-BF9C-6F407F93BC8F} = {6BE6D75A-3E51-440D-9108-182958113006}
		{5B78F83F-651B-4044-809A-797C2ED0F622} = {FFF025AA-DE71-4A2D-BF9C-6F407F93BC8F}
		{3C3AB7F0-13D2-47E3-8731-6BCDB8E5C28E} = {FFF025AA-DE71-4A2D-BF9C-6F407F93BC8F}
		{5EBD6128-FBF7-4EC0-9B90-2877FD4F9B7D} = {805BF967-6826-400B-998B-52417800C00B}
		{37FB3024-16EA-407B-8D64-35F7E9C034F8} = {805BF967-6826-400B-998B-52417800C00B}
		{CB913999-72AC-488F-AB47-6036B0409A72} = {7414BE21-7193-4C8C-8EA7-C7E8F0EABFDB}
		{C088CEBD-2BF2-4AE5-BFF5-876612FDD0E3} = {7414BE21-7193-4C8C-8EA7-C7E8F0EABFDB}
		{24217679-47FF-47F4-8220-66BE854F8D5D} = {BD41FF91-02DC-452B-BFC9-064652315671}
		{7E8C08CC-C56F-4B69-B4D2-8FB645F2AD59} = {BD41FF91-02DC-452B-BFC9-064652315671}
		{2E5F5716-5206-46DA-9295-61314F7F967C} = {5B78F83F-651B-4044-809A-797C2ED0F622}
		{98622138-B273-4D0B-9240-B6C6633F9572} = {5B78F83F-651B-4044-809A-797C2ED0F622}
		{9D4BC2B8-ECB0-4393-8A9A-67F49030B963} = {5B78F83F-651B-4044-809A-797C2ED0F622}
		{ABEA6CA6-C724-435D-8740-F81C943D4356} = {3C3AB7F0-13D2-47E3-8731-6BCDB8E5C28E}
		{8C88CB99-809B-45B3-9D4A-DAB310E7ADF9} = {969774CC-6BE0-454E-B9F7-243BBF0BAA9F}
		{B68FC873-1473-4CC4-9053-165C08F56B81} = {0753A65F-8A71-4716-A23F-35050FB0BC3C}
		{05623D1C-152B-4C34-960C-6E809D3F6267} = {0753A65F-8A71-4716-A23F-35050FB0BC3C}
	EndGlobalSection
	GlobalSection(ExtensibilityGlobals) = postSolution
		EnterpriseLibraryConfigurationToolBinariesPathV6 = Packages\EnterpriseLibrary.Common.6.0.1304.0\lib\NET45;Packages\EnterpriseLibrary.Data.6.0.1304.0\lib\NET45
	EndGlobalSection
EndGlobal
