
Microsoft Visual Studio Solution File, Format Version 12.00
# Visual Studio 2013
VisualStudioVersion = 12.0.31101.0
MinimumVisualStudioVersion = 10.0.40219.1
Project("{FAE04EC0-301F-11D3-BF4B-00C04F79EFBC}") = "Common.Xml", "Framework\HYS.Common.Xml\Common.Xml.csproj", "{859B757E-44C6-4183-8E1E-9C3C21871843}"
EndProject
Project("{FAE04EC0-301F-11D3-BF4B-00C04F79EFBC}") = "Common.DataAccess", "Framework\HYS.Common.DataAccess\Common.DataAccess.csproj", "{79390527-CC64-4CDC-B8FE-25072D303606}"
EndProject
Project("{FAE04EC0-301F-11D3-BF4B-00C04F79EFBC}") = "Adapter.Base", "Framework\HYS.Adapter.Base\Adapter.Base.csproj", "{5ACF1F45-A8BA-4A67-B2D1-8506381EC0E5}"
EndProject
Project("{FAE04EC0-301F-11D3-BF4B-00C04F79EFBC}") = "Adapter.Composer", "Framework\HYS.Adapter.Composer\Adapter.Composer.csproj", "{3865209D-E8FE-432F-B2BC-C085E816D98D}"
EndProject
Project("{FAE04EC0-301F-11D3-BF4B-00C04F79EFBC}") = "Adapter.Config", "Framework\HYS.Adapter.Config\Adapter.Config.csproj", "{9FE8B899-F735-4C59-9B90-7FFA06B4E933}"
EndProject
Project("{FAE04EC0-301F-11D3-BF4B-00C04F79EFBC}") = "Adapter.Service", "Framework\HYS.Adapter.Service\Adapter.Service.csproj", "{B46A7A69-073B-44B2-9710-3594B9DC1F3C}"
EndProject
Project("{FAE04EC0-301F-11D3-BF4B-00C04F79EFBC}") = "HYS.Common.Dicom", "DicomAdapter\HYS.Common.Dicom\HYS.Common.Dicom.csproj", "{60386368-A41D-4A74-BF7F-9AC87575CADC}"
EndProject
Project("{FAE04EC0-301F-11D3-BF4B-00C04F79EFBC}") = "File.Common", "FileAdapter\Common\File.Common.csproj", "{E75A1FD3-D105-4D7D-8BAE-0704A8D46AB6}"
EndProject
Project("{FAE04EC0-301F-11D3-BF4B-00C04F79EFBC}") = "File.Configuration", "FileAdapter\Configuration\File.Configuration.csproj", "{5A4E019D-97BF-45E6-B2FB-B27CA9313E5A}"
EndProject
Project("{FAE04EC0-301F-11D3-BF4B-00C04F79EFBC}") = "FileInboundAdapter", "FileAdapter\FileInboundAdapter\FileInboundAdapter.csproj", "{7A519349-9CC0-471F-9305-4D6FDF099A9C}"
EndProject
Project("{FAE04EC0-301F-11D3-BF4B-00C04F79EFBC}") = "FileInboundConfiguration", "FileAdapter\FileInboundConfiguration\FileInboundConfiguration.csproj", "{60F1C84F-6F03-42EA-AEF5-5E35BB6451E3}"
EndProject
Project("{FAE04EC0-301F-11D3-BF4B-00C04F79EFBC}") = "FileOutboundAdapter", "FileAdapter\FileOutboundAdapter\FileOutboundAdapter.csproj", "{5B0761BC-D933-49EC-A202-7E6B3DA47609}"
EndProject
Project("{FAE04EC0-301F-11D3-BF4B-00C04F79EFBC}") = "FileOutboundConfiguration", "FileAdapter\FileOutboundConfiguration\FileOutboundConfiguration.csproj", "{77C9DA24-D6E6-48E7-96D1-17B286450CBE}"
EndProject
Project("{FAE04EC0-301F-11D3-BF4B-00C04F79EFBC}") = "HYS.Adapter.Monitor", "Monitor\HYS.Monitor\HYS.Adapter.Monitor.csproj", "{CE201503-78E1-467A-8ED4-FA30C812E988}"
EndProject
Project("{FAE04EC0-301F-11D3-BF4B-00C04F79EFBC}") = "Rdet.Common", "RdetAdapter\Common\Rdet.Common.csproj", "{ACFA090F-9E8F-4D04-89E6-9AC79C77ED35}"
EndProject
Project("{FAE04EC0-301F-11D3-BF4B-00C04F79EFBC}") = "Rdet.Configuration", "RdetAdapter\Configuration\Rdet.Configuration.csproj", "{DFF6F2AD-DF92-4632-B494-3899D8425AB1}"
EndProject
Project("{FAE04EC0-301F-11D3-BF4B-00C04F79EFBC}") = "RdetOutboundAdapter", "RdetAdapter\RdetOutboundAdapter\RdetOutboundAdapter.csproj", "{724C8976-F4A7-4859-B111-144B3C838152}"
EndProject
Project("{FAE04EC0-301F-11D3-BF4B-00C04F79EFBC}") = "RdetOutboundAdapterConfiguration", "RdetAdapter\RdetOutboundConfiguration\RdetOutboundAdapterConfiguration.csproj", "{6D8E2BDC-ABFE-4CE7-AB06-23DA1002643B}"
EndProject
Project("{FAE04EC0-301F-11D3-BF4B-00C04F79EFBC}") = "StarCommon", "RdetAdapter\StarConvert\StarCommon.csproj", "{3CEA0102-0E2C-4D9D-A1FD-53D8166338A6}"
EndProject
Project("{FAE04EC0-301F-11D3-BF4B-00C04F79EFBC}") = "HYS.SocketAdapter.Common", "SocketAdapter\Common\HYS.SocketAdapter.Common.csproj", "{BCDAB08C-43FC-4479-90CE-FA0C12DE413C}"
EndProject
Project("{FAE04EC0-301F-11D3-BF4B-00C04F79EFBC}") = "HYS.SocketAdapter.Configuration", "SocketAdapter\Configuration\HYS.SocketAdapter.Configuration.csproj", "{5608C177-B2DB-43C4-AC28-169853EDCC48}"
EndProject
Project("{FAE04EC0-301F-11D3-BF4B-00C04F79EFBC}") = "HYS.SocketAdapter.SocketAdapter", "SocketAdapter\SocketAdapter\HYS.SocketAdapter.SocketAdapter.csproj", "{E9548934-00B5-4E52-83E7-DD689147F6B6}"
EndProject
Project("{FAE04EC0-301F-11D3-BF4B-00C04F79EFBC}") = "HYS.SocketAdapter.SocketInboundAdapter", "SocketAdapter\SocketInboundAdapter\HYS.SocketAdapter.SocketInboundAdapter.csproj", "{9C2670CC-B09A-48D5-B548-2D4FE342DC5C}"
EndProject
Project("{FAE04EC0-301F-11D3-BF4B-00C04F79EFBC}") = "HYS.SocketAdapter.SocketInboundAdapterConfiguration", "SocketAdapter\SocketInboundConfig\HYS.SocketAdapter.SocketInboundAdapterConfiguration.csproj", "{9501947A-CC6C-464B-94E7-BBA8B2FDB138}"
EndProject
Project("{FAE04EC0-301F-11D3-BF4B-00C04F79EFBC}") = "HYS.SocketAdapter.SocketOutboundAdapter", "SocketAdapter\SocketOutboundAdapter\HYS.SocketAdapter.SocketOutboundAdapter.csproj", "{70185B42-8D67-48BE-8AEA-B1B7033D4916}"
EndProject
Project("{FAE04EC0-301F-11D3-BF4B-00C04F79EFBC}") = "HYS.SocketAdapter.SocketOutboundAdapterConfiguration", "SocketAdapter\SocketOutboundConfig\HYS.SocketAdapter.SocketOutboundAdapterConfiguration.csproj", "{7DC0B947-90FB-4D2D-8DAB-27B01F4F36BF}"
EndProject
Project("{FAE04EC0-301F-11D3-BF4B-00C04F79EFBC}") = "AdapterDatabase", "SQLAdapters\AdapterDatabase\AdapterDatabase.csproj", "{FA8F733E-2658-45C2-A976-1088D136D73C}"
EndProject
Project("{FAE04EC0-301F-11D3-BF4B-00C04F79EFBC}") = "OutboundConfig_for_ris", "SQLAdapters\OutboundConfig_for_ris\OutboundConfig_for_ris.csproj", "{9E1936ED-BE51-48D0-B79B-02F687CB196C}"
EndProject
Project("{FAE04EC0-301F-11D3-BF4B-00C04F79EFBC}") = "SQLInboundAdapter", "SQLAdapters\SQLInboundAdapter\SQLInboundAdapter.csproj", "{7668D6EB-81E5-4827-A4A5-FF050AFCF797}"
EndProject
Project("{FAE04EC0-301F-11D3-BF4B-00C04F79EFBC}") = "SQLInboundAdapterConfiguration", "SQLAdapters\SQLInboundConfiguration\SQLInboundAdapterConfiguration.csproj", "{C22CEB4E-EA2A-4BEF-9A34-7D7EE619770D}"
EndProject
Project("{FAE04EC0-301F-11D3-BF4B-00C04F79EFBC}") = "SQLInboundAdapterObjects", "SQLAdapters\SQLInboundObjects\SQLInboundAdapterObjects.csproj", "{E6DD76E1-12C4-4EAA-B5A9-4F7DDA0A8BCA}"
EndProject
Project("{FAE04EC0-301F-11D3-BF4B-00C04F79EFBC}") = "SQLOutboundAdapter", "SQLAdapters\SQLOutboundAdapter\SQLOutboundAdapter.csproj", "{B0843EEE-5AD2-4252-9223-9D41063FE280}"
EndProject
Project("{FAE04EC0-301F-11D3-BF4B-00C04F79EFBC}") = "SQLOutboundAdapterConfiguration", "SQLAdapters\SQLOutboundConfiguration\SQLOutboundAdapterConfiguration.csproj", "{795594F9-7297-480A-858A-6EE869E515A0}"
EndProject
Project("{FAE04EC0-301F-11D3-BF4B-00C04F79EFBC}") = "SQLOutboundAdapterObjects", "SQLAdapters\SQLOutboundObjects\SQLOutboundAdapterObjects.csproj", "{7F406CA0-1F0D-41E1-B63E-15FFCE00A9FE}"
EndProject
Project("{FAE04EC0-301F-11D3-BF4B-00C04F79EFBC}") = "HYS.XmlAdapter.Common", "XmlAdapter\HYS.XmlAdapter.Common\HYS.XmlAdapter.Common.csproj", "{4A280B55-A6C2-4DFC-B612-34DB6E3F918E}"
EndProject
Project("{FAE04EC0-301F-11D3-BF4B-00C04F79EFBC}") = "HYS.XmlAdapter.Inbound", "XmlAdapter\HYS.XmlAdapter.Inbound\HYS.XmlAdapter.Inbound.csproj", "{25C240E3-75A0-4C1F-86F2-E3202D9EB3FC}"
EndProject
Project("{FAE04EC0-301F-11D3-BF4B-00C04F79EFBC}") = "HYS.XmlAdapter.Outbound", "XmlAdapter\HYS.XmlAdapter.Outbound\HYS.XmlAdapter.Outbound.csproj", "{69A9FC3F-C12A-4117-AF32-91838B69C2DE}"
EndProject
Project("{FAE04EC0-301F-11D3-BF4B-00C04F79EFBC}") = "OutboundDBInstall", "OutboundTrigger\OutboundDBInstall\OutboundDBInstall.csproj", "{F2177AA8-42EE-4D7E-86D8-DC6721BD10DD}"
EndProject
Project("{FAE04EC0-301F-11D3-BF4B-00C04F79EFBC}") = "Common.WCFHelper", "HL7IM\Common\WCFHelper\Common.WCFHelper.csproj", "{01063DDE-0935-4B34-81E9-4FE501D6D2FD}"
EndProject
Project("{FAE04EC0-301F-11D3-BF4B-00C04F79EFBC}") = "Common.XDS", "Framework\HYS.Common.XDS\Common.XDS.csproj", "{A7C6030A-9285-40D9-9047-254FF96E2BAE}"
EndProject
Project("{FAE04EC0-301F-11D3-BF4B-00C04F79EFBC}") = "Common.Objects", "Framework\HYS.Common.Objects\Common.Objects.csproj", "{4D805299-9559-4F4B-A95C-FEFB294AC2FF}"
EndProject
Project("{FAE04EC0-301F-11D3-BF4B-00C04F79EFBC}") = "CallExternalMethod", "SQLAdapters\CallExternalMethod\CallExternalMethod.csproj", "{1148ACF6-1732-4A23-A0C0-2EF64A8192F2}"
EndProject
Project("{FAE04EC0-301F-11D3-BF4B-00C04F79EFBC}") = "HYS.Common.Soap", "DicomAdapter\Common.Soap\HYS.Common.Soap.csproj", "{95191241-CFAC-4264-91BC-B6C079C8264E}"
EndProject
Project("{FAE04EC0-301F-11D3-BF4B-00C04F79EFBC}") = "IM.BusinessControl", "Framework\HYS.IM.BusinessControl\IM.BusinessControl.csproj", "{35147155-B2CE-4946-87B6-F6F020481650}"
EndProject
Project("{FAE04EC0-301F-11D3-BF4B-00C04F79EFBC}") = "IM.BusinessEntity", "Framework\HYS.IM.BusinessEntity\IM.BusinessEntity.csproj", "{1CAD6E9A-956C-4824-8FC8-4995C8039BA0}"
EndProject
Project("{FAE04EC0-301F-11D3-BF4B-00C04F79EFBC}") = "IM.UIControl", "Framework\HYS.IM.UIControl\IM.UIControl.csproj", "{7D04D7F7-10D2-4E29-A30E-6934D48800FE}"
EndProject
Project("{FAE04EC0-301F-11D3-BF4B-00C04F79EFBC}") = "IM", "Framework\HYS.IM\IM.csproj", "{D3867B30-91F2-46FB-90D0-60E34C02BF5A}"
EndProject
Project("{2150E333-8FDC-42A3-9474-1A3956D46DE8}") = "DicomAdapter", "DicomAdapter", "{36F145C5-E93E-4742-B054-EED00E9E17B4}"
EndProject
Project("{FAE04EC0-301F-11D3-BF4B-00C04F79EFBC}") = "HYS.DicomAdapter.Common", "DicomAdapter\HYS.DicomAdapter.Common\HYS.DicomAdapter.Common.csproj", "{E1EF831A-9DD5-4E68-B31A-53FE6E5EE891}"
EndProject
Project("{FAE04EC0-301F-11D3-BF4B-00C04F79EFBC}") = "HYS.DicomAdapter.MWLServer", "DicomAdapter\HYS.DicomAdapter.MWLServer\HYS.DicomAdapter.MWLServer.csproj", "{843CD859-A8AE-4B8C-88A5-C24220DFB258}"
EndProject
Project("{FAE04EC0-301F-11D3-BF4B-00C04F79EFBC}") = "HYS.DicomAdapter.StorageServer", "DicomAdapter\HYS.DicomAdapter.StorageServer\HYS.DicomAdapter.StorageServer.csproj", "{FD325793-40B5-4E9E-8AD8-0C3CBBCF260F}"
EndProject
Global
	GlobalSection(SolutionConfigurationPlatforms) = preSolution
		Debug|Any CPU = Debug|Any CPU
		Debug|Mixed Platforms = Debug|Mixed Platforms
		Debug|Win32 = Debug|Win32
		Debug|x64 = Debug|x64
		Release|Any CPU = Release|Any CPU
		Release|Mixed Platforms = Release|Mixed Platforms
		Release|Win32 = Release|Win32
		Release|x64 = Release|x64
	EndGlobalSection
	GlobalSection(ProjectConfigurationPlatforms) = postSolution
		{859B757E-44C6-4183-8E1E-9C3C21871843}.Debug|Any CPU.ActiveCfg = Debug|Any CPU
		{859B757E-44C6-4183-8E1E-9C3C21871843}.Debug|Any CPU.Build.0 = Debug|Any CPU
		{859B757E-44C6-4183-8E1E-9C3C21871843}.Debug|Mixed Platforms.ActiveCfg = Debug|Any CPU
		{859B757E-44C6-4183-8E1E-9C3C21871843}.Debug|Mixed Platforms.Build.0 = Debug|Any CPU
		{859B757E-44C6-4183-8E1E-9C3C21871843}.Debug|Win32.ActiveCfg = Debug|Any CPU
		{859B757E-44C6-4183-8E1E-9C3C21871843}.Debug|x64.ActiveCfg = Debug|Any CPU
		{859B757E-44C6-4183-8E1E-9C3C21871843}.Release|Any CPU.ActiveCfg = Release|Any CPU
		{859B757E-44C6-4183-8E1E-9C3C21871843}.Release|Any CPU.Build.0 = Release|Any CPU
		{859B757E-44C6-4183-8E1E-9C3C21871843}.Release|Mixed Platforms.ActiveCfg = Release|Any CPU
		{859B757E-44C6-4183-8E1E-9C3C21871843}.Release|Mixed Platforms.Build.0 = Release|Any CPU
		{859B757E-44C6-4183-8E1E-9C3C21871843}.Release|Win32.ActiveCfg = Release|Any CPU
		{859B757E-44C6-4183-8E1E-9C3C21871843}.Release|x64.ActiveCfg = Release|Any CPU
		{79390527-CC64-4CDC-B8FE-25072D303606}.Debug|Any CPU.ActiveCfg = Debug|Any CPU
		{79390527-CC64-4CDC-B8FE-25072D303606}.Debug|Any CPU.Build.0 = Debug|Any CPU
		{79390527-CC64-4CDC-B8FE-25072D303606}.Debug|Mixed Platforms.ActiveCfg = Debug|Any CPU
		{79390527-CC64-4CDC-B8FE-25072D303606}.Debug|Mixed Platforms.Build.0 = Debug|Any CPU
		{79390527-CC64-4CDC-B8FE-25072D303606}.Debug|Win32.ActiveCfg = Debug|Any CPU
		{79390527-CC64-4CDC-B8FE-25072D303606}.Debug|x64.ActiveCfg = Debug|Any CPU
		{79390527-CC64-4CDC-B8FE-25072D303606}.Release|Any CPU.ActiveCfg = Release|Any CPU
		{79390527-CC64-4CDC-B8FE-25072D303606}.Release|Any CPU.Build.0 = Release|Any CPU
		{79390527-CC64-4CDC-B8FE-25072D303606}.Release|Mixed Platforms.ActiveCfg = Release|Any CPU
		{79390527-CC64-4CDC-B8FE-25072D303606}.Release|Mixed Platforms.Build.0 = Release|Any CPU
		{79390527-CC64-4CDC-B8FE-25072D303606}.Release|Win32.ActiveCfg = Release|Any CPU
		{79390527-CC64-4CDC-B8FE-25072D303606}.Release|x64.ActiveCfg = Release|Any CPU
		{5ACF1F45-A8BA-4A67-B2D1-8506381EC0E5}.Debug|Any CPU.ActiveCfg = Debug|Any CPU
		{5ACF1F45-A8BA-4A67-B2D1-8506381EC0E5}.Debug|Any CPU.Build.0 = Debug|Any CPU
		{5ACF1F45-A8BA-4A67-B2D1-8506381EC0E5}.Debug|Mixed Platforms.ActiveCfg = Debug|Any CPU
		{5ACF1F45-A8BA-4A67-B2D1-8506381EC0E5}.Debug|Mixed Platforms.Build.0 = Debug|Any CPU
		{5ACF1F45-A8BA-4A67-B2D1-8506381EC0E5}.Debug|Win32.ActiveCfg = Debug|Any CPU
		{5ACF1F45-A8BA-4A67-B2D1-8506381EC0E5}.Debug|x64.ActiveCfg = Debug|Any CPU
		{5ACF1F45-A8BA-4A67-B2D1-8506381EC0E5}.Release|Any CPU.ActiveCfg = Release|Any CPU
		{5ACF1F45-A8BA-4A67-B2D1-8506381EC0E5}.Release|Any CPU.Build.0 = Release|Any CPU
		{5ACF1F45-A8BA-4A67-B2D1-8506381EC0E5}.Release|Mixed Platforms.ActiveCfg = Release|Any CPU
		{5ACF1F45-A8BA-4A67-B2D1-8506381EC0E5}.Release|Mixed Platforms.Build.0 = Release|Any CPU
		{5ACF1F45-A8BA-4A67-B2D1-8506381EC0E5}.Release|Win32.ActiveCfg = Release|Any CPU
		{5ACF1F45-A8BA-4A67-B2D1-8506381EC0E5}.Release|x64.ActiveCfg = Release|Any CPU
		{3865209D-E8FE-432F-B2BC-C085E816D98D}.Debug|Any CPU.ActiveCfg = Debug|Any CPU
		{3865209D-E8FE-432F-B2BC-C085E816D98D}.Debug|Any CPU.Build.0 = Debug|Any CPU
		{3865209D-E8FE-432F-B2BC-C085E816D98D}.Debug|Mixed Platforms.ActiveCfg = Debug|Any CPU
		{3865209D-E8FE-432F-B2BC-C085E816D98D}.Debug|Mixed Platforms.Build.0 = Debug|Any CPU
		{3865209D-E8FE-432F-B2BC-C085E816D98D}.Debug|Win32.ActiveCfg = Debug|Any CPU
		{3865209D-E8FE-432F-B2BC-C085E816D98D}.Debug|x64.ActiveCfg = Debug|Any CPU
		{3865209D-E8FE-432F-B2BC-C085E816D98D}.Release|Any CPU.ActiveCfg = Release|Any CPU
		{3865209D-E8FE-432F-B2BC-C085E816D98D}.Release|Any CPU.Build.0 = Release|Any CPU
		{3865209D-E8FE-432F-B2BC-C085E816D98D}.Release|Mixed Platforms.ActiveCfg = Release|Any CPU
		{3865209D-E8FE-432F-B2BC-C085E816D98D}.Release|Mixed Platforms.Build.0 = Release|Any CPU
		{3865209D-E8FE-432F-B2BC-C085E816D98D}.Release|Win32.ActiveCfg = Release|Any CPU
		{3865209D-E8FE-432F-B2BC-C085E816D98D}.Release|x64.ActiveCfg = Release|Any CPU
		{9FE8B899-F735-4C59-9B90-7FFA06B4E933}.Debug|Any CPU.ActiveCfg = Debug|Any CPU
		{9FE8B899-F735-4C59-9B90-7FFA06B4E933}.Debug|Any CPU.Build.0 = Debug|Any CPU
		{9FE8B899-F735-4C59-9B90-7FFA06B4E933}.Debug|Mixed Platforms.ActiveCfg = Debug|Any CPU
		{9FE8B899-F735-4C59-9B90-7FFA06B4E933}.Debug|Mixed Platforms.Build.0 = Debug|Any CPU
		{9FE8B899-F735-4C59-9B90-7FFA06B4E933}.Debug|Win32.ActiveCfg = Debug|Any CPU
		{9FE8B899-F735-4C59-9B90-7FFA06B4E933}.Debug|x64.ActiveCfg = Debug|Any CPU
		{9FE8B899-F735-4C59-9B90-7FFA06B4E933}.Release|Any CPU.ActiveCfg = Release|Any CPU
		{9FE8B899-F735-4C59-9B90-7FFA06B4E933}.Release|Any CPU.Build.0 = Release|Any CPU
		{9FE8B899-F735-4C59-9B90-7FFA06B4E933}.Release|Mixed Platforms.ActiveCfg = Release|Any CPU
		{9FE8B899-F735-4C59-9B90-7FFA06B4E933}.Release|Mixed Platforms.Build.0 = Release|Any CPU
		{9FE8B899-F735-4C59-9B90-7FFA06B4E933}.Release|Win32.ActiveCfg = Release|Any CPU
		{9FE8B899-F735-4C59-9B90-7FFA06B4E933}.Release|x64.ActiveCfg = Release|Any CPU
		{B46A7A69-073B-44B2-9710-3594B9DC1F3C}.Debug|Any CPU.ActiveCfg = Debug|Any CPU
		{B46A7A69-073B-44B2-9710-3594B9DC1F3C}.Debug|Any CPU.Build.0 = Debug|Any CPU
		{B46A7A69-073B-44B2-9710-3594B9DC1F3C}.Debug|Mixed Platforms.ActiveCfg = Debug|Any CPU
		{B46A7A69-073B-44B2-9710-3594B9DC1F3C}.Debug|Mixed Platforms.Build.0 = Debug|Any CPU
		{B46A7A69-073B-44B2-9710-3594B9DC1F3C}.Debug|Win32.ActiveCfg = Debug|Any CPU
		{B46A7A69-073B-44B2-9710-3594B9DC1F3C}.Debug|x64.ActiveCfg = Debug|Any CPU
		{B46A7A69-073B-44B2-9710-3594B9DC1F3C}.Release|Any CPU.ActiveCfg = Release|Any CPU
		{B46A7A69-073B-44B2-9710-3594B9DC1F3C}.Release|Any CPU.Build.0 = Release|Any CPU
		{B46A7A69-073B-44B2-9710-3594B9DC1F3C}.Release|Mixed Platforms.ActiveCfg = Release|Any CPU
		{B46A7A69-073B-44B2-9710-3594B9DC1F3C}.Release|Mixed Platforms.Build.0 = Release|Any CPU
		{B46A7A69-073B-44B2-9710-3594B9DC1F3C}.Release|Win32.ActiveCfg = Release|Any CPU
		{B46A7A69-073B-44B2-9710-3594B9DC1F3C}.Release|x64.ActiveCfg = Release|Any CPU
		{60386368-A41D-4A74-BF7F-9AC87575CADC}.Debug|Any CPU.ActiveCfg = Debug|Any CPU
		{60386368-A41D-4A74-BF7F-9AC87575CADC}.Debug|Any CPU.Build.0 = Debug|Any CPU
		{60386368-A41D-4A74-BF7F-9AC87575CADC}.Debug|Mixed Platforms.ActiveCfg = Debug|Any CPU
		{60386368-A41D-4A74-BF7F-9AC87575CADC}.Debug|Mixed Platforms.Build.0 = Debug|Any CPU
		{60386368-A41D-4A74-BF7F-9AC87575CADC}.Debug|Win32.ActiveCfg = Debug|Any CPU
		{60386368-A41D-4A74-BF7F-9AC87575CADC}.Debug|x64.ActiveCfg = Debug|Any CPU
		{60386368-A41D-4A74-BF7F-9AC87575CADC}.Release|Any CPU.ActiveCfg = Release|Any CPU
		{60386368-A41D-4A74-BF7F-9AC87575CADC}.Release|Any CPU.Build.0 = Release|Any CPU
		{60386368-A41D-4A74-BF7F-9AC87575CADC}.Release|Mixed Platforms.ActiveCfg = Release|Any CPU
		{60386368-A41D-4A74-BF7F-9AC87575CADC}.Release|Mixed Platforms.Build.0 = Release|Any CPU
		{60386368-A41D-4A74-BF7F-9AC87575CADC}.Release|Win32.ActiveCfg = Release|Any CPU
		{60386368-A41D-4A74-BF7F-9AC87575CADC}.Release|x64.ActiveCfg = Release|Any CPU
		{E75A1FD3-D105-4D7D-8BAE-0704A8D46AB6}.Debug|Any CPU.ActiveCfg = Debug|Any CPU
		{E75A1FD3-D105-4D7D-8BAE-0704A8D46AB6}.Debug|Any CPU.Build.0 = Debug|Any CPU
		{E75A1FD3-D105-4D7D-8BAE-0704A8D46AB6}.Debug|Mixed Platforms.ActiveCfg = Debug|Any CPU
		{E75A1FD3-D105-4D7D-8BAE-0704A8D46AB6}.Debug|Mixed Platforms.Build.0 = Debug|Any CPU
		{E75A1FD3-D105-4D7D-8BAE-0704A8D46AB6}.Debug|Win32.ActiveCfg = Debug|Any CPU
		{E75A1FD3-D105-4D7D-8BAE-0704A8D46AB6}.Debug|x64.ActiveCfg = Debug|Any CPU
		{E75A1FD3-D105-4D7D-8BAE-0704A8D46AB6}.Release|Any CPU.ActiveCfg = Release|Any CPU
		{E75A1FD3-D105-4D7D-8BAE-0704A8D46AB6}.Release|Any CPU.Build.0 = Release|Any CPU
		{E75A1FD3-D105-4D7D-8BAE-0704A8D46AB6}.Release|Mixed Platforms.ActiveCfg = Release|Any CPU
		{E75A1FD3-D105-4D7D-8BAE-0704A8D46AB6}.Release|Mixed Platforms.Build.0 = Release|Any CPU
		{E75A1FD3-D105-4D7D-8BAE-0704A8D46AB6}.Release|Win32.ActiveCfg = Release|Any CPU
		{E75A1FD3-D105-4D7D-8BAE-0704A8D46AB6}.Release|x64.ActiveCfg = Release|Any CPU
		{5A4E019D-97BF-45E6-B2FB-B27CA9313E5A}.Debug|Any CPU.ActiveCfg = Debug|Any CPU
		{5A4E019D-97BF-45E6-B2FB-B27CA9313E5A}.Debug|Any CPU.Build.0 = Debug|Any CPU
		{5A4E019D-97BF-45E6-B2FB-B27CA9313E5A}.Debug|Mixed Platforms.ActiveCfg = Debug|Any CPU
		{5A4E019D-97BF-45E6-B2FB-B27CA9313E5A}.Debug|Mixed Platforms.Build.0 = Debug|Any CPU
		{5A4E019D-97BF-45E6-B2FB-B27CA9313E5A}.Debug|Win32.ActiveCfg = Debug|Any CPU
		{5A4E019D-97BF-45E6-B2FB-B27CA9313E5A}.Debug|x64.ActiveCfg = Debug|Any CPU
		{5A4E019D-97BF-45E6-B2FB-B27CA9313E5A}.Release|Any CPU.ActiveCfg = Release|Any CPU
		{5A4E019D-97BF-45E6-B2FB-B27CA9313E5A}.Release|Any CPU.Build.0 = Release|Any CPU
		{5A4E019D-97BF-45E6-B2FB-B27CA9313E5A}.Release|Mixed Platforms.ActiveCfg = Release|Any CPU
		{5A4E019D-97BF-45E6-B2FB-B27CA9313E5A}.Release|Mixed Platforms.Build.0 = Release|Any CPU
		{5A4E019D-97BF-45E6-B2FB-B27CA9313E5A}.Release|Win32.ActiveCfg = Release|Any CPU
		{5A4E019D-97BF-45E6-B2FB-B27CA9313E5A}.Release|x64.ActiveCfg = Release|Any CPU
		{7A519349-9CC0-471F-9305-4D6FDF099A9C}.Debug|Any CPU.ActiveCfg = Debug|Any CPU
		{7A519349-9CC0-471F-9305-4D6FDF099A9C}.Debug|Any CPU.Build.0 = Debug|Any CPU
		{7A519349-9CC0-471F-9305-4D6FDF099A9C}.Debug|Mixed Platforms.ActiveCfg = Debug|Any CPU
		{7A519349-9CC0-471F-9305-4D6FDF099A9C}.Debug|Mixed Platforms.Build.0 = Debug|Any CPU
		{7A519349-9CC0-471F-9305-4D6FDF099A9C}.Debug|Win32.ActiveCfg = Debug|Any CPU
		{7A519349-9CC0-471F-9305-4D6FDF099A9C}.Debug|x64.ActiveCfg = Debug|Any CPU
		{7A519349-9CC0-471F-9305-4D6FDF099A9C}.Release|Any CPU.ActiveCfg = Release|Any CPU
		{7A519349-9CC0-471F-9305-4D6FDF099A9C}.Release|Any CPU.Build.0 = Release|Any CPU
		{7A519349-9CC0-471F-9305-4D6FDF099A9C}.Release|Mixed Platforms.ActiveCfg = Release|Any CPU
		{7A519349-9CC0-471F-9305-4D6FDF099A9C}.Release|Mixed Platforms.Build.0 = Release|Any CPU
		{7A519349-9CC0-471F-9305-4D6FDF099A9C}.Release|Win32.ActiveCfg = Release|Any CPU
		{7A519349-9CC0-471F-9305-4D6FDF099A9C}.Release|x64.ActiveCfg = Release|Any CPU
		{60F1C84F-6F03-42EA-AEF5-5E35BB6451E3}.Debug|Any CPU.ActiveCfg = Debug|Any CPU
		{60F1C84F-6F03-42EA-AEF5-5E35BB6451E3}.Debug|Any CPU.Build.0 = Debug|Any CPU
		{60F1C84F-6F03-42EA-AEF5-5E35BB6451E3}.Debug|Mixed Platforms.ActiveCfg = Debug|Any CPU
		{60F1C84F-6F03-42EA-AEF5-5E35BB6451E3}.Debug|Mixed Platforms.Build.0 = Debug|Any CPU
		{60F1C84F-6F03-42EA-AEF5-5E35BB6451E3}.Debug|Win32.ActiveCfg = Debug|Any CPU
		{60F1C84F-6F03-42EA-AEF5-5E35BB6451E3}.Debug|x64.ActiveCfg = Debug|Any CPU
		{60F1C84F-6F03-42EA-AEF5-5E35BB6451E3}.Release|Any CPU.ActiveCfg = Release|Any CPU
		{60F1C84F-6F03-42EA-AEF5-5E35BB6451E3}.Release|Any CPU.Build.0 = Release|Any CPU
		{60F1C84F-6F03-42EA-AEF5-5E35BB6451E3}.Release|Mixed Platforms.ActiveCfg = Release|Any CPU
		{60F1C84F-6F03-42EA-AEF5-5E35BB6451E3}.Release|Mixed Platforms.Build.0 = Release|Any CPU
		{60F1C84F-6F03-42EA-AEF5-5E35BB6451E3}.Release|Win32.ActiveCfg = Release|Any CPU
		{60F1C84F-6F03-42EA-AEF5-5E35BB6451E3}.Release|x64.ActiveCfg = Release|Any CPU
		{5B0761BC-D933-49EC-A202-7E6B3DA47609}.Debug|Any CPU.ActiveCfg = Debug|Any CPU
		{5B0761BC-D933-49EC-A202-7E6B3DA47609}.Debug|Any CPU.Build.0 = Debug|Any CPU
		{5B0761BC-D933-49EC-A202-7E6B3DA47609}.Debug|Mixed Platforms.ActiveCfg = Debug|Any CPU
		{5B0761BC-D933-49EC-A202-7E6B3DA47609}.Debug|Mixed Platforms.Build.0 = Debug|Any CPU
		{5B0761BC-D933-49EC-A202-7E6B3DA47609}.Debug|Win32.ActiveCfg = Debug|Any CPU
		{5B0761BC-D933-49EC-A202-7E6B3DA47609}.Debug|x64.ActiveCfg = Debug|Any CPU
		{5B0761BC-D933-49EC-A202-7E6B3DA47609}.Release|Any CPU.ActiveCfg = Release|Any CPU
		{5B0761BC-D933-49EC-A202-7E6B3DA47609}.Release|Any CPU.Build.0 = Release|Any CPU
		{5B0761BC-D933-49EC-A202-7E6B3DA47609}.Release|Mixed Platforms.ActiveCfg = Release|Any CPU
		{5B0761BC-D933-49EC-A202-7E6B3DA47609}.Release|Mixed Platforms.Build.0 = Release|Any CPU
		{5B0761BC-D933-49EC-A202-7E6B3DA47609}.Release|Win32.ActiveCfg = Release|Any CPU
		{5B0761BC-D933-49EC-A202-7E6B3DA47609}.Release|x64.ActiveCfg = Release|Any CPU
		{77C9DA24-D6E6-48E7-96D1-17B286450CBE}.Debug|Any CPU.ActiveCfg = Debug|Any CPU
		{77C9DA24-D6E6-48E7-96D1-17B286450CBE}.Debug|Any CPU.Build.0 = Debug|Any CPU
		{77C9DA24-D6E6-48E7-96D1-17B286450CBE}.Debug|Mixed Platforms.ActiveCfg = Debug|Any CPU
		{77C9DA24-D6E6-48E7-96D1-17B286450CBE}.Debug|Mixed Platforms.Build.0 = Debug|Any CPU
		{77C9DA24-D6E6-48E7-96D1-17B286450CBE}.Debug|Win32.ActiveCfg = Debug|Any CPU
		{77C9DA24-D6E6-48E7-96D1-17B286450CBE}.Debug|x64.ActiveCfg = Debug|Any CPU
		{77C9DA24-D6E6-48E7-96D1-17B286450CBE}.Release|Any CPU.ActiveCfg = Release|Any CPU
		{77C9DA24-D6E6-48E7-96D1-17B286450CBE}.Release|Any CPU.Build.0 = Release|Any CPU
		{77C9DA24-D6E6-48E7-96D1-17B286450CBE}.Release|Mixed Platforms.ActiveCfg = Release|Any CPU
		{77C9DA24-D6E6-48E7-96D1-17B286450CBE}.Release|Mixed Platforms.Build.0 = Release|Any CPU
		{77C9DA24-D6E6-48E7-96D1-17B286450CBE}.Release|Win32.ActiveCfg = Release|Any CPU
		{77C9DA24-D6E6-48E7-96D1-17B286450CBE}.Release|x64.ActiveCfg = Release|Any CPU
		{CE201503-78E1-467A-8ED4-FA30C812E988}.Debug|Any CPU.ActiveCfg = Debug|Any CPU
		{CE201503-78E1-467A-8ED4-FA30C812E988}.Debug|Any CPU.Build.0 = Debug|Any CPU
		{CE201503-78E1-467A-8ED4-FA30C812E988}.Debug|Mixed Platforms.ActiveCfg = Debug|Any CPU
		{CE201503-78E1-467A-8ED4-FA30C812E988}.Debug|Mixed Platforms.Build.0 = Debug|Any CPU
		{CE201503-78E1-467A-8ED4-FA30C812E988}.Debug|Win32.ActiveCfg = Debug|Any CPU
		{CE201503-78E1-467A-8ED4-FA30C812E988}.Debug|x64.ActiveCfg = Debug|Any CPU
		{CE201503-78E1-467A-8ED4-FA30C812E988}.Release|Any CPU.ActiveCfg = Release|Any CPU
		{CE201503-78E1-467A-8ED4-FA30C812E988}.Release|Any CPU.Build.0 = Release|Any CPU
		{CE201503-78E1-467A-8ED4-FA30C812E988}.Release|Mixed Platforms.ActiveCfg = Release|Any CPU
		{CE201503-78E1-467A-8ED4-FA30C812E988}.Release|Mixed Platforms.Build.0 = Release|Any CPU
		{CE201503-78E1-467A-8ED4-FA30C812E988}.Release|Win32.ActiveCfg = Release|Any CPU
		{CE201503-78E1-467A-8ED4-FA30C812E988}.Release|x64.ActiveCfg = Release|Any CPU
		{ACFA090F-9E8F-4D04-89E6-9AC79C77ED35}.Debug|Any CPU.ActiveCfg = Debug|Any CPU
		{ACFA090F-9E8F-4D04-89E6-9AC79C77ED35}.Debug|Any CPU.Build.0 = Debug|Any CPU
		{ACFA090F-9E8F-4D04-89E6-9AC79C77ED35}.Debug|Mixed Platforms.ActiveCfg = Debug|Any CPU
		{ACFA090F-9E8F-4D04-89E6-9AC79C77ED35}.Debug|Mixed Platforms.Build.0 = Debug|Any CPU
		{ACFA090F-9E8F-4D04-89E6-9AC79C77ED35}.Debug|Win32.ActiveCfg = Debug|Any CPU
		{ACFA090F-9E8F-4D04-89E6-9AC79C77ED35}.Debug|x64.ActiveCfg = Debug|Any CPU
		{ACFA090F-9E8F-4D04-89E6-9AC79C77ED35}.Release|Any CPU.ActiveCfg = Release|Any CPU
		{ACFA090F-9E8F-4D04-89E6-9AC79C77ED35}.Release|Any CPU.Build.0 = Release|Any CPU
		{ACFA090F-9E8F-4D04-89E6-9AC79C77ED35}.Release|Mixed Platforms.ActiveCfg = Release|Any CPU
		{ACFA090F-9E8F-4D04-89E6-9AC79C77ED35}.Release|Mixed Platforms.Build.0 = Release|Any CPU
		{ACFA090F-9E8F-4D04-89E6-9AC79C77ED35}.Release|Win32.ActiveCfg = Release|Any CPU
		{ACFA090F-9E8F-4D04-89E6-9AC79C77ED35}.Release|x64.ActiveCfg = Release|Any CPU
		{DFF6F2AD-DF92-4632-B494-3899D8425AB1}.Debug|Any CPU.ActiveCfg = Debug|Any CPU
		{DFF6F2AD-DF92-4632-B494-3899D8425AB1}.Debug|Any CPU.Build.0 = Debug|Any CPU
		{DFF6F2AD-DF92-4632-B494-3899D8425AB1}.Debug|Mixed Platforms.ActiveCfg = Debug|Any CPU
		{DFF6F2AD-DF92-4632-B494-3899D8425AB1}.Debug|Mixed Platforms.Build.0 = Debug|Any CPU
		{DFF6F2AD-DF92-4632-B494-3899D8425AB1}.Debug|Win32.ActiveCfg = Debug|Any CPU
		{DFF6F2AD-DF92-4632-B494-3899D8425AB1}.Debug|x64.ActiveCfg = Debug|Any CPU
		{DFF6F2AD-DF92-4632-B494-3899D8425AB1}.Release|Any CPU.ActiveCfg = Release|Any CPU
		{DFF6F2AD-DF92-4632-B494-3899D8425AB1}.Release|Any CPU.Build.0 = Release|Any CPU
		{DFF6F2AD-DF92-4632-B494-3899D8425AB1}.Release|Mixed Platforms.ActiveCfg = Release|Any CPU
		{DFF6F2AD-DF92-4632-B494-3899D8425AB1}.Release|Mixed Platforms.Build.0 = Release|Any CPU
		{DFF6F2AD-DF92-4632-B494-3899D8425AB1}.Release|Win32.ActiveCfg = Release|Any CPU
		{DFF6F2AD-DF92-4632-B494-3899D8425AB1}.Release|x64.ActiveCfg = Release|Any CPU
		{724C8976-F4A7-4859-B111-144B3C838152}.Debug|Any CPU.ActiveCfg = Debug|Any CPU
		{724C8976-F4A7-4859-B111-144B3C838152}.Debug|Any CPU.Build.0 = Debug|Any CPU
		{724C8976-F4A7-4859-B111-144B3C838152}.Debug|Mixed Platforms.ActiveCfg = Debug|Any CPU
		{724C8976-F4A7-4859-B111-144B3C838152}.Debug|Mixed Platforms.Build.0 = Debug|Any CPU
		{724C8976-F4A7-4859-B111-144B3C838152}.Debug|Win32.ActiveCfg = Debug|Any CPU
		{724C8976-F4A7-4859-B111-144B3C838152}.Debug|x64.ActiveCfg = Debug|Any CPU
		{724C8976-F4A7-4859-B111-144B3C838152}.Release|Any CPU.ActiveCfg = Release|Any CPU
		{724C8976-F4A7-4859-B111-144B3C838152}.Release|Any CPU.Build.0 = Release|Any CPU
		{724C8976-F4A7-4859-B111-144B3C838152}.Release|Mixed Platforms.ActiveCfg = Release|Any CPU
		{724C8976-F4A7-4859-B111-144B3C838152}.Release|Mixed Platforms.Build.0 = Release|Any CPU
		{724C8976-F4A7-4859-B111-144B3C838152}.Release|Win32.ActiveCfg = Release|Any CPU
		{724C8976-F4A7-4859-B111-144B3C838152}.Release|x64.ActiveCfg = Release|Any CPU
		{6D8E2BDC-ABFE-4CE7-AB06-23DA1002643B}.Debug|Any CPU.ActiveCfg = Debug|Any CPU
		{6D8E2BDC-ABFE-4CE7-AB06-23DA1002643B}.Debug|Any CPU.Build.0 = Debug|Any CPU
		{6D8E2BDC-ABFE-4CE7-AB06-23DA1002643B}.Debug|Mixed Platforms.ActiveCfg = Debug|Any CPU
		{6D8E2BDC-ABFE-4CE7-AB06-23DA1002643B}.Debug|Mixed Platforms.Build.0 = Debug|Any CPU
		{6D8E2BDC-ABFE-4CE7-AB06-23DA1002643B}.Debug|Win32.ActiveCfg = Debug|Any CPU
		{6D8E2BDC-ABFE-4CE7-AB06-23DA1002643B}.Debug|x64.ActiveCfg = Debug|Any CPU
		{6D8E2BDC-ABFE-4CE7-AB06-23DA1002643B}.Release|Any CPU.ActiveCfg = Release|Any CPU
		{6D8E2BDC-ABFE-4CE7-AB06-23DA1002643B}.Release|Any CPU.Build.0 = Release|Any CPU
		{6D8E2BDC-ABFE-4CE7-AB06-23DA1002643B}.Release|Mixed Platforms.ActiveCfg = Release|Any CPU
		{6D8E2BDC-ABFE-4CE7-AB06-23DA1002643B}.Release|Mixed Platforms.Build.0 = Release|Any CPU
		{6D8E2BDC-ABFE-4CE7-AB06-23DA1002643B}.Release|Win32.ActiveCfg = Release|Any CPU
		{6D8E2BDC-ABFE-4CE7-AB06-23DA1002643B}.Release|x64.ActiveCfg = Release|Any CPU
		{3CEA0102-0E2C-4D9D-A1FD-53D8166338A6}.Debug|Any CPU.ActiveCfg = Debug|Any CPU
		{3CEA0102-0E2C-4D9D-A1FD-53D8166338A6}.Debug|Any CPU.Build.0 = Debug|Any CPU
		{3CEA0102-0E2C-4D9D-A1FD-53D8166338A6}.Debug|Mixed Platforms.ActiveCfg = Debug|Any CPU
		{3CEA0102-0E2C-4D9D-A1FD-53D8166338A6}.Debug|Mixed Platforms.Build.0 = Debug|Any CPU
		{3CEA0102-0E2C-4D9D-A1FD-53D8166338A6}.Debug|Win32.ActiveCfg = Debug|Any CPU
		{3CEA0102-0E2C-4D9D-A1FD-53D8166338A6}.Debug|x64.ActiveCfg = Debug|Any CPU
		{3CEA0102-0E2C-4D9D-A1FD-53D8166338A6}.Release|Any CPU.ActiveCfg = Release|Any CPU
		{3CEA0102-0E2C-4D9D-A1FD-53D8166338A6}.Release|Any CPU.Build.0 = Release|Any CPU
		{3CEA0102-0E2C-4D9D-A1FD-53D8166338A6}.Release|Mixed Platforms.ActiveCfg = Release|Any CPU
		{3CEA0102-0E2C-4D9D-A1FD-53D8166338A6}.Release|Mixed Platforms.Build.0 = Release|Any CPU
		{3CEA0102-0E2C-4D9D-A1FD-53D8166338A6}.Release|Win32.ActiveCfg = Release|Any CPU
		{3CEA0102-0E2C-4D9D-A1FD-53D8166338A6}.Release|x64.ActiveCfg = Release|Any CPU
		{BCDAB08C-43FC-4479-90CE-FA0C12DE413C}.Debug|Any CPU.ActiveCfg = Debug|Any CPU
		{BCDAB08C-43FC-4479-90CE-FA0C12DE413C}.Debug|Any CPU.Build.0 = Debug|Any CPU
		{BCDAB08C-43FC-4479-90CE-FA0C12DE413C}.Debug|Mixed Platforms.ActiveCfg = Debug|Any CPU
		{BCDAB08C-43FC-4479-90CE-FA0C12DE413C}.Debug|Mixed Platforms.Build.0 = Debug|Any CPU
		{BCDAB08C-43FC-4479-90CE-FA0C12DE413C}.Debug|Win32.ActiveCfg = Debug|Any CPU
		{BCDAB08C-43FC-4479-90CE-FA0C12DE413C}.Debug|x64.ActiveCfg = Debug|Any CPU
		{BCDAB08C-43FC-4479-90CE-FA0C12DE413C}.Release|Any CPU.ActiveCfg = Release|Any CPU
		{BCDAB08C-43FC-4479-90CE-FA0C12DE413C}.Release|Any CPU.Build.0 = Release|Any CPU
		{BCDAB08C-43FC-4479-90CE-FA0C12DE413C}.Release|Mixed Platforms.ActiveCfg = Release|Any CPU
		{BCDAB08C-43FC-4479-90CE-FA0C12DE413C}.Release|Mixed Platforms.Build.0 = Release|Any CPU
		{BCDAB08C-43FC-4479-90CE-FA0C12DE413C}.Release|Win32.ActiveCfg = Release|Any CPU
		{BCDAB08C-43FC-4479-90CE-FA0C12DE413C}.Release|x64.ActiveCfg = Release|Any CPU
		{5608C177-B2DB-43C4-AC28-169853EDCC48}.Debug|Any CPU.ActiveCfg = Debug|Any CPU
		{5608C177-B2DB-43C4-AC28-169853EDCC48}.Debug|Any CPU.Build.0 = Debug|Any CPU
		{5608C177-B2DB-43C4-AC28-169853EDCC48}.Debug|Mixed Platforms.ActiveCfg = Debug|Any CPU
		{5608C177-B2DB-43C4-AC28-169853EDCC48}.Debug|Mixed Platforms.Build.0 = Debug|Any CPU
		{5608C177-B2DB-43C4-AC28-169853EDCC48}.Debug|Win32.ActiveCfg = Debug|Any CPU
		{5608C177-B2DB-43C4-AC28-169853EDCC48}.Debug|x64.ActiveCfg = Debug|Any CPU
		{5608C177-B2DB-43C4-AC28-169853EDCC48}.Release|Any CPU.ActiveCfg = Release|Any CPU
		{5608C177-B2DB-43C4-AC28-169853EDCC48}.Release|Any CPU.Build.0 = Release|Any CPU
		{5608C177-B2DB-43C4-AC28-169853EDCC48}.Release|Mixed Platforms.ActiveCfg = Release|Any CPU
		{5608C177-B2DB-43C4-AC28-169853EDCC48}.Release|Mixed Platforms.Build.0 = Release|Any CPU
		{5608C177-B2DB-43C4-AC28-169853EDCC48}.Release|Win32.ActiveCfg = Release|Any CPU
		{5608C177-B2DB-43C4-AC28-169853EDCC48}.Release|x64.ActiveCfg = Release|Any CPU
		{E9548934-00B5-4E52-83E7-DD689147F6B6}.Debug|Any CPU.ActiveCfg = Debug|Any CPU
		{E9548934-00B5-4E52-83E7-DD689147F6B6}.Debug|Any CPU.Build.0 = Debug|Any CPU
		{E9548934-00B5-4E52-83E7-DD689147F6B6}.Debug|Mixed Platforms.ActiveCfg = Debug|Any CPU
		{E9548934-00B5-4E52-83E7-DD689147F6B6}.Debug|Mixed Platforms.Build.0 = Debug|Any CPU
		{E9548934-00B5-4E52-83E7-DD689147F6B6}.Debug|Win32.ActiveCfg = Debug|Any CPU
		{E9548934-00B5-4E52-83E7-DD689147F6B6}.Debug|x64.ActiveCfg = Debug|Any CPU
		{E9548934-00B5-4E52-83E7-DD689147F6B6}.Release|Any CPU.ActiveCfg = Release|Any CPU
		{E9548934-00B5-4E52-83E7-DD689147F6B6}.Release|Any CPU.Build.0 = Release|Any CPU
		{E9548934-00B5-4E52-83E7-DD689147F6B6}.Release|Mixed Platforms.ActiveCfg = Release|Any CPU
		{E9548934-00B5-4E52-83E7-DD689147F6B6}.Release|Mixed Platforms.Build.0 = Release|Any CPU
		{E9548934-00B5-4E52-83E7-DD689147F6B6}.Release|Win32.ActiveCfg = Release|Any CPU
		{E9548934-00B5-4E52-83E7-DD689147F6B6}.Release|x64.ActiveCfg = Release|Any CPU
		{9C2670CC-B09A-48D5-B548-2D4FE342DC5C}.Debug|Any CPU.ActiveCfg = Debug|Any CPU
		{9C2670CC-B09A-48D5-B548-2D4FE342DC5C}.Debug|Any CPU.Build.0 = Debug|Any CPU
		{9C2670CC-B09A-48D5-B548-2D4FE342DC5C}.Debug|Mixed Platforms.ActiveCfg = Debug|Any CPU
		{9C2670CC-B09A-48D5-B548-2D4FE342DC5C}.Debug|Mixed Platforms.Build.0 = Debug|Any CPU
		{9C2670CC-B09A-48D5-B548-2D4FE342DC5C}.Debug|Win32.ActiveCfg = Debug|Any CPU
		{9C2670CC-B09A-48D5-B548-2D4FE342DC5C}.Debug|x64.ActiveCfg = Debug|Any CPU
		{9C2670CC-B09A-48D5-B548-2D4FE342DC5C}.Release|Any CPU.ActiveCfg = Release|Any CPU
		{9C2670CC-B09A-48D5-B548-2D4FE342DC5C}.Release|Any CPU.Build.0 = Release|Any CPU
		{9C2670CC-B09A-48D5-B548-2D4FE342DC5C}.Release|Mixed Platforms.ActiveCfg = Release|Any CPU
		{9C2670CC-B09A-48D5-B548-2D4FE342DC5C}.Release|Mixed Platforms.Build.0 = Release|Any CPU
		{9C2670CC-B09A-48D5-B548-2D4FE342DC5C}.Release|Win32.ActiveCfg = Release|Any CPU
		{9C2670CC-B09A-48D5-B548-2D4FE342DC5C}.Release|x64.ActiveCfg = Release|Any CPU
		{9501947A-CC6C-464B-94E7-BBA8B2FDB138}.Debug|Any CPU.ActiveCfg = Debug|Any CPU
		{9501947A-CC6C-464B-94E7-BBA8B2FDB138}.Debug|Any CPU.Build.0 = Debug|Any CPU
		{9501947A-CC6C-464B-94E7-BBA8B2FDB138}.Debug|Mixed Platforms.ActiveCfg = Debug|Any CPU
		{9501947A-CC6C-464B-94E7-BBA8B2FDB138}.Debug|Mixed Platforms.Build.0 = Debug|Any CPU
		{9501947A-CC6C-464B-94E7-BBA8B2FDB138}.Debug|Win32.ActiveCfg = Debug|Any CPU
		{9501947A-CC6C-464B-94E7-BBA8B2FDB138}.Debug|x64.ActiveCfg = Debug|Any CPU
		{9501947A-CC6C-464B-94E7-BBA8B2FDB138}.Release|Any CPU.ActiveCfg = Release|Any CPU
		{9501947A-CC6C-464B-94E7-BBA8B2FDB138}.Release|Any CPU.Build.0 = Release|Any CPU
		{9501947A-CC6C-464B-94E7-BBA8B2FDB138}.Release|Mixed Platforms.ActiveCfg = Release|Any CPU
		{9501947A-CC6C-464B-94E7-BBA8B2FDB138}.Release|Mixed Platforms.Build.0 = Release|Any CPU
		{9501947A-CC6C-464B-94E7-BBA8B2FDB138}.Release|Win32.ActiveCfg = Release|Any CPU
		{9501947A-CC6C-464B-94E7-BBA8B2FDB138}.Release|x64.ActiveCfg = Release|Any CPU
		{70185B42-8D67-48BE-8AEA-B1B7033D4916}.Debug|Any CPU.ActiveCfg = Debug|Any CPU
		{70185B42-8D67-48BE-8AEA-B1B7033D4916}.Debug|Any CPU.Build.0 = Debug|Any CPU
		{70185B42-8D67-48BE-8AEA-B1B7033D4916}.Debug|Mixed Platforms.ActiveCfg = Debug|Any CPU
		{70185B42-8D67-48BE-8AEA-B1B7033D4916}.Debug|Mixed Platforms.Build.0 = Debug|Any CPU
		{70185B42-8D67-48BE-8AEA-B1B7033D4916}.Debug|Win32.ActiveCfg = Debug|Any CPU
		{70185B42-8D67-48BE-8AEA-B1B7033D4916}.Debug|x64.ActiveCfg = Debug|Any CPU
		{70185B42-8D67-48BE-8AEA-B1B7033D4916}.Release|Any CPU.ActiveCfg = Release|Any CPU
		{70185B42-8D67-48BE-8AEA-B1B7033D4916}.Release|Any CPU.Build.0 = Release|Any CPU
		{70185B42-8D67-48BE-8AEA-B1B7033D4916}.Release|Mixed Platforms.ActiveCfg = Release|Any CPU
		{70185B42-8D67-48BE-8AEA-B1B7033D4916}.Release|Mixed Platforms.Build.0 = Release|Any CPU
		{70185B42-8D67-48BE-8AEA-B1B7033D4916}.Release|Win32.ActiveCfg = Release|Any CPU
		{70185B42-8D67-48BE-8AEA-B1B7033D4916}.Release|x64.ActiveCfg = Release|Any CPU
		{7DC0B947-90FB-4D2D-8DAB-27B01F4F36BF}.Debug|Any CPU.ActiveCfg = Debug|Any CPU
		{7DC0B947-90FB-4D2D-8DAB-27B01F4F36BF}.Debug|Any CPU.Build.0 = Debug|Any CPU
		{7DC0B947-90FB-4D2D-8DAB-27B01F4F36BF}.Debug|Mixed Platforms.ActiveCfg = Debug|Any CPU
		{7DC0B947-90FB-4D2D-8DAB-27B01F4F36BF}.Debug|Mixed Platforms.Build.0 = Debug|Any CPU
		{7DC0B947-90FB-4D2D-8DAB-27B01F4F36BF}.Debug|Win32.ActiveCfg = Debug|Any CPU
		{7DC0B947-90FB-4D2D-8DAB-27B01F4F36BF}.Debug|x64.ActiveCfg = Debug|Any CPU
		{7DC0B947-90FB-4D2D-8DAB-27B01F4F36BF}.Release|Any CPU.ActiveCfg = Release|Any CPU
		{7DC0B947-90FB-4D2D-8DAB-27B01F4F36BF}.Release|Any CPU.Build.0 = Release|Any CPU
		{7DC0B947-90FB-4D2D-8DAB-27B01F4F36BF}.Release|Mixed Platforms.ActiveCfg = Release|Any CPU
		{7DC0B947-90FB-4D2D-8DAB-27B01F4F36BF}.Release|Mixed Platforms.Build.0 = Release|Any CPU
		{7DC0B947-90FB-4D2D-8DAB-27B01F4F36BF}.Release|Win32.ActiveCfg = Release|Any CPU
		{7DC0B947-90FB-4D2D-8DAB-27B01F4F36BF}.Release|x64.ActiveCfg = Release|Any CPU
		{FA8F733E-2658-45C2-A976-1088D136D73C}.Debug|Any CPU.ActiveCfg = Debug|Any CPU
		{FA8F733E-2658-45C2-A976-1088D136D73C}.Debug|Any CPU.Build.0 = Debug|Any CPU
		{FA8F733E-2658-45C2-A976-1088D136D73C}.Debug|Mixed Platforms.ActiveCfg = Debug|Any CPU
		{FA8F733E-2658-45C2-A976-1088D136D73C}.Debug|Mixed Platforms.Build.0 = Debug|Any CPU
		{FA8F733E-2658-45C2-A976-1088D136D73C}.Debug|Win32.ActiveCfg = Debug|Any CPU
		{FA8F733E-2658-45C2-A976-1088D136D73C}.Debug|x64.ActiveCfg = Debug|Any CPU
		{FA8F733E-2658-45C2-A976-1088D136D73C}.Release|Any CPU.ActiveCfg = Release|Any CPU
		{FA8F733E-2658-45C2-A976-1088D136D73C}.Release|Any CPU.Build.0 = Release|Any CPU
		{FA8F733E-2658-45C2-A976-1088D136D73C}.Release|Mixed Platforms.ActiveCfg = Release|Any CPU
		{FA8F733E-2658-45C2-A976-1088D136D73C}.Release|Mixed Platforms.Build.0 = Release|Any CPU
		{FA8F733E-2658-45C2-A976-1088D136D73C}.Release|Win32.ActiveCfg = Release|Any CPU
		{FA8F733E-2658-45C2-A976-1088D136D73C}.Release|x64.ActiveCfg = Release|Any CPU
		{9E1936ED-BE51-48D0-B79B-02F687CB196C}.Debug|Any CPU.ActiveCfg = Debug|Any CPU
		{9E1936ED-BE51-48D0-B79B-02F687CB196C}.Debug|Any CPU.Build.0 = Debug|Any CPU
		{9E1936ED-BE51-48D0-B79B-02F687CB196C}.Debug|Mixed Platforms.ActiveCfg = Debug|Any CPU
		{9E1936ED-BE51-48D0-B79B-02F687CB196C}.Debug|Mixed Platforms.Build.0 = Debug|Any CPU
		{9E1936ED-BE51-48D0-B79B-02F687CB196C}.Debug|Win32.ActiveCfg = Debug|Any CPU
		{9E1936ED-BE51-48D0-B79B-02F687CB196C}.Debug|x64.ActiveCfg = Debug|Any CPU
		{9E1936ED-BE51-48D0-B79B-02F687CB196C}.Release|Any CPU.ActiveCfg = Release|Any CPU
		{9E1936ED-BE51-48D0-B79B-02F687CB196C}.Release|Any CPU.Build.0 = Release|Any CPU
		{9E1936ED-BE51-48D0-B79B-02F687CB196C}.Release|Mixed Platforms.ActiveCfg = Release|Any CPU
		{9E1936ED-BE51-48D0-B79B-02F687CB196C}.Release|Mixed Platforms.Build.0 = Release|Any CPU
		{9E1936ED-BE51-48D0-B79B-02F687CB196C}.Release|Win32.ActiveCfg = Release|Any CPU
		{9E1936ED-BE51-48D0-B79B-02F687CB196C}.Release|x64.ActiveCfg = Release|Any CPU
		{7668D6EB-81E5-4827-A4A5-FF050AFCF797}.Debug|Any CPU.ActiveCfg = Debug|Any CPU
		{7668D6EB-81E5-4827-A4A5-FF050AFCF797}.Debug|Any CPU.Build.0 = Debug|Any CPU
		{7668D6EB-81E5-4827-A4A5-FF050AFCF797}.Debug|Mixed Platforms.ActiveCfg = Debug|Any CPU
		{7668D6EB-81E5-4827-A4A5-FF050AFCF797}.Debug|Mixed Platforms.Build.0 = Debug|Any CPU
		{7668D6EB-81E5-4827-A4A5-FF050AFCF797}.Debug|Win32.ActiveCfg = Debug|Any CPU
		{7668D6EB-81E5-4827-A4A5-FF050AFCF797}.Debug|x64.ActiveCfg = Debug|Any CPU
		{7668D6EB-81E5-4827-A4A5-FF050AFCF797}.Release|Any CPU.ActiveCfg = Release|Any CPU
		{7668D6EB-81E5-4827-A4A5-FF050AFCF797}.Release|Any CPU.Build.0 = Release|Any CPU
		{7668D6EB-81E5-4827-A4A5-FF050AFCF797}.Release|Mixed Platforms.ActiveCfg = Release|Any CPU
		{7668D6EB-81E5-4827-A4A5-FF050AFCF797}.Release|Mixed Platforms.Build.0 = Release|Any CPU
		{7668D6EB-81E5-4827-A4A5-FF050AFCF797}.Release|Win32.ActiveCfg = Release|Any CPU
		{7668D6EB-81E5-4827-A4A5-FF050AFCF797}.Release|x64.ActiveCfg = Release|Any CPU
		{C22CEB4E-EA2A-4BEF-9A34-7D7EE619770D}.Debug|Any CPU.ActiveCfg = Debug|Any CPU
		{C22CEB4E-EA2A-4BEF-9A34-7D7EE619770D}.Debug|Any CPU.Build.0 = Debug|Any CPU
		{C22CEB4E-EA2A-4BEF-9A34-7D7EE619770D}.Debug|Mixed Platforms.ActiveCfg = Debug|Any CPU
		{C22CEB4E-EA2A-4BEF-9A34-7D7EE619770D}.Debug|Mixed Platforms.Build.0 = Debug|Any CPU
		{C22CEB4E-EA2A-4BEF-9A34-7D7EE619770D}.Debug|Win32.ActiveCfg = Debug|Any CPU
		{C22CEB4E-EA2A-4BEF-9A34-7D7EE619770D}.Debug|x64.ActiveCfg = Debug|Any CPU
		{C22CEB4E-EA2A-4BEF-9A34-7D7EE619770D}.Release|Any CPU.ActiveCfg = Release|Any CPU
		{C22CEB4E-EA2A-4BEF-9A34-7D7EE619770D}.Release|Any CPU.Build.0 = Release|Any CPU
		{C22CEB4E-EA2A-4BEF-9A34-7D7EE619770D}.Release|Mixed Platforms.ActiveCfg = Release|Any CPU
		{C22CEB4E-EA2A-4BEF-9A34-7D7EE619770D}.Release|Mixed Platforms.Build.0 = Release|Any CPU
		{C22CEB4E-EA2A-4BEF-9A34-7D7EE619770D}.Release|Win32.ActiveCfg = Release|Any CPU
		{C22CEB4E-EA2A-4BEF-9A34-7D7EE619770D}.Release|x64.ActiveCfg = Release|Any CPU
		{E6DD76E1-12C4-4EAA-B5A9-4F7DDA0A8BCA}.Debug|Any CPU.ActiveCfg = Debug|Any CPU
		{E6DD76E1-12C4-4EAA-B5A9-4F7DDA0A8BCA}.Debug|Any CPU.Build.0 = Debug|Any CPU
		{E6DD76E1-12C4-4EAA-B5A9-4F7DDA0A8BCA}.Debug|Mixed Platforms.ActiveCfg = Debug|Any CPU
		{E6DD76E1-12C4-4EAA-B5A9-4F7DDA0A8BCA}.Debug|Mixed Platforms.Build.0 = Debug|Any CPU
		{E6DD76E1-12C4-4EAA-B5A9-4F7DDA0A8BCA}.Debug|Win32.ActiveCfg = Debug|Any CPU
		{E6DD76E1-12C4-4EAA-B5A9-4F7DDA0A8BCA}.Debug|x64.ActiveCfg = Debug|Any CPU
		{E6DD76E1-12C4-4EAA-B5A9-4F7DDA0A8BCA}.Release|Any CPU.ActiveCfg = Release|Any CPU
		{E6DD76E1-12C4-4EAA-B5A9-4F7DDA0A8BCA}.Release|Any CPU.Build.0 = Release|Any CPU
		{E6DD76E1-12C4-4EAA-B5A9-4F7DDA0A8BCA}.Release|Mixed Platforms.ActiveCfg = Release|Any CPU
		{E6DD76E1-12C4-4EAA-B5A9-4F7DDA0A8BCA}.Release|Mixed Platforms.Build.0 = Release|Any CPU
		{E6DD76E1-12C4-4EAA-B5A9-4F7DDA0A8BCA}.Release|Win32.ActiveCfg = Release|Any CPU
		{E6DD76E1-12C4-4EAA-B5A9-4F7DDA0A8BCA}.Release|x64.ActiveCfg = Release|Any CPU
		{B0843EEE-5AD2-4252-9223-9D41063FE280}.Debug|Any CPU.ActiveCfg = Debug|Any CPU
		{B0843EEE-5AD2-4252-9223-9D41063FE280}.Debug|Any CPU.Build.0 = Debug|Any CPU
		{B0843EEE-5AD2-4252-9223-9D41063FE280}.Debug|Mixed Platforms.ActiveCfg = Debug|Any CPU
		{B0843EEE-5AD2-4252-9223-9D41063FE280}.Debug|Mixed Platforms.Build.0 = Debug|Any CPU
		{B0843EEE-5AD2-4252-9223-9D41063FE280}.Debug|Win32.ActiveCfg = Debug|Any CPU
		{B0843EEE-5AD2-4252-9223-9D41063FE280}.Debug|x64.ActiveCfg = Debug|Any CPU
		{B0843EEE-5AD2-4252-9223-9D41063FE280}.Release|Any CPU.ActiveCfg = Release|Any CPU
		{B0843EEE-5AD2-4252-9223-9D41063FE280}.Release|Any CPU.Build.0 = Release|Any CPU
		{B0843EEE-5AD2-4252-9223-9D41063FE280}.Release|Mixed Platforms.ActiveCfg = Release|Any CPU
		{B0843EEE-5AD2-4252-9223-9D41063FE280}.Release|Mixed Platforms.Build.0 = Release|Any CPU
		{B0843EEE-5AD2-4252-9223-9D41063FE280}.Release|Win32.ActiveCfg = Release|Any CPU
		{B0843EEE-5AD2-4252-9223-9D41063FE280}.Release|x64.ActiveCfg = Release|Any CPU
		{795594F9-7297-480A-858A-6EE869E515A0}.Debug|Any CPU.ActiveCfg = Debug|Any CPU
		{795594F9-7297-480A-858A-6EE869E515A0}.Debug|Any CPU.Build.0 = Debug|Any CPU
		{795594F9-7297-480A-858A-6EE869E515A0}.Debug|Mixed Platforms.ActiveCfg = Debug|Any CPU
		{795594F9-7297-480A-858A-6EE869E515A0}.Debug|Mixed Platforms.Build.0 = Debug|Any CPU
		{795594F9-7297-480A-858A-6EE869E515A0}.Debug|Win32.ActiveCfg = Debug|Any CPU
		{795594F9-7297-480A-858A-6EE869E515A0}.Debug|x64.ActiveCfg = Debug|Any CPU
		{795594F9-7297-480A-858A-6EE869E515A0}.Release|Any CPU.ActiveCfg = Release|Any CPU
		{795594F9-7297-480A-858A-6EE869E515A0}.Release|Any CPU.Build.0 = Release|Any CPU
		{795594F9-7297-480A-858A-6EE869E515A0}.Release|Mixed Platforms.ActiveCfg = Release|Any CPU
		{795594F9-7297-480A-858A-6EE869E515A0}.Release|Mixed Platforms.Build.0 = Release|Any CPU
		{795594F9-7297-480A-858A-6EE869E515A0}.Release|Win32.ActiveCfg = Release|Any CPU
		{795594F9-7297-480A-858A-6EE869E515A0}.Release|x64.ActiveCfg = Release|Any CPU
		{7F406CA0-1F0D-41E1-B63E-15FFCE00A9FE}.Debug|Any CPU.ActiveCfg = Debug|Any CPU
		{7F406CA0-1F0D-41E1-B63E-15FFCE00A9FE}.Debug|Any CPU.Build.0 = Debug|Any CPU
		{7F406CA0-1F0D-41E1-B63E-15FFCE00A9FE}.Debug|Mixed Platforms.ActiveCfg = Debug|Any CPU
		{7F406CA0-1F0D-41E1-B63E-15FFCE00A9FE}.Debug|Mixed Platforms.Build.0 = Debug|Any CPU
		{7F406CA0-1F0D-41E1-B63E-15FFCE00A9FE}.Debug|Win32.ActiveCfg = Debug|Any CPU
		{7F406CA0-1F0D-41E1-B63E-15FFCE00A9FE}.Debug|x64.ActiveCfg = Debug|Any CPU
		{7F406CA0-1F0D-41E1-B63E-15FFCE00A9FE}.Release|Any CPU.ActiveCfg = Release|Any CPU
		{7F406CA0-1F0D-41E1-B63E-15FFCE00A9FE}.Release|Any CPU.Build.0 = Release|Any CPU
		{7F406CA0-1F0D-41E1-B63E-15FFCE00A9FE}.Release|Mixed Platforms.ActiveCfg = Release|Any CPU
		{7F406CA0-1F0D-41E1-B63E-15FFCE00A9FE}.Release|Mixed Platforms.Build.0 = Release|Any CPU
		{7F406CA0-1F0D-41E1-B63E-15FFCE00A9FE}.Release|Win32.ActiveCfg = Release|Any CPU
		{7F406CA0-1F0D-41E1-B63E-15FFCE00A9FE}.Release|x64.ActiveCfg = Release|Any CPU
		{4A280B55-A6C2-4DFC-B612-34DB6E3F918E}.Debug|Any CPU.ActiveCfg = Debug|Any CPU
		{4A280B55-A6C2-4DFC-B612-34DB6E3F918E}.Debug|Any CPU.Build.0 = Debug|Any CPU
		{4A280B55-A6C2-4DFC-B612-34DB6E3F918E}.Debug|Mixed Platforms.ActiveCfg = Debug|Any CPU
		{4A280B55-A6C2-4DFC-B612-34DB6E3F918E}.Debug|Mixed Platforms.Build.0 = Debug|Any CPU
		{4A280B55-A6C2-4DFC-B612-34DB6E3F918E}.Debug|Win32.ActiveCfg = Debug|Any CPU
		{4A280B55-A6C2-4DFC-B612-34DB6E3F918E}.Debug|x64.ActiveCfg = Debug|Any CPU
		{4A280B55-A6C2-4DFC-B612-34DB6E3F918E}.Release|Any CPU.ActiveCfg = Release|Any CPU
		{4A280B55-A6C2-4DFC-B612-34DB6E3F918E}.Release|Any CPU.Build.0 = Release|Any CPU
		{4A280B55-A6C2-4DFC-B612-34DB6E3F918E}.Release|Mixed Platforms.ActiveCfg = Release|Any CPU
		{4A280B55-A6C2-4DFC-B612-34DB6E3F918E}.Release|Mixed Platforms.Build.0 = Release|Any CPU
		{4A280B55-A6C2-4DFC-B612-34DB6E3F918E}.Release|Win32.ActiveCfg = Release|Any CPU
		{4A280B55-A6C2-4DFC-B612-34DB6E3F918E}.Release|x64.ActiveCfg = Release|Any CPU
		{25C240E3-75A0-4C1F-86F2-E3202D9EB3FC}.Debug|Any CPU.ActiveCfg = Debug|Any CPU
		{25C240E3-75A0-4C1F-86F2-E3202D9EB3FC}.Debug|Any CPU.Build.0 = Debug|Any CPU
		{25C240E3-75A0-4C1F-86F2-E3202D9EB3FC}.Debug|Mixed Platforms.ActiveCfg = Debug|Any CPU
		{25C240E3-75A0-4C1F-86F2-E3202D9EB3FC}.Debug|Mixed Platforms.Build.0 = Debug|Any CPU
		{25C240E3-75A0-4C1F-86F2-E3202D9EB3FC}.Debug|Win32.ActiveCfg = Debug|Any CPU
		{25C240E3-75A0-4C1F-86F2-E3202D9EB3FC}.Debug|x64.ActiveCfg = Debug|Any CPU
		{25C240E3-75A0-4C1F-86F2-E3202D9EB3FC}.Release|Any CPU.ActiveCfg = Release|Any CPU
		{25C240E3-75A0-4C1F-86F2-E3202D9EB3FC}.Release|Any CPU.Build.0 = Release|Any CPU
		{25C240E3-75A0-4C1F-86F2-E3202D9EB3FC}.Release|Mixed Platforms.ActiveCfg = Release|Any CPU
		{25C240E3-75A0-4C1F-86F2-E3202D9EB3FC}.Release|Mixed Platforms.Build.0 = Release|Any CPU
		{25C240E3-75A0-4C1F-86F2-E3202D9EB3FC}.Release|Win32.ActiveCfg = Release|Any CPU
		{25C240E3-75A0-4C1F-86F2-E3202D9EB3FC}.Release|x64.ActiveCfg = Release|Any CPU
		{69A9FC3F-C12A-4117-AF32-91838B69C2DE}.Debug|Any CPU.ActiveCfg = Debug|Any CPU
		{69A9FC3F-C12A-4117-AF32-91838B69C2DE}.Debug|Any CPU.Build.0 = Debug|Any CPU
		{69A9FC3F-C12A-4117-AF32-91838B69C2DE}.Debug|Mixed Platforms.ActiveCfg = Debug|Any CPU
		{69A9FC3F-C12A-4117-AF32-91838B69C2DE}.Debug|Mixed Platforms.Build.0 = Debug|Any CPU
		{69A9FC3F-C12A-4117-AF32-91838B69C2DE}.Debug|Win32.ActiveCfg = Debug|Any CPU
		{69A9FC3F-C12A-4117-AF32-91838B69C2DE}.Debug|x64.ActiveCfg = Debug|Any CPU
		{69A9FC3F-C12A-4117-AF32-91838B69C2DE}.Release|Any CPU.ActiveCfg = Release|Any CPU
		{69A9FC3F-C12A-4117-AF32-91838B69C2DE}.Release|Any CPU.Build.0 = Release|Any CPU
		{69A9FC3F-C12A-4117-AF32-91838B69C2DE}.Release|Mixed Platforms.ActiveCfg = Release|Any CPU
		{69A9FC3F-C12A-4117-AF32-91838B69C2DE}.Release|Mixed Platforms.Build.0 = Release|Any CPU
		{69A9FC3F-C12A-4117-AF32-91838B69C2DE}.Release|Win32.ActiveCfg = Release|Any CPU
		{69A9FC3F-C12A-4117-AF32-91838B69C2DE}.Release|x64.ActiveCfg = Release|Any CPU
		{F2177AA8-42EE-4D7E-86D8-DC6721BD10DD}.Debug|Any CPU.ActiveCfg = Debug|Any CPU
		{F2177AA8-42EE-4D7E-86D8-DC6721BD10DD}.Debug|Any CPU.Build.0 = Debug|Any CPU
		{F2177AA8-42EE-4D7E-86D8-DC6721BD10DD}.Debug|Mixed Platforms.ActiveCfg = Debug|Any CPU
		{F2177AA8-42EE-4D7E-86D8-DC6721BD10DD}.Debug|Mixed Platforms.Build.0 = Debug|Any CPU
		{F2177AA8-42EE-4D7E-86D8-DC6721BD10DD}.Debug|Win32.ActiveCfg = Debug|Any CPU
		{F2177AA8-42EE-4D7E-86D8-DC6721BD10DD}.Debug|x64.ActiveCfg = Debug|Any CPU
		{F2177AA8-42EE-4D7E-86D8-DC6721BD10DD}.Release|Any CPU.ActiveCfg = Release|Any CPU
		{F2177AA8-42EE-4D7E-86D8-DC6721BD10DD}.Release|Any CPU.Build.0 = Release|Any CPU
		{F2177AA8-42EE-4D7E-86D8-DC6721BD10DD}.Release|Mixed Platforms.ActiveCfg = Release|Any CPU
		{F2177AA8-42EE-4D7E-86D8-DC6721BD10DD}.Release|Mixed Platforms.Build.0 = Release|Any CPU
		{F2177AA8-42EE-4D7E-86D8-DC6721BD10DD}.Release|Win32.ActiveCfg = Release|Any CPU
		{F2177AA8-42EE-4D7E-86D8-DC6721BD10DD}.Release|x64.ActiveCfg = Release|Any CPU
		{01063DDE-0935-4B34-81E9-4FE501D6D2FD}.Debug|Any CPU.ActiveCfg = Debug|Any CPU
		{01063DDE-0935-4B34-81E9-4FE501D6D2FD}.Debug|Any CPU.Build.0 = Debug|Any CPU
		{01063DDE-0935-4B34-81E9-4FE501D6D2FD}.Debug|Mixed Platforms.ActiveCfg = Debug|Any CPU
		{01063DDE-0935-4B34-81E9-4FE501D6D2FD}.Debug|Mixed Platforms.Build.0 = Debug|Any CPU
		{01063DDE-0935-4B34-81E9-4FE501D6D2FD}.Debug|Win32.ActiveCfg = Debug|Any CPU
		{01063DDE-0935-4B34-81E9-4FE501D6D2FD}.Debug|x64.ActiveCfg = Debug|Any CPU
		{01063DDE-0935-4B34-81E9-4FE501D6D2FD}.Release|Any CPU.ActiveCfg = Release|Any CPU
		{01063DDE-0935-4B34-81E9-4FE501D6D2FD}.Release|Any CPU.Build.0 = Release|Any CPU
		{01063DDE-0935-4B34-81E9-4FE501D6D2FD}.Release|Mixed Platforms.ActiveCfg = Release|Any CPU
		{01063DDE-0935-4B34-81E9-4FE501D6D2FD}.Release|Mixed Platforms.Build.0 = Release|Any CPU
		{01063DDE-0935-4B34-81E9-4FE501D6D2FD}.Release|Win32.ActiveCfg = Release|Any CPU
		{01063DDE-0935-4B34-81E9-4FE501D6D2FD}.Release|x64.ActiveCfg = Release|Any CPU
		{A7C6030A-9285-40D9-9047-254FF96E2BAE}.Debug|Any CPU.ActiveCfg = Debug|Any CPU
		{A7C6030A-9285-40D9-9047-254FF96E2BAE}.Debug|Any CPU.Build.0 = Debug|Any CPU
		{A7C6030A-9285-40D9-9047-254FF96E2BAE}.Debug|Mixed Platforms.ActiveCfg = Debug|Any CPU
		{A7C6030A-9285-40D9-9047-254FF96E2BAE}.Debug|Mixed Platforms.Build.0 = Debug|Any CPU
		{A7C6030A-9285-40D9-9047-254FF96E2BAE}.Debug|Win32.ActiveCfg = Debug|Any CPU
		{A7C6030A-9285-40D9-9047-254FF96E2BAE}.Debug|x64.ActiveCfg = Debug|Any CPU
		{A7C6030A-9285-40D9-9047-254FF96E2BAE}.Release|Any CPU.ActiveCfg = Release|Any CPU
		{A7C6030A-9285-40D9-9047-254FF96E2BAE}.Release|Any CPU.Build.0 = Release|Any CPU
		{A7C6030A-9285-40D9-9047-254FF96E2BAE}.Release|Mixed Platforms.ActiveCfg = Release|Any CPU
		{A7C6030A-9285-40D9-9047-254FF96E2BAE}.Release|Mixed Platforms.Build.0 = Release|Any CPU
		{A7C6030A-9285-40D9-9047-254FF96E2BAE}.Release|Win32.ActiveCfg = Release|Any CPU
		{A7C6030A-9285-40D9-9047-254FF96E2BAE}.Release|x64.ActiveCfg = Release|Any CPU
		{4D805299-9559-4F4B-A95C-FEFB294AC2FF}.Debug|Any CPU.ActiveCfg = Debug|Any CPU
		{4D805299-9559-4F4B-A95C-FEFB294AC2FF}.Debug|Any CPU.Build.0 = Debug|Any CPU
		{4D805299-9559-4F4B-A95C-FEFB294AC2FF}.Debug|Mixed Platforms.ActiveCfg = Debug|Any CPU
		{4D805299-9559-4F4B-A95C-FEFB294AC2FF}.Debug|Mixed Platforms.Build.0 = Debug|Any CPU
		{4D805299-9559-4F4B-A95C-FEFB294AC2FF}.Debug|Win32.ActiveCfg = Debug|Any CPU
		{4D805299-9559-4F4B-A95C-FEFB294AC2FF}.Debug|x64.ActiveCfg = Debug|Any CPU
		{4D805299-9559-4F4B-A95C-FEFB294AC2FF}.Release|Any CPU.ActiveCfg = Release|Any CPU
		{4D805299-9559-4F4B-A95C-FEFB294AC2FF}.Release|Any CPU.Build.0 = Release|Any CPU
		{4D805299-9559-4F4B-A95C-FEFB294AC2FF}.Release|Mixed Platforms.ActiveCfg = Release|Any CPU
		{4D805299-9559-4F4B-A95C-FEFB294AC2FF}.Release|Mixed Platforms.Build.0 = Release|Any CPU
		{4D805299-9559-4F4B-A95C-FEFB294AC2FF}.Release|Win32.ActiveCfg = Release|Any CPU
		{4D805299-9559-4F4B-A95C-FEFB294AC2FF}.Release|x64.ActiveCfg = Release|Any CPU
		{1148ACF6-1732-4A23-A0C0-2EF64A8192F2}.Debug|Any CPU.ActiveCfg = Debug|Any CPU
		{1148ACF6-1732-4A23-A0C0-2EF64A8192F2}.Debug|Any CPU.Build.0 = Debug|Any CPU
		{1148ACF6-1732-4A23-A0C0-2EF64A8192F2}.Debug|Mixed Platforms.ActiveCfg = Debug|Any CPU
		{1148ACF6-1732-4A23-A0C0-2EF64A8192F2}.Debug|Mixed Platforms.Build.0 = Debug|Any CPU
		{1148ACF6-1732-4A23-A0C0-2EF64A8192F2}.Debug|Win32.ActiveCfg = Debug|Any CPU
		{1148ACF6-1732-4A23-A0C0-2EF64A8192F2}.Debug|x64.ActiveCfg = Debug|Any CPU
		{1148ACF6-1732-4A23-A0C0-2EF64A8192F2}.Release|Any CPU.ActiveCfg = Release|Any CPU
		{1148ACF6-1732-4A23-A0C0-2EF64A8192F2}.Release|Any CPU.Build.0 = Release|Any CPU
		{1148ACF6-1732-4A23-A0C0-2EF64A8192F2}.Release|Mixed Platforms.ActiveCfg = Release|Any CPU
		{1148ACF6-1732-4A23-A0C0-2EF64A8192F2}.Release|Mixed Platforms.Build.0 = Release|Any CPU
		{1148ACF6-1732-4A23-A0C0-2EF64A8192F2}.Release|Win32.ActiveCfg = Release|Any CPU
		{1148ACF6-1732-4A23-A0C0-2EF64A8192F2}.Release|x64.ActiveCfg = Release|Any CPU
		{95191241-CFAC-4264-91BC-B6C079C8264E}.Debug|Any CPU.ActiveCfg = Debug|Any CPU
		{95191241-CFAC-4264-91BC-B6C079C8264E}.Debug|Any CPU.Build.0 = Debug|Any CPU
		{95191241-CFAC-4264-91BC-B6C079C8264E}.Debug|Mixed Platforms.ActiveCfg = Debug|Any CPU
		{95191241-CFAC-4264-91BC-B6C079C8264E}.Debug|Mixed Platforms.Build.0 = Debug|Any CPU
		{95191241-CFAC-4264-91BC-B6C079C8264E}.Debug|Win32.ActiveCfg = Debug|Any CPU
		{95191241-CFAC-4264-91BC-B6C079C8264E}.Debug|x64.ActiveCfg = Debug|Any CPU
		{95191241-CFAC-4264-91BC-B6C079C8264E}.Release|Any CPU.ActiveCfg = Release|Any CPU
		{95191241-CFAC-4264-91BC-B6C079C8264E}.Release|Any CPU.Build.0 = Release|Any CPU
		{95191241-CFAC-4264-91BC-B6C079C8264E}.Release|Mixed Platforms.ActiveCfg = Release|Any CPU
		{95191241-CFAC-4264-91BC-B6C079C8264E}.Release|Mixed Platforms.Build.0 = Release|Any CPU
		{95191241-CFAC-4264-91BC-B6C079C8264E}.Release|Win32.ActiveCfg = Release|Any CPU
		{95191241-CFAC-4264-91BC-B6C079C8264E}.Release|x64.ActiveCfg = Release|Any CPU
		{35147155-B2CE-4946-87B6-F6F020481650}.Debug|Any CPU.ActiveCfg = Debug|Any CPU
		{35147155-B2CE-4946-87B6-F6F020481650}.Debug|Any CPU.Build.0 = Debug|Any CPU
		{35147155-B2CE-4946-87B6-F6F020481650}.Debug|Mixed Platforms.ActiveCfg = Debug|Any CPU
		{35147155-B2CE-4946-87B6-F6F020481650}.Debug|Mixed Platforms.Build.0 = Debug|Any CPU
		{35147155-B2CE-4946-87B6-F6F020481650}.Debug|Win32.ActiveCfg = Debug|Any CPU
		{35147155-B2CE-4946-87B6-F6F020481650}.Debug|x64.ActiveCfg = Debug|Any CPU
		{35147155-B2CE-4946-87B6-F6F020481650}.Release|Any CPU.ActiveCfg = Release|Any CPU
		{35147155-B2CE-4946-87B6-F6F020481650}.Release|Any CPU.Build.0 = Release|Any CPU
		{35147155-B2CE-4946-87B6-F6F020481650}.Release|Mixed Platforms.ActiveCfg = Release|Any CPU
		{35147155-B2CE-4946-87B6-F6F020481650}.Release|Mixed Platforms.Build.0 = Release|Any CPU
		{35147155-B2CE-4946-87B6-F6F020481650}.Release|Win32.ActiveCfg = Release|Any CPU
		{35147155-B2CE-4946-87B6-F6F020481650}.Release|x64.ActiveCfg = Release|Any CPU
		{1CAD6E9A-956C-4824-8FC8-4995C8039BA0}.Debug|Any CPU.ActiveCfg = Debug|Any CPU
		{1CAD6E9A-956C-4824-8FC8-4995C8039BA0}.Debug|Any CPU.Build.0 = Debug|Any CPU
		{1CAD6E9A-956C-4824-8FC8-4995C8039BA0}.Debug|Mixed Platforms.ActiveCfg = Debug|Any CPU
		{1CAD6E9A-956C-4824-8FC8-4995C8039BA0}.Debug|Mixed Platforms.Build.0 = Debug|Any CPU
		{1CAD6E9A-956C-4824-8FC8-4995C8039BA0}.Debug|Win32.ActiveCfg = Debug|Any CPU
		{1CAD6E9A-956C-4824-8FC8-4995C8039BA0}.Debug|x64.ActiveCfg = Debug|Any CPU
		{1CAD6E9A-956C-4824-8FC8-4995C8039BA0}.Release|Any CPU.ActiveCfg = Release|Any CPU
		{1CAD6E9A-956C-4824-8FC8-4995C8039BA0}.Release|Any CPU.Build.0 = Release|Any CPU
		{1CAD6E9A-956C-4824-8FC8-4995C8039BA0}.Release|Mixed Platforms.ActiveCfg = Release|Any CPU
		{1CAD6E9A-956C-4824-8FC8-4995C8039BA0}.Release|Mixed Platforms.Build.0 = Release|Any CPU
		{1CAD6E9A-956C-4824-8FC8-4995C8039BA0}.Release|Win32.ActiveCfg = Release|Any CPU
		{1CAD6E9A-956C-4824-8FC8-4995C8039BA0}.Release|x64.ActiveCfg = Release|Any CPU
		{7D04D7F7-10D2-4E29-A30E-6934D48800FE}.Debug|Any CPU.ActiveCfg = Debug|Any CPU
		{7D04D7F7-10D2-4E29-A30E-6934D48800FE}.Debug|Any CPU.Build.0 = Debug|Any CPU
		{7D04D7F7-10D2-4E29-A30E-6934D48800FE}.Debug|Mixed Platforms.ActiveCfg = Debug|Any CPU
		{7D04D7F7-10D2-4E29-A30E-6934D48800FE}.Debug|Mixed Platforms.Build.0 = Debug|Any CPU
		{7D04D7F7-10D2-4E29-A30E-6934D48800FE}.Debug|Win32.ActiveCfg = Debug|Any CPU
		{7D04D7F7-10D2-4E29-A30E-6934D48800FE}.Debug|x64.ActiveCfg = Debug|Any CPU
		{7D04D7F7-10D2-4E29-A30E-6934D48800FE}.Release|Any CPU.ActiveCfg = Release|Any CPU
		{7D04D7F7-10D2-4E29-A30E-6934D48800FE}.Release|Any CPU.Build.0 = Release|Any CPU
		{7D04D7F7-10D2-4E29-A30E-6934D48800FE}.Release|Mixed Platforms.ActiveCfg = Release|Any CPU
		{7D04D7F7-10D2-4E29-A30E-6934D48800FE}.Release|Mixed Platforms.Build.0 = Release|Any CPU
		{7D04D7F7-10D2-4E29-A30E-6934D48800FE}.Release|Win32.ActiveCfg = Release|Any CPU
		{7D04D7F7-10D2-4E29-A30E-6934D48800FE}.Release|x64.ActiveCfg = Release|Any CPU
		{D3867B30-91F2-46FB-90D0-60E34C02BF5A}.Debug|Any CPU.ActiveCfg = Debug|Any CPU
		{D3867B30-91F2-46FB-90D0-60E34C02BF5A}.Debug|Any CPU.Build.0 = Debug|Any CPU
		{D3867B30-91F2-46FB-90D0-60E34C02BF5A}.Debug|Mixed Platforms.ActiveCfg = Debug|Any CPU
		{D3867B30-91F2-46FB-90D0-60E34C02BF5A}.Debug|Mixed Platforms.Build.0 = Debug|Any CPU
		{D3867B30-91F2-46FB-90D0-60E34C02BF5A}.Debug|Win32.ActiveCfg = Debug|Any CPU
		{D3867B30-91F2-46FB-90D0-60E34C02BF5A}.Debug|x64.ActiveCfg = Debug|Any CPU
		{D3867B30-91F2-46FB-90D0-60E34C02BF5A}.Release|Any CPU.ActiveCfg = Release|Any CPU
		{D3867B30-91F2-46FB-90D0-60E34C02BF5A}.Release|Any CPU.Build.0 = Release|Any CPU
		{D3867B30-91F2-46FB-90D0-60E34C02BF5A}.Release|Mixed Platforms.ActiveCfg = Release|Any CPU
		{D3867B30-91F2-46FB-90D0-60E34C02BF5A}.Release|Mixed Platforms.Build.0 = Release|Any CPU
		{D3867B30-91F2-46FB-90D0-60E34C02BF5A}.Release|Win32.ActiveCfg = Release|Any CPU
		{D3867B30-91F2-46FB-90D0-60E34C02BF5A}.Release|x64.ActiveCfg = Release|Any CPU
		{E1EF831A-9DD5-4E68-B31A-53FE6E5EE891}.Debug|Any CPU.ActiveCfg = Debug|Any CPU
		{E1EF831A-9DD5-4E68-B31A-53FE6E5EE891}.Debug|Any CPU.Build.0 = Debug|Any CPU
		{E1EF831A-9DD5-4E68-B31A-53FE6E5EE891}.Debug|Mixed Platforms.ActiveCfg = Debug|Any CPU
		{E1EF831A-9DD5-4E68-B31A-53FE6E5EE891}.Debug|Mixed Platforms.Build.0 = Debug|Any CPU
		{E1EF831A-9DD5-4E68-B31A-53FE6E5EE891}.Debug|Win32.ActiveCfg = Debug|Any CPU
		{E1EF831A-9DD5-4E68-B31A-53FE6E5EE891}.Debug|x64.ActiveCfg = Debug|Any CPU
		{E1EF831A-9DD5-4E68-B31A-53FE6E5EE891}.Release|Any CPU.ActiveCfg = Release|Any CPU
		{E1EF831A-9DD5-4E68-B31A-53FE6E5EE891}.Release|Any CPU.Build.0 = Release|Any CPU
		{E1EF831A-9DD5-4E68-B31A-53FE6E5EE891}.Release|Mixed Platforms.ActiveCfg = Release|Any CPU
		{E1EF831A-9DD5-4E68-B31A-53FE6E5EE891}.Release|Mixed Platforms.Build.0 = Release|Any CPU
		{E1EF831A-9DD5-4E68-B31A-53FE6E5EE891}.Release|Win32.ActiveCfg = Release|Any CPU
		{E1EF831A-9DD5-4E68-B31A-53FE6E5EE891}.Release|x64.ActiveCfg = Release|Any CPU
		{843CD859-A8AE-4B8C-88A5-C24220DFB258}.Debug|Any CPU.ActiveCfg = Debug|Any CPU
		{843CD859-A8AE-4B8C-88A5-C24220DFB258}.Debug|Any CPU.Build.0 = Debug|Any CPU
		{843CD859-A8AE-4B8C-88A5-C24220DFB258}.Debug|Mixed Platforms.ActiveCfg = Debug|Any CPU
		{843CD859-A8AE-4B8C-88A5-C24220DFB258}.Debug|Mixed Platforms.Build.0 = Debug|Any CPU
		{843CD859-A8AE-4B8C-88A5-C24220DFB258}.Debug|Win32.ActiveCfg = Debug|Any CPU
		{843CD859-A8AE-4B8C-88A5-C24220DFB258}.Debug|x64.ActiveCfg = Debug|Any CPU
		{843CD859-A8AE-4B8C-88A5-C24220DFB258}.Release|Any CPU.ActiveCfg = Release|Any CPU
		{843CD859-A8AE-4B8C-88A5-C24220DFB258}.Release|Any CPU.Build.0 = Release|Any CPU
		{843CD859-A8AE-4B8C-88A5-C24220DFB258}.Release|Mixed Platforms.ActiveCfg = Release|Any CPU
		{843CD859-A8AE-4B8C-88A5-C24220DFB258}.Release|Mixed Platforms.Build.0 = Release|Any CPU
		{843CD859-A8AE-4B8C-88A5-C24220DFB258}.Release|Win32.ActiveCfg = Release|Any CPU
		{843CD859-A8AE-4B8C-88A5-C24220DFB258}.Release|x64.ActiveCfg = Release|Any CPU
		{FD325793-40B5-4E9E-8AD8-0C3CBBCF260F}.Debug|Any CPU.ActiveCfg = Debug|Any CPU
		{FD325793-40B5-4E9E-8AD8-0C3CBBCF260F}.Debug|Any CPU.Build.0 = Debug|Any CPU
		{FD325793-40B5-4E9E-8AD8-0C3CBBCF260F}.Debug|Mixed Platforms.ActiveCfg = Debug|Any CPU
		{FD325793-40B5-4E9E-8AD8-0C3CBBCF260F}.Debug|Mixed Platforms.Build.0 = Debug|Any CPU
		{FD325793-40B5-4E9E-8AD8-0C3CBBCF260F}.Debug|Win32.ActiveCfg = Debug|Any CPU
		{FD325793-40B5-4E9E-8AD8-0C3CBBCF260F}.Debug|x64.ActiveCfg = Debug|Any CPU
		{FD325793-40B5-4E9E-8AD8-0C3CBBCF260F}.Release|Any CPU.ActiveCfg = Release|Any CPU
		{FD325793-40B5-4E9E-8AD8-0C3CBBCF260F}.Release|Any CPU.Build.0 = Release|Any CPU
		{FD325793-40B5-4E9E-8AD8-0C3CBBCF260F}.Release|Mixed Platforms.ActiveCfg = Release|Any CPU
		{FD325793-40B5-4E9E-8AD8-0C3CBBCF260F}.Release|Mixed Platforms.Build.0 = Release|Any CPU
		{FD325793-40B5-4E9E-8AD8-0C3CBBCF260F}.Release|Win32.ActiveCfg = Release|Any CPU
		{FD325793-40B5-4E9E-8AD8-0C3CBBCF260F}.Release|x64.ActiveCfg = Release|Any CPU
	EndGlobalSection
	GlobalSection(SolutionProperties) = preSolution
		HideSolutionNode = FALSE
	EndGlobalSection
	GlobalSection(NestedProjects) = preSolution
		{E1EF831A-9DD5-4E68-B31A-53FE6E5EE891} = {36F145C5-E93E-4742-B054-EED00E9E17B4}
		{843CD859-A8AE-4B8C-88A5-C24220DFB258} = {36F145C5-E93E-4742-B054-EED00E9E17B4}
		{FD325793-40B5-4E9E-8AD8-0C3CBBCF260F} = {36F145C5-E93E-4742-B054-EED00E9E17B4}
	EndGlobalSection
EndGlobal
